Microsoft Visual Studio Solution File, Format Version 12.00
# Visual Studio 15
Project("{8BC9CEB8-8B4A-11D0-8D11-00A0C91BC942}") = "ALL_BUILD", "ALL_BUILD.vcxproj", "{35901850-ADF1-34C1-BC21-67806AF90CDC}"
	ProjectSection(ProjectDependencies) = postProject
		{F1DA7596-4960-34AB-BAAF-5F5543BB3E57} = {F1DA7596-4960-34AB-BAAF-5F5543BB3E57}
		{C6E10DF3-CC1B-332D-A0EB-653FF6A3ABDE} = {C6E10DF3-CC1B-332D-A0EB-653FF6A3ABDE}
		{9FB21A63-C588-358F-ACB0-29C613B7A0C6} = {9FB21A63-C588-358F-ACB0-29C613B7A0C6}
		{53FF7798-CB28-3BE2-B2B4-9765BD90C983} = {53FF7798-CB28-3BE2-B2B4-9765BD90C983}
		{F404D8EC-E7BB-3AFB-B6FD-3A9EA1A9C1CE} = {F404D8EC-E7BB-3AFB-B6FD-3A9EA1A9C1CE}
		{7A552254-8095-3F0A-A408-BC388BFD4E1A} = {7A552254-8095-3F0A-A408-BC388BFD4E1A}
		{7AA7AF5E-CBAC-3F79-A313-810253D1FF0C} = {7AA7AF5E-CBAC-3F79-A313-810253D1FF0C}
		{943B7520-F0D6-3E82-90A2-AA69B00C18E9} = {943B7520-F0D6-3E82-90A2-AA69B00C18E9}
		{3423C9CF-C350-30F9-AA65-D545330721EA} = {3423C9CF-C350-30F9-AA65-D545330721EA}
		{7DFC8328-0440-341F-A7E0-8D8BA4BE9BF9} = {7DFC8328-0440-341F-A7E0-8D8BA4BE9BF9}
		{3D6639B0-81D1-3D75-BE64-E5183A74FD33} = {3D6639B0-81D1-3D75-BE64-E5183A74FD33}
		{0E93DFAE-DBBB-341E-9B07-5A0F1CFBE19D} = {0E93DFAE-DBBB-341E-9B07-5A0F1CFBE19D}
		{6F727F07-AFF8-35E6-9D54-13C985395DD2} = {6F727F07-AFF8-35E6-9D54-13C985395DD2}
		{038C884E-6C8C-3A7E-87EA-BD252B17ED29} = {038C884E-6C8C-3A7E-87EA-BD252B17ED29}
		{B2AF777F-87BB-3681-B96B-A449FA34E5E2} = {B2AF777F-87BB-3681-B96B-A449FA34E5E2}
		{9EA641D9-113E-3F19-9C8F-AC49114B96B2} = {9EA641D9-113E-3F19-9C8F-AC49114B96B2}
		{B335A301-7BBD-39D7-8280-0F14AE905618} = {B335A301-7BBD-39D7-8280-0F14AE905618}
		{60ABDAC8-6FAA-3A72-BDF8-043C0324DBB5} = {60ABDAC8-6FAA-3A72-BDF8-043C0324DBB5}
		{6CF451A8-2F46-3B9C-A550-79E206447079} = {6CF451A8-2F46-3B9C-A550-79E206447079}
		{48CDB1EB-5413-3BB4-B776-6C8C8013D203} = {48CDB1EB-5413-3BB4-B776-6C8C8013D203}
		{E22D2459-318F-360C-A7DD-B5CCD5FCBD07} = {E22D2459-318F-360C-A7DD-B5CCD5FCBD07}
		{135E2436-8CC4-34B1-BA1D-CD4AEE3DA2C5} = {135E2436-8CC4-34B1-BA1D-CD4AEE3DA2C5}
		{70F83344-2320-398F-926F-90F35403CFB5} = {70F83344-2320-398F-926F-90F35403CFB5}
		{947D4FF6-12DE-379A-9639-E99443D1224D} = {947D4FF6-12DE-379A-9639-E99443D1224D}
		{C709A4E3-9B40-3E74-88E0-87B5ADE73987} = {C709A4E3-9B40-3E74-88E0-87B5ADE73987}
		{0E1CC07B-3396-35D6-BD9E-4EADE2D449AA} = {0E1CC07B-3396-35D6-BD9E-4EADE2D449AA}
		{98E5200D-AEC0-383C-BD90-C0C088E73CCB} = {98E5200D-AEC0-383C-BD90-C0C088E73CCB}
		{4D95F5D7-7F3D-35EA-92FB-B7B179314781} = {4D95F5D7-7F3D-35EA-92FB-B7B179314781}
		{7031A933-DC34-3644-B21B-64CDA626C57F} = {7031A933-DC34-3644-B21B-64CDA626C57F}
		{42F934AE-7CDD-368E-A816-8A09865B6529} = {42F934AE-7CDD-368E-A816-8A09865B6529}
		{C26FA39E-7460-3AD3-8081-1C5A86E376FC} = {C26FA39E-7460-3AD3-8081-1C5A86E376FC}
		{F043B4D9-66D5-3B65-BE39-1098C29A78B3} = {F043B4D9-66D5-3B65-BE39-1098C29A78B3}
		{8D498D46-8168-37CE-A513-416B0D72C722} = {8D498D46-8168-37CE-A513-416B0D72C722}
		{52165260-17C8-3EEA-B607-CCE78E1CE45A} = {52165260-17C8-3EEA-B607-CCE78E1CE45A}
		{C3884AAC-FCEA-3AE0-9DA2-E3BAE3DBE559} = {C3884AAC-FCEA-3AE0-9DA2-E3BAE3DBE559}
		{5CA1277F-9E09-3833-A8B3-81A775EA1A64} = {5CA1277F-9E09-3833-A8B3-81A775EA1A64}
		{A2555370-68C1-394A-BB21-2DFAA77DE0BE} = {A2555370-68C1-394A-BB21-2DFAA77DE0BE}
		{389FF541-4CBC-38AD-9225-8EB89954D63A} = {389FF541-4CBC-38AD-9225-8EB89954D63A}
		{BE50196D-8FEF-360E-908D-47CC0A238A8F} = {BE50196D-8FEF-360E-908D-47CC0A238A8F}
		{718774F1-62C9-32A8-9F53-85531B9956F8} = {718774F1-62C9-32A8-9F53-85531B9956F8}
		{777E6186-9A31-3096-AF87-24E1342B7487} = {777E6186-9A31-3096-AF87-24E1342B7487}
		{D01E6F36-E497-3459-8886-0D8C656B745F} = {D01E6F36-E497-3459-8886-0D8C656B745F}
		{D9F03CA3-1D63-345F-90CE-09E89259B0E8} = {D9F03CA3-1D63-345F-90CE-09E89259B0E8}
		{F3908948-18EF-3338-B904-DF1695EFD577} = {F3908948-18EF-3338-B904-DF1695EFD577}
		{F33E3E60-2B1D-32E6-B0DA-AE6C85E70D5D} = {F33E3E60-2B1D-32E6-B0DA-AE6C85E70D5D}
		{814E284D-7FF3-338D-A146-B2B65AF0133E} = {814E284D-7FF3-338D-A146-B2B65AF0133E}
		{B8A0DBB4-0624-3604-9B9F-9F3EE94AB421} = {B8A0DBB4-0624-3604-9B9F-9F3EE94AB421}
	EndProjectSection
EndProject
Project("{8BC9CEB8-8B4A-11D0-8D11-00A0C91BC942}") = "01_HelloWorld", "01_HelloWorld\01_HelloWorld.vcxproj", "{F1DA7596-4960-34AB-BAAF-5F5543BB3E57}"
	ProjectSection(ProjectDependencies) = postProject
		{FB1B74B5-A2DC-307A-B5FD-1629AB16DE7B} = {FB1B74B5-A2DC-307A-B5FD-1629AB16DE7B}
		{B8A0DBB4-0624-3604-9B9F-9F3EE94AB421} = {B8A0DBB4-0624-3604-9B9F-9F3EE94AB421}
	EndProjectSection
EndProject
Project("{8BC9CEB8-8B4A-11D0-8D11-00A0C91BC942}") = "02_HelloGUI", "02_HelloGUI\02_HelloGUI.vcxproj", "{C6E10DF3-CC1B-332D-A0EB-653FF6A3ABDE}"
	ProjectSection(ProjectDependencies) = postProject
		{FB1B74B5-A2DC-307A-B5FD-1629AB16DE7B} = {FB1B74B5-A2DC-307A-B5FD-1629AB16DE7B}
		{B8A0DBB4-0624-3604-9B9F-9F3EE94AB421} = {B8A0DBB4-0624-3604-9B9F-9F3EE94AB421}
	EndProjectSection
EndProject
Project("{8BC9CEB8-8B4A-11D0-8D11-00A0C91BC942}") = "03_Sprites", "03_Sprites\03_Sprites.vcxproj", "{9FB21A63-C588-358F-ACB0-29C613B7A0C6}"
	ProjectSection(ProjectDependencies) = postProject
		{FB1B74B5-A2DC-307A-B5FD-1629AB16DE7B} = {FB1B74B5-A2DC-307A-B5FD-1629AB16DE7B}
		{B8A0DBB4-0624-3604-9B9F-9F3EE94AB421} = {B8A0DBB4-0624-3604-9B9F-9F3EE94AB421}
	EndProjectSection
EndProject
Project("{8BC9CEB8-8B4A-11D0-8D11-00A0C91BC942}") = "04_StaticScene", "04_StaticScene\04_StaticScene.vcxproj", "{53FF7798-CB28-3BE2-B2B4-9765BD90C983}"
	ProjectSection(ProjectDependencies) = postProject
		{FB1B74B5-A2DC-307A-B5FD-1629AB16DE7B} = {FB1B74B5-A2DC-307A-B5FD-1629AB16DE7B}
		{B8A0DBB4-0624-3604-9B9F-9F3EE94AB421} = {B8A0DBB4-0624-3604-9B9F-9F3EE94AB421}
	EndProjectSection
EndProject
Project("{8BC9CEB8-8B4A-11D0-8D11-00A0C91BC942}") = "05_AnimatingScene", "05_AnimatingScene\05_AnimatingScene.vcxproj", "{F404D8EC-E7BB-3AFB-B6FD-3A9EA1A9C1CE}"
	ProjectSection(ProjectDependencies) = postProject
		{FB1B74B5-A2DC-307A-B5FD-1629AB16DE7B} = {FB1B74B5-A2DC-307A-B5FD-1629AB16DE7B}
		{B8A0DBB4-0624-3604-9B9F-9F3EE94AB421} = {B8A0DBB4-0624-3604-9B9F-9F3EE94AB421}
	EndProjectSection
EndProject
Project("{8BC9CEB8-8B4A-11D0-8D11-00A0C91BC942}") = "06_SkeletalAnimation", "06_SkeletalAnimation\06_SkeletalAnimation.vcxproj", "{7A552254-8095-3F0A-A408-BC388BFD4E1A}"
	ProjectSection(ProjectDependencies) = postProject
		{FB1B74B5-A2DC-307A-B5FD-1629AB16DE7B} = {FB1B74B5-A2DC-307A-B5FD-1629AB16DE7B}
		{B8A0DBB4-0624-3604-9B9F-9F3EE94AB421} = {B8A0DBB4-0624-3604-9B9F-9F3EE94AB421}
	EndProjectSection
EndProject
Project("{8BC9CEB8-8B4A-11D0-8D11-00A0C91BC942}") = "07_Billboards", "07_Billboards\07_Billboards.vcxproj", "{7AA7AF5E-CBAC-3F79-A313-810253D1FF0C}"
	ProjectSection(ProjectDependencies) = postProject
		{FB1B74B5-A2DC-307A-B5FD-1629AB16DE7B} = {FB1B74B5-A2DC-307A-B5FD-1629AB16DE7B}
		{B8A0DBB4-0624-3604-9B9F-9F3EE94AB421} = {B8A0DBB4-0624-3604-9B9F-9F3EE94AB421}
	EndProjectSection
EndProject
Project("{8BC9CEB8-8B4A-11D0-8D11-00A0C91BC942}") = "08_Decals", "08_Decals\08_Decals.vcxproj", "{943B7520-F0D6-3E82-90A2-AA69B00C18E9}"
	ProjectSection(ProjectDependencies) = postProject
		{FB1B74B5-A2DC-307A-B5FD-1629AB16DE7B} = {FB1B74B5-A2DC-307A-B5FD-1629AB16DE7B}
		{B8A0DBB4-0624-3604-9B9F-9F3EE94AB421} = {B8A0DBB4-0624-3604-9B9F-9F3EE94AB421}
	EndProjectSection
EndProject
Project("{8BC9CEB8-8B4A-11D0-8D11-00A0C91BC942}") = "09_MultipleViewports", "09_MultipleViewports\09_MultipleViewports.vcxproj", "{3423C9CF-C350-30F9-AA65-D545330721EA}"
	ProjectSection(ProjectDependencies) = postProject
		{FB1B74B5-A2DC-307A-B5FD-1629AB16DE7B} = {FB1B74B5-A2DC-307A-B5FD-1629AB16DE7B}
		{B8A0DBB4-0624-3604-9B9F-9F3EE94AB421} = {B8A0DBB4-0624-3604-9B9F-9F3EE94AB421}
	EndProjectSection
EndProject
Project("{8BC9CEB8-8B4A-11D0-8D11-00A0C91BC942}") = "10_RenderToTexture", "10_RenderToTexture\10_RenderToTexture.vcxproj", "{7DFC8328-0440-341F-A7E0-8D8BA4BE9BF9}"
	ProjectSection(ProjectDependencies) = postProject
		{FB1B74B5-A2DC-307A-B5FD-1629AB16DE7B} = {FB1B74B5-A2DC-307A-B5FD-1629AB16DE7B}
		{B8A0DBB4-0624-3604-9B9F-9F3EE94AB421} = {B8A0DBB4-0624-3604-9B9F-9F3EE94AB421}
	EndProjectSection
EndProject
Project("{8BC9CEB8-8B4A-11D0-8D11-00A0C91BC942}") = "11_Physics", "11_Physics\11_Physics.vcxproj", "{3D6639B0-81D1-3D75-BE64-E5183A74FD33}"
	ProjectSection(ProjectDependencies) = postProject
		{FB1B74B5-A2DC-307A-B5FD-1629AB16DE7B} = {FB1B74B5-A2DC-307A-B5FD-1629AB16DE7B}
		{B8A0DBB4-0624-3604-9B9F-9F3EE94AB421} = {B8A0DBB4-0624-3604-9B9F-9F3EE94AB421}
	EndProjectSection
EndProject
Project("{8BC9CEB8-8B4A-11D0-8D11-00A0C91BC942}") = "12_PhysicsStressTest", "12_PhysicsStressTest\12_PhysicsStressTest.vcxproj", "{0E93DFAE-DBBB-341E-9B07-5A0F1CFBE19D}"
	ProjectSection(ProjectDependencies) = postProject
		{FB1B74B5-A2DC-307A-B5FD-1629AB16DE7B} = {FB1B74B5-A2DC-307A-B5FD-1629AB16DE7B}
		{B8A0DBB4-0624-3604-9B9F-9F3EE94AB421} = {B8A0DBB4-0624-3604-9B9F-9F3EE94AB421}
	EndProjectSection
EndProject
Project("{8BC9CEB8-8B4A-11D0-8D11-00A0C91BC942}") = "13_Ragdolls", "13_Ragdolls\13_Ragdolls.vcxproj", "{6F727F07-AFF8-35E6-9D54-13C985395DD2}"
	ProjectSection(ProjectDependencies) = postProject
		{FB1B74B5-A2DC-307A-B5FD-1629AB16DE7B} = {FB1B74B5-A2DC-307A-B5FD-1629AB16DE7B}
		{B8A0DBB4-0624-3604-9B9F-9F3EE94AB421} = {B8A0DBB4-0624-3604-9B9F-9F3EE94AB421}
	EndProjectSection
EndProject
Project("{8BC9CEB8-8B4A-11D0-8D11-00A0C91BC942}") = "14_SoundEffects", "14_SoundEffects\14_SoundEffects.vcxproj", "{038C884E-6C8C-3A7E-87EA-BD252B17ED29}"
	ProjectSection(ProjectDependencies) = postProject
		{FB1B74B5-A2DC-307A-B5FD-1629AB16DE7B} = {FB1B74B5-A2DC-307A-B5FD-1629AB16DE7B}
		{B8A0DBB4-0624-3604-9B9F-9F3EE94AB421} = {B8A0DBB4-0624-3604-9B9F-9F3EE94AB421}
	EndProjectSection
EndProject
Project("{8BC9CEB8-8B4A-11D0-8D11-00A0C91BC942}") = "15_Navigation", "15_Navigation\15_Navigation.vcxproj", "{B2AF777F-87BB-3681-B96B-A449FA34E5E2}"
	ProjectSection(ProjectDependencies) = postProject
		{FB1B74B5-A2DC-307A-B5FD-1629AB16DE7B} = {FB1B74B5-A2DC-307A-B5FD-1629AB16DE7B}
		{B8A0DBB4-0624-3604-9B9F-9F3EE94AB421} = {B8A0DBB4-0624-3604-9B9F-9F3EE94AB421}
	EndProjectSection
EndProject
Project("{8BC9CEB8-8B4A-11D0-8D11-00A0C91BC942}") = "16_Chat", "16_Chat\16_Chat.vcxproj", "{9EA641D9-113E-3F19-9C8F-AC49114B96B2}"
	ProjectSection(ProjectDependencies) = postProject
		{FB1B74B5-A2DC-307A-B5FD-1629AB16DE7B} = {FB1B74B5-A2DC-307A-B5FD-1629AB16DE7B}
		{B8A0DBB4-0624-3604-9B9F-9F3EE94AB421} = {B8A0DBB4-0624-3604-9B9F-9F3EE94AB421}
	EndProjectSection
EndProject
Project("{8BC9CEB8-8B4A-11D0-8D11-00A0C91BC942}") = "17_SceneReplication", "17_SceneReplication\17_SceneReplication.vcxproj", "{B335A301-7BBD-39D7-8280-0F14AE905618}"
	ProjectSection(ProjectDependencies) = postProject
		{FB1B74B5-A2DC-307A-B5FD-1629AB16DE7B} = {FB1B74B5-A2DC-307A-B5FD-1629AB16DE7B}
		{B8A0DBB4-0624-3604-9B9F-9F3EE94AB421} = {B8A0DBB4-0624-3604-9B9F-9F3EE94AB421}
	EndProjectSection
EndProject
Project("{8BC9CEB8-8B4A-11D0-8D11-00A0C91BC942}") = "18_CharacterDemo", "18_CharacterDemo\18_CharacterDemo.vcxproj", "{60ABDAC8-6FAA-3A72-BDF8-043C0324DBB5}"
	ProjectSection(ProjectDependencies) = postProject
		{FB1B74B5-A2DC-307A-B5FD-1629AB16DE7B} = {FB1B74B5-A2DC-307A-B5FD-1629AB16DE7B}
		{B8A0DBB4-0624-3604-9B9F-9F3EE94AB421} = {B8A0DBB4-0624-3604-9B9F-9F3EE94AB421}
	EndProjectSection
EndProject
Project("{8BC9CEB8-8B4A-11D0-8D11-00A0C91BC942}") = "19_VehicleDemo", "19_VehicleDemo\19_VehicleDemo.vcxproj", "{6CF451A8-2F46-3B9C-A550-79E206447079}"
	ProjectSection(ProjectDependencies) = postProject
		{FB1B74B5-A2DC-307A-B5FD-1629AB16DE7B} = {FB1B74B5-A2DC-307A-B5FD-1629AB16DE7B}
		{B8A0DBB4-0624-3604-9B9F-9F3EE94AB421} = {B8A0DBB4-0624-3604-9B9F-9F3EE94AB421}
	EndProjectSection
EndProject
Project("{8BC9CEB8-8B4A-11D0-8D11-00A0C91BC942}") = "20_HugeObjectCount", "20_HugeObjectCount\20_HugeObjectCount.vcxproj", "{48CDB1EB-5413-3BB4-B776-6C8C8013D203}"
	ProjectSection(ProjectDependencies) = postProject
		{FB1B74B5-A2DC-307A-B5FD-1629AB16DE7B} = {FB1B74B5-A2DC-307A-B5FD-1629AB16DE7B}
		{B8A0DBB4-0624-3604-9B9F-9F3EE94AB421} = {B8A0DBB4-0624-3604-9B9F-9F3EE94AB421}
	EndProjectSection
EndProject
Project("{8BC9CEB8-8B4A-11D0-8D11-00A0C91BC942}") = "21_AngelScriptIntegration", "21_AngelScriptIntegration\21_AngelScriptIntegration.vcxproj", "{E22D2459-318F-360C-A7DD-B5CCD5FCBD07}"
	ProjectSection(ProjectDependencies) = postProject
		{FB1B74B5-A2DC-307A-B5FD-1629AB16DE7B} = {FB1B74B5-A2DC-307A-B5FD-1629AB16DE7B}
		{B8A0DBB4-0624-3604-9B9F-9F3EE94AB421} = {B8A0DBB4-0624-3604-9B9F-9F3EE94AB421}
	EndProjectSection
EndProject
Project("{8BC9CEB8-8B4A-11D0-8D11-00A0C91BC942}") = "22_LuaIntegration", "22_LuaIntegration\22_LuaIntegration.vcxproj", "{135E2436-8CC4-34B1-BA1D-CD4AEE3DA2C5}"
	ProjectSection(ProjectDependencies) = postProject
		{FB1B74B5-A2DC-307A-B5FD-1629AB16DE7B} = {FB1B74B5-A2DC-307A-B5FD-1629AB16DE7B}
		{B8A0DBB4-0624-3604-9B9F-9F3EE94AB421} = {B8A0DBB4-0624-3604-9B9F-9F3EE94AB421}
	EndProjectSection
EndProject
Project("{8BC9CEB8-8B4A-11D0-8D11-00A0C91BC942}") = "23_Water", "23_Water\23_Water.vcxproj", "{70F83344-2320-398F-926F-90F35403CFB5}"
	ProjectSection(ProjectDependencies) = postProject
		{FB1B74B5-A2DC-307A-B5FD-1629AB16DE7B} = {FB1B74B5-A2DC-307A-B5FD-1629AB16DE7B}
		{B8A0DBB4-0624-3604-9B9F-9F3EE94AB421} = {B8A0DBB4-0624-3604-9B9F-9F3EE94AB421}
	EndProjectSection
EndProject
Project("{8BC9CEB8-8B4A-11D0-8D11-00A0C91BC942}") = "24_Urho2DSprite", "24_Urho2DSprite\24_Urho2DSprite.vcxproj", "{947D4FF6-12DE-379A-9639-E99443D1224D}"
	ProjectSection(ProjectDependencies) = postProject
		{FB1B74B5-A2DC-307A-B5FD-1629AB16DE7B} = {FB1B74B5-A2DC-307A-B5FD-1629AB16DE7B}
		{B8A0DBB4-0624-3604-9B9F-9F3EE94AB421} = {B8A0DBB4-0624-3604-9B9F-9F3EE94AB421}
	EndProjectSection
EndProject
Project("{8BC9CEB8-8B4A-11D0-8D11-00A0C91BC942}") = "25_Urho2DParticle", "25_Urho2DParticle\25_Urho2DParticle.vcxproj", "{C709A4E3-9B40-3E74-88E0-87B5ADE73987}"
	ProjectSection(ProjectDependencies) = postProject
		{FB1B74B5-A2DC-307A-B5FD-1629AB16DE7B} = {FB1B74B5-A2DC-307A-B5FD-1629AB16DE7B}
		{B8A0DBB4-0624-3604-9B9F-9F3EE94AB421} = {B8A0DBB4-0624-3604-9B9F-9F3EE94AB421}
	EndProjectSection
EndProject
Project("{8BC9CEB8-8B4A-11D0-8D11-00A0C91BC942}") = "26_ConsoleInput", "26_ConsoleInput\26_ConsoleInput.vcxproj", "{0E1CC07B-3396-35D6-BD9E-4EADE2D449AA}"
	ProjectSection(ProjectDependencies) = postProject
		{FB1B74B5-A2DC-307A-B5FD-1629AB16DE7B} = {FB1B74B5-A2DC-307A-B5FD-1629AB16DE7B}
		{B8A0DBB4-0624-3604-9B9F-9F3EE94AB421} = {B8A0DBB4-0624-3604-9B9F-9F3EE94AB421}
	EndProjectSection
EndProject
Project("{8BC9CEB8-8B4A-11D0-8D11-00A0C91BC942}") = "27_Urho2DPhysics", "27_Urho2DPhysics\27_Urho2DPhysics.vcxproj", "{98E5200D-AEC0-383C-BD90-C0C088E73CCB}"
	ProjectSection(ProjectDependencies) = postProject
		{FB1B74B5-A2DC-307A-B5FD-1629AB16DE7B} = {FB1B74B5-A2DC-307A-B5FD-1629AB16DE7B}
		{B8A0DBB4-0624-3604-9B9F-9F3EE94AB421} = {B8A0DBB4-0624-3604-9B9F-9F3EE94AB421}
	EndProjectSection
EndProject
Project("{8BC9CEB8-8B4A-11D0-8D11-00A0C91BC942}") = "28_Urho2DPhysicsRope", "28_Urho2DPhysicsRope\28_Urho2DPhysicsRope.vcxproj", "{4D95F5D7-7F3D-35EA-92FB-B7B179314781}"
	ProjectSection(ProjectDependencies) = postProject
		{FB1B74B5-A2DC-307A-B5FD-1629AB16DE7B} = {FB1B74B5-A2DC-307A-B5FD-1629AB16DE7B}
		{B8A0DBB4-0624-3604-9B9F-9F3EE94AB421} = {B8A0DBB4-0624-3604-9B9F-9F3EE94AB421}
	EndProjectSection
EndProject
Project("{8BC9CEB8-8B4A-11D0-8D11-00A0C91BC942}") = "29_SoundSynthesis", "29_SoundSynthesis\29_SoundSynthesis.vcxproj", "{7031A933-DC34-3644-B21B-64CDA626C57F}"
	ProjectSection(ProjectDependencies) = postProject
		{FB1B74B5-A2DC-307A-B5FD-1629AB16DE7B} = {FB1B74B5-A2DC-307A-B5FD-1629AB16DE7B}
		{B8A0DBB4-0624-3604-9B9F-9F3EE94AB421} = {B8A0DBB4-0624-3604-9B9F-9F3EE94AB421}
	EndProjectSection
EndProject
Project("{8BC9CEB8-8B4A-11D0-8D11-00A0C91BC942}") = "30_LightAnimation", "30_LightAnimation\30_LightAnimation.vcxproj", "{42F934AE-7CDD-368E-A816-8A09865B6529}"
	ProjectSection(ProjectDependencies) = postProject
		{FB1B74B5-A2DC-307A-B5FD-1629AB16DE7B} = {FB1B74B5-A2DC-307A-B5FD-1629AB16DE7B}
		{B8A0DBB4-0624-3604-9B9F-9F3EE94AB421} = {B8A0DBB4-0624-3604-9B9F-9F3EE94AB421}
	EndProjectSection
EndProject
Project("{8BC9CEB8-8B4A-11D0-8D11-00A0C91BC942}") = "31_MaterialAnimation", "31_MaterialAnimation\31_MaterialAnimation.vcxproj", "{C26FA39E-7460-3AD3-8081-1C5A86E376FC}"
	ProjectSection(ProjectDependencies) = postProject
		{FB1B74B5-A2DC-307A-B5FD-1629AB16DE7B} = {FB1B74B5-A2DC-307A-B5FD-1629AB16DE7B}
		{B8A0DBB4-0624-3604-9B9F-9F3EE94AB421} = {B8A0DBB4-0624-3604-9B9F-9F3EE94AB421}
	EndProjectSection
EndProject
Project("{8BC9CEB8-8B4A-11D0-8D11-00A0C91BC942}") = "32_Urho2DConstraints", "32_Urho2DConstraints\32_Urho2DConstraints.vcxproj", "{F043B4D9-66D5-3B65-BE39-1098C29A78B3}"
	ProjectSection(ProjectDependencies) = postProject
		{FB1B74B5-A2DC-307A-B5FD-1629AB16DE7B} = {FB1B74B5-A2DC-307A-B5FD-1629AB16DE7B}
		{B8A0DBB4-0624-3604-9B9F-9F3EE94AB421} = {B8A0DBB4-0624-3604-9B9F-9F3EE94AB421}
	EndProjectSection
EndProject
Project("{8BC9CEB8-8B4A-11D0-8D11-00A0C91BC942}") = "33_Urho2DSpriterAnimation", "33_Urho2DSpriterAnimation\33_Urho2DSpriterAnimation.vcxproj", "{8D498D46-8168-37CE-A513-416B0D72C722}"
	ProjectSection(ProjectDependencies) = postProject
		{FB1B74B5-A2DC-307A-B5FD-1629AB16DE7B} = {FB1B74B5-A2DC-307A-B5FD-1629AB16DE7B}
		{B8A0DBB4-0624-3604-9B9F-9F3EE94AB421} = {B8A0DBB4-0624-3604-9B9F-9F3EE94AB421}
	EndProjectSection
EndProject
Project("{8BC9CEB8-8B4A-11D0-8D11-00A0C91BC942}") = "34_DynamicGeometry", "34_DynamicGeometry\34_DynamicGeometry.vcxproj", "{52165260-17C8-3EEA-B607-CCE78E1CE45A}"
	ProjectSection(ProjectDependencies) = postProject
		{FB1B74B5-A2DC-307A-B5FD-1629AB16DE7B} = {FB1B74B5-A2DC-307A-B5FD-1629AB16DE7B}
		{B8A0DBB4-0624-3604-9B9F-9F3EE94AB421} = {B8A0DBB4-0624-3604-9B9F-9F3EE94AB421}
	EndProjectSection
EndProject
Project("{8BC9CEB8-8B4A-11D0-8D11-00A0C91BC942}") = "35_SignedDistanceFieldText", "35_SignedDistanceFieldText\35_SignedDistanceFieldText.vcxproj", "{C3884AAC-FCEA-3AE0-9DA2-E3BAE3DBE559}"
	ProjectSection(ProjectDependencies) = postProject
		{FB1B74B5-A2DC-307A-B5FD-1629AB16DE7B} = {FB1B74B5-A2DC-307A-B5FD-1629AB16DE7B}
		{B8A0DBB4-0624-3604-9B9F-9F3EE94AB421} = {B8A0DBB4-0624-3604-9B9F-9F3EE94AB421}
	EndProjectSection
EndProject
Project("{8BC9CEB8-8B4A-11D0-8D11-00A0C91BC942}") = "36_Urho2DTileMap", "36_Urho2DTileMap\36_Urho2DTileMap.vcxproj", "{5CA1277F-9E09-3833-A8B3-81A775EA1A64}"
	ProjectSection(ProjectDependencies) = postProject
		{FB1B74B5-A2DC-307A-B5FD-1629AB16DE7B} = {FB1B74B5-A2DC-307A-B5FD-1629AB16DE7B}
		{B8A0DBB4-0624-3604-9B9F-9F3EE94AB421} = {B8A0DBB4-0624-3604-9B9F-9F3EE94AB421}
	EndProjectSection
EndProject
Project("{8BC9CEB8-8B4A-11D0-8D11-00A0C91BC942}") = "37_UIDrag", "37_UIDrag\37_UIDrag.vcxproj", "{A2555370-68C1-394A-BB21-2DFAA77DE0BE}"
	ProjectSection(ProjectDependencies) = postProject
		{FB1B74B5-A2DC-307A-B5FD-1629AB16DE7B} = {FB1B74B5-A2DC-307A-B5FD-1629AB16DE7B}
		{B8A0DBB4-0624-3604-9B9F-9F3EE94AB421} = {B8A0DBB4-0624-3604-9B9F-9F3EE94AB421}
	EndProjectSection
EndProject
Project("{8BC9CEB8-8B4A-11D0-8D11-00A0C91BC942}") = "38_SceneAndUILoad", "38_SceneAndUILoad\38_SceneAndUILoad.vcxproj", "{389FF541-4CBC-38AD-9225-8EB89954D63A}"
	ProjectSection(ProjectDependencies) = postProject
		{FB1B74B5-A2DC-307A-B5FD-1629AB16DE7B} = {FB1B74B5-A2DC-307A-B5FD-1629AB16DE7B}
		{B8A0DBB4-0624-3604-9B9F-9F3EE94AB421} = {B8A0DBB4-0624-3604-9B9F-9F3EE94AB421}
	EndProjectSection
EndProject
Project("{8BC9CEB8-8B4A-11D0-8D11-00A0C91BC942}") = "39_CrowdNavigation", "39_CrowdNavigation\39_CrowdNavigation.vcxproj", "{BE50196D-8FEF-360E-908D-47CC0A238A8F}"
	ProjectSection(ProjectDependencies) = postProject
		{FB1B74B5-A2DC-307A-B5FD-1629AB16DE7B} = {FB1B74B5-A2DC-307A-B5FD-1629AB16DE7B}
		{B8A0DBB4-0624-3604-9B9F-9F3EE94AB421} = {B8A0DBB4-0624-3604-9B9F-9F3EE94AB421}
	EndProjectSection
EndProject
Project("{8BC9CEB8-8B4A-11D0-8D11-00A0C91BC942}") = "40_Localization", "40_Localization\40_Localization.vcxproj", "{718774F1-62C9-32A8-9F53-85531B9956F8}"
	ProjectSection(ProjectDependencies) = postProject
		{FB1B74B5-A2DC-307A-B5FD-1629AB16DE7B} = {FB1B74B5-A2DC-307A-B5FD-1629AB16DE7B}
		{B8A0DBB4-0624-3604-9B9F-9F3EE94AB421} = {B8A0DBB4-0624-3604-9B9F-9F3EE94AB421}
	EndProjectSection
EndProject
Project("{8BC9CEB8-8B4A-11D0-8D11-00A0C91BC942}") = "42_PBRMaterials", "42_PBRMaterials\42_PBRMaterials.vcxproj", "{777E6186-9A31-3096-AF87-24E1342B7487}"
	ProjectSection(ProjectDependencies) = postProject
		{FB1B74B5-A2DC-307A-B5FD-1629AB16DE7B} = {FB1B74B5-A2DC-307A-B5FD-1629AB16DE7B}
		{B8A0DBB4-0624-3604-9B9F-9F3EE94AB421} = {B8A0DBB4-0624-3604-9B9F-9F3EE94AB421}
	EndProjectSection
EndProject
Project("{8BC9CEB8-8B4A-11D0-8D11-00A0C91BC942}") = "43_HttpRequestDemo", "43_HttpRequestDemo\43_HttpRequestDemo.vcxproj", "{D01E6F36-E497-3459-8886-0D8C656B745F}"
	ProjectSection(ProjectDependencies) = postProject
		{FB1B74B5-A2DC-307A-B5FD-1629AB16DE7B} = {FB1B74B5-A2DC-307A-B5FD-1629AB16DE7B}
		{B8A0DBB4-0624-3604-9B9F-9F3EE94AB421} = {B8A0DBB4-0624-3604-9B9F-9F3EE94AB421}
	EndProjectSection
EndProject
Project("{8BC9CEB8-8B4A-11D0-8D11-00A0C91BC942}") = "44_RibbonTrailDemo", "44_RibbonTrailDemo\44_RibbonTrailDemo.vcxproj", "{D9F03CA3-1D63-345F-90CE-09E89259B0E8}"
	ProjectSection(ProjectDependencies) = postProject
		{FB1B74B5-A2DC-307A-B5FD-1629AB16DE7B} = {FB1B74B5-A2DC-307A-B5FD-1629AB16DE7B}
		{B8A0DBB4-0624-3604-9B9F-9F3EE94AB421} = {B8A0DBB4-0624-3604-9B9F-9F3EE94AB421}
	EndProjectSection
EndProject
Project("{8BC9CEB8-8B4A-11D0-8D11-00A0C91BC942}") = "45_InverseKinematics", "45_InverseKinematics\45_InverseKinematics.vcxproj", "{F3908948-18EF-3338-B904-DF1695EFD577}"
	ProjectSection(ProjectDependencies) = postProject
		{FB1B74B5-A2DC-307A-B5FD-1629AB16DE7B} = {FB1B74B5-A2DC-307A-B5FD-1629AB16DE7B}
		{B8A0DBB4-0624-3604-9B9F-9F3EE94AB421} = {B8A0DBB4-0624-3604-9B9F-9F3EE94AB421}
	EndProjectSection
EndProject
Project("{8BC9CEB8-8B4A-11D0-8D11-00A0C91BC942}") = "46_RaycastVehicle", "46_RaycastVehicle\46_RaycastVehicle.vcxproj", "{F33E3E60-2B1D-32E6-B0DA-AE6C85E70D5D}"
	ProjectSection(ProjectDependencies) = postProject
		{FB1B74B5-A2DC-307A-B5FD-1629AB16DE7B} = {FB1B74B5-A2DC-307A-B5FD-1629AB16DE7B}
		{B8A0DBB4-0624-3604-9B9F-9F3EE94AB421} = {B8A0DBB4-0624-3604-9B9F-9F3EE94AB421}
	EndProjectSection
EndProject
Project("{8BC9CEB8-8B4A-11D0-8D11-00A0C91BC942}") = "47_Typography", "47_Typography\47_Typography.vcxproj", "{814E284D-7FF3-338D-A146-B2B65AF0133E}"
	ProjectSection(ProjectDependencies) = postProject
		{FB1B74B5-A2DC-307A-B5FD-1629AB16DE7B} = {FB1B74B5-A2DC-307A-B5FD-1629AB16DE7B}
		{B8A0DBB4-0624-3604-9B9F-9F3EE94AB421} = {B8A0DBB4-0624-3604-9B9F-9F3EE94AB421}
	EndProjectSection
EndProject
Project("{8BC9CEB8-8B4A-11D0-8D11-00A0C91BC942}") = "AngelScript", "..\ThirdParty\AngelScript\AngelScript.vcxproj", "{72503E0E-ABA6-3812-A9ED-E97D298646BD}"
	ProjectSection(ProjectDependencies) = postProject
		{B8A0DBB4-0624-3604-9B9F-9F3EE94AB421} = {B8A0DBB4-0624-3604-9B9F-9F3EE94AB421}
	EndProjectSection
EndProject
Project("{8BC9CEB8-8B4A-11D0-8D11-00A0C91BC942}") = "Box2D", "..\ThirdParty\Box2D\Box2D.vcxproj", "{FE14D1E5-54D0-309F-8CEF-D3C211ED3F07}"
	ProjectSection(ProjectDependencies) = postProject
		{B8A0DBB4-0624-3604-9B9F-9F3EE94AB421} = {B8A0DBB4-0624-3604-9B9F-9F3EE94AB421}
	EndProjectSection
EndProject
Project("{8BC9CEB8-8B4A-11D0-8D11-00A0C91BC942}") = "Bullet", "..\ThirdParty\Bullet\Bullet.vcxproj", "{A729D02B-1CFE-3679-ADA8-E600A90A7D53}"
	ProjectSection(ProjectDependencies) = postProject
		{B8A0DBB4-0624-3604-9B9F-9F3EE94AB421} = {B8A0DBB4-0624-3604-9B9F-9F3EE94AB421}
	EndProjectSection
EndProject
Project("{8BC9CEB8-8B4A-11D0-8D11-00A0C91BC942}") = "Civetweb", "..\ThirdParty\Civetweb\Civetweb.vcxproj", "{CECE82C1-5737-3906-9A19-3BD5C342A484}"
	ProjectSection(ProjectDependencies) = postProject
		{B8A0DBB4-0624-3604-9B9F-9F3EE94AB421} = {B8A0DBB4-0624-3604-9B9F-9F3EE94AB421}
	EndProjectSection
EndProject
Project("{8BC9CEB8-8B4A-11D0-8D11-00A0C91BC942}") = "Detour", "..\ThirdParty\Detour\Detour.vcxproj", "{09B63909-91B8-3163-83F7-9BF4A6D78F03}"
	ProjectSection(ProjectDependencies) = postProject
		{B8A0DBB4-0624-3604-9B9F-9F3EE94AB421} = {B8A0DBB4-0624-3604-9B9F-9F3EE94AB421}
	EndProjectSection
EndProject
Project("{8BC9CEB8-8B4A-11D0-8D11-00A0C91BC942}") = "DetourCrowd", "..\ThirdParty\DetourCrowd\DetourCrowd.vcxproj", "{04E0994A-5004-3572-8529-5EB0ED643BFC}"
	ProjectSection(ProjectDependencies) = postProject
		{B8A0DBB4-0624-3604-9B9F-9F3EE94AB421} = {B8A0DBB4-0624-3604-9B9F-9F3EE94AB421}
	EndProjectSection
EndProject
Project("{8BC9CEB8-8B4A-11D0-8D11-00A0C91BC942}") = "DetourTileCache", "..\ThirdParty\DetourTileCache\DetourTileCache.vcxproj", "{5141C561-3E10-389A-AE62-97DAB168EE1F}"
	ProjectSection(ProjectDependencies) = postProject
		{B8A0DBB4-0624-3604-9B9F-9F3EE94AB421} = {B8A0DBB4-0624-3604-9B9F-9F3EE94AB421}
	EndProjectSection
EndProject
Project("{8BC9CEB8-8B4A-11D0-8D11-00A0C91BC942}") = "FreeType", "..\ThirdParty\FreeType\FreeType.vcxproj", "{D2017B89-1C09-3FF7-B58E-5BF641182364}"
	ProjectSection(ProjectDependencies) = postProject
		{B8A0DBB4-0624-3604-9B9F-9F3EE94AB421} = {B8A0DBB4-0624-3604-9B9F-9F3EE94AB421}
	EndProjectSection
EndProject
Project("{8BC9CEB8-8B4A-11D0-8D11-00A0C91BC942}") = "INSTALL", "INSTALL.vcxproj", "{CFD33E1D-CE9B-3194-A425-34CA3D390890}"
	ProjectSection(ProjectDependencies) = postProject
		{35901850-ADF1-34C1-BC21-67806AF90CDC} = {35901850-ADF1-34C1-BC21-67806AF90CDC}
		{B8A0DBB4-0624-3604-9B9F-9F3EE94AB421} = {B8A0DBB4-0624-3604-9B9F-9F3EE94AB421}
	EndProjectSection
EndProject
Project("{8BC9CEB8-8B4A-11D0-8D11-00A0C91BC942}") = "JO", "..\ThirdParty\JO\JO.vcxproj", "{ADD7D331-C270-367F-AC3E-843E828BEB09}"
	ProjectSection(ProjectDependencies) = postProject
		{B8A0DBB4-0624-3604-9B9F-9F3EE94AB421} = {B8A0DBB4-0624-3604-9B9F-9F3EE94AB421}
	EndProjectSection
EndProject
Project("{8BC9CEB8-8B4A-11D0-8D11-00A0C91BC942}") = "LZ4", "..\ThirdParty\LZ4\LZ4.vcxproj", "{739481AD-00BE-3DA3-B97A-6D73106C29D3}"
	ProjectSection(ProjectDependencies) = postProject
		{B8A0DBB4-0624-3604-9B9F-9F3EE94AB421} = {B8A0DBB4-0624-3604-9B9F-9F3EE94AB421}
	EndProjectSection
EndProject
Project("{8BC9CEB8-8B4A-11D0-8D11-00A0C91BC942}") = "LibCpuId", "..\ThirdParty\LibCpuId\LibCpuId.vcxproj", "{E8B01527-EC42-3CE3-A2AD-DAAB9AFA9B50}"
	ProjectSection(ProjectDependencies) = postProject
		{B8A0DBB4-0624-3604-9B9F-9F3EE94AB421} = {B8A0DBB4-0624-3604-9B9F-9F3EE94AB421}
	EndProjectSection
EndProject
Project("{8BC9CEB8-8B4A-11D0-8D11-00A0C91BC942}") = "Lua", "..\ThirdParty\Lua\Lua.vcxproj", "{02C47A80-1F31-39F3-BF5A-0129E7D1EC52}"
	ProjectSection(ProjectDependencies) = postProject
		{B8A0DBB4-0624-3604-9B9F-9F3EE94AB421} = {B8A0DBB4-0624-3604-9B9F-9F3EE94AB421}
	EndProjectSection
EndProject
Project("{8BC9CEB8-8B4A-11D0-8D11-00A0C91BC942}") = "PACKAGE", "PACKAGE.vcxproj", "{C5F78B08-A4C4-38ED-AB11-94467B76224E}"
	ProjectSection(ProjectDependencies) = postProject
		{35901850-ADF1-34C1-BC21-67806AF90CDC} = {35901850-ADF1-34C1-BC21-67806AF90CDC}
		{B8A0DBB4-0624-3604-9B9F-9F3EE94AB421} = {B8A0DBB4-0624-3604-9B9F-9F3EE94AB421}
	EndProjectSection
EndProject
Project("{8BC9CEB8-8B4A-11D0-8D11-00A0C91BC942}") = "PugiXml", "..\ThirdParty\PugiXml\PugiXml.vcxproj", "{80C2C1BD-5860-31DC-B4CA-65C7FABEA4FA}"
	ProjectSection(ProjectDependencies) = postProject
		{B8A0DBB4-0624-3604-9B9F-9F3EE94AB421} = {B8A0DBB4-0624-3604-9B9F-9F3EE94AB421}
	EndProjectSection
EndProject
Project("{8BC9CEB8-8B4A-11D0-8D11-00A0C91BC942}") = "Recast", "..\ThirdParty\Recast\Recast.vcxproj", "{A2D8C64D-C838-3B8F-A6B6-36FD21D11964}"
	ProjectSection(ProjectDependencies) = postProject
		{B8A0DBB4-0624-3604-9B9F-9F3EE94AB421} = {B8A0DBB4-0624-3604-9B9F-9F3EE94AB421}
	EndProjectSection
EndProject
Project("{8BC9CEB8-8B4A-11D0-8D11-00A0C91BC942}") = "SDL", "..\ThirdParty\SDL\SDL.vcxproj", "{A3A3F02C-BDB1-323E-A5CF-F4C8B54B41F9}"
	ProjectSection(ProjectDependencies) = postProject
		{B8A0DBB4-0624-3604-9B9F-9F3EE94AB421} = {B8A0DBB4-0624-3604-9B9F-9F3EE94AB421}
	EndProjectSection
EndProject
Project("{8BC9CEB8-8B4A-11D0-8D11-00A0C91BC942}") = "STB", "..\ThirdParty\STB\STB.vcxproj", "{D61CCD8A-1FB5-348C-A6AD-6C7F17040E09}"
	ProjectSection(ProjectDependencies) = postProject
		{B8A0DBB4-0624-3604-9B9F-9F3EE94AB421} = {B8A0DBB4-0624-3604-9B9F-9F3EE94AB421}
	EndProjectSection
EndProject
Project("{8BC9CEB8-8B4A-11D0-8D11-00A0C91BC942}") = "StanHull", "..\ThirdParty\StanHull\StanHull.vcxproj", "{86853C1C-9D6B-31FE-8730-C7EC955885A4}"
	ProjectSection(ProjectDependencies) = postProject
		{B8A0DBB4-0624-3604-9B9F-9F3EE94AB421} = {B8A0DBB4-0624-3604-9B9F-9F3EE94AB421}
	EndProjectSection
EndProject
Project("{8BC9CEB8-8B4A-11D0-8D11-00A0C91BC942}") = "Urho3D", "..\Urho3D\Urho3D.vcxproj", "{FB1B74B5-A2DC-307A-B5FD-1629AB16DE7B}"
	ProjectSection(ProjectDependencies) = postProject
		{72503E0E-ABA6-3812-A9ED-E97D298646BD} = {72503E0E-ABA6-3812-A9ED-E97D298646BD}
		{FE14D1E5-54D0-309F-8CEF-D3C211ED3F07} = {FE14D1E5-54D0-309F-8CEF-D3C211ED3F07}
		{A729D02B-1CFE-3679-ADA8-E600A90A7D53} = {A729D02B-1CFE-3679-ADA8-E600A90A7D53}
		{CECE82C1-5737-3906-9A19-3BD5C342A484} = {CECE82C1-5737-3906-9A19-3BD5C342A484}
		{09B63909-91B8-3163-83F7-9BF4A6D78F03} = {09B63909-91B8-3163-83F7-9BF4A6D78F03}
		{04E0994A-5004-3572-8529-5EB0ED643BFC} = {04E0994A-5004-3572-8529-5EB0ED643BFC}
		{5141C561-3E10-389A-AE62-97DAB168EE1F} = {5141C561-3E10-389A-AE62-97DAB168EE1F}
		{D2017B89-1C09-3FF7-B58E-5BF641182364} = {D2017B89-1C09-3FF7-B58E-5BF641182364}
		{ADD7D331-C270-367F-AC3E-843E828BEB09} = {ADD7D331-C270-367F-AC3E-843E828BEB09}
		{739481AD-00BE-3DA3-B97A-6D73106C29D3} = {739481AD-00BE-3DA3-B97A-6D73106C29D3}
		{E8B01527-EC42-3CE3-A2AD-DAAB9AFA9B50} = {E8B01527-EC42-3CE3-A2AD-DAAB9AFA9B50}
		{02C47A80-1F31-39F3-BF5A-0129E7D1EC52} = {02C47A80-1F31-39F3-BF5A-0129E7D1EC52}
		{80C2C1BD-5860-31DC-B4CA-65C7FABEA4FA} = {80C2C1BD-5860-31DC-B4CA-65C7FABEA4FA}
		{A2D8C64D-C838-3B8F-A6B6-36FD21D11964} = {A2D8C64D-C838-3B8F-A6B6-36FD21D11964}
		{A3A3F02C-BDB1-323E-A5CF-F4C8B54B41F9} = {A3A3F02C-BDB1-323E-A5CF-F4C8B54B41F9}
		{D61CCD8A-1FB5-348C-A6AD-6C7F17040E09} = {D61CCD8A-1FB5-348C-A6AD-6C7F17040E09}
		{86853C1C-9D6B-31FE-8730-C7EC955885A4} = {86853C1C-9D6B-31FE-8730-C7EC955885A4}
		{49E65AB0-BF50-39E2-BFB6-14ECC2CDF7E1} = {49E65AB0-BF50-39E2-BFB6-14ECC2CDF7E1}
		{B8A0DBB4-0624-3604-9B9F-9F3EE94AB421} = {B8A0DBB4-0624-3604-9B9F-9F3EE94AB421}
		{146B7D35-ECD3-3625-8055-444D2713291E} = {146B7D35-ECD3-3625-8055-444D2713291E}
		{C9321395-058B-3F79-A949-D873D2229764} = {C9321395-058B-3F79-A949-D873D2229764}
		{73EF0353-24DE-33D9-A2C3-5AF131B288B3} = {73EF0353-24DE-33D9-A2C3-5AF131B288B3}
		{5A66E45D-B767-3752-8778-23C590FEDE78} = {5A66E45D-B767-3752-8778-23C590FEDE78}
		{A66AE02D-E82B-3DF4-81F9-71A6C99B8D58} = {A66AE02D-E82B-3DF4-81F9-71A6C99B8D58}
	EndProjectSection
EndProject
Project("{8BC9CEB8-8B4A-11D0-8D11-00A0C91BC942}") = "WebP", "..\ThirdParty\WebP\WebP.vcxproj", "{49E65AB0-BF50-39E2-BFB6-14ECC2CDF7E1}"
	ProjectSection(ProjectDependencies) = postProject
		{B8A0DBB4-0624-3604-9B9F-9F3EE94AB421} = {B8A0DBB4-0624-3604-9B9F-9F3EE94AB421}
	EndProjectSection
EndProject
Project("{8BC9CEB8-8B4A-11D0-8D11-00A0C91BC942}") = "ZERO_CHECK", "..\..\\ZERO_CHECK.vcxproj", "{B8A0DBB4-0624-3604-9B9F-9F3EE94AB421}"
	ProjectSection(ProjectDependencies) = postProject
	EndProjectSection
EndProject
Project("{8BC9CEB8-8B4A-11D0-8D11-00A0C91BC942}") = "ik", "..\ThirdParty\ik\ik.vcxproj", "{146B7D35-ECD3-3625-8055-444D2713291E}"
	ProjectSection(ProjectDependencies) = postProject
		{B8A0DBB4-0624-3604-9B9F-9F3EE94AB421} = {B8A0DBB4-0624-3604-9B9F-9F3EE94AB421}
	EndProjectSection
EndProject
Project("{8BC9CEB8-8B4A-11D0-8D11-00A0C91BC942}") = "kNet", "..\ThirdParty\kNet\kNet.vcxproj", "{C9321395-058B-3F79-A949-D873D2229764}"
	ProjectSection(ProjectDependencies) = postProject
		{B8A0DBB4-0624-3604-9B9F-9F3EE94AB421} = {B8A0DBB4-0624-3604-9B9F-9F3EE94AB421}
	EndProjectSection
EndProject
Project("{8BC9CEB8-8B4A-11D0-8D11-00A0C91BC942}") = "rapidjson", "..\ThirdParty\rapidjson\rapidjson.vcxproj", "{73EF0353-24DE-33D9-A2C3-5AF131B288B3}"
	ProjectSection(ProjectDependencies) = postProject
		{B8A0DBB4-0624-3604-9B9F-9F3EE94AB421} = {B8A0DBB4-0624-3604-9B9F-9F3EE94AB421}
	EndProjectSection
EndProject
Project("{8BC9CEB8-8B4A-11D0-8D11-00A0C91BC942}") = "tolua++", "..\ThirdParty\toluapp\src\bin\tolua++.vcxproj", "{5A66E45D-B767-3752-8778-23C590FEDE78}"
	ProjectSection(ProjectDependencies) = postProject
		{02C47A80-1F31-39F3-BF5A-0129E7D1EC52} = {02C47A80-1F31-39F3-BF5A-0129E7D1EC52}
		{B8A0DBB4-0624-3604-9B9F-9F3EE94AB421} = {B8A0DBB4-0624-3604-9B9F-9F3EE94AB421}
		{A66AE02D-E82B-3DF4-81F9-71A6C99B8D58} = {A66AE02D-E82B-3DF4-81F9-71A6C99B8D58}
	EndProjectSection
EndProject
Project("{8BC9CEB8-8B4A-11D0-8D11-00A0C91BC942}") = "toluapp", "..\ThirdParty\toluapp\src\lib\toluapp.vcxproj", "{A66AE02D-E82B-3DF4-81F9-71A6C99B8D58}"
	ProjectSection(ProjectDependencies) = postProject
		{B8A0DBB4-0624-3604-9B9F-9F3EE94AB421} = {B8A0DBB4-0624-3604-9B9F-9F3EE94AB421}
	EndProjectSection
EndProject
Global
	GlobalSection(SolutionConfigurationPlatforms) = preSolution
		Release|Win32 = Release|Win32
		RelWithDebInfo|Win32 = RelWithDebInfo|Win32
		Debug|Win32 = Debug|Win32
	EndGlobalSection
	GlobalSection(ProjectConfigurationPlatforms) = postSolution
		{35901850-ADF1-34C1-BC21-67806AF90CDC}.Release|Win32.ActiveCfg = Release|Win32
		{35901850-ADF1-34C1-BC21-67806AF90CDC}.Release|Win32.Build.0 = Release|Win32
		{35901850-ADF1-34C1-BC21-67806AF90CDC}.RelWithDebInfo|Win32.ActiveCfg = RelWithDebInfo|Win32
		{35901850-ADF1-34C1-BC21-67806AF90CDC}.RelWithDebInfo|Win32.Build.0 = RelWithDebInfo|Win32
		{35901850-ADF1-34C1-BC21-67806AF90CDC}.Debug|Win32.ActiveCfg = Debug|Win32
		{35901850-ADF1-34C1-BC21-67806AF90CDC}.Debug|Win32.Build.0 = Debug|Win32
		{F1DA7596-4960-34AB-BAAF-5F5543BB3E57}.Release|Win32.ActiveCfg = Release|Win32
		{F1DA7596-4960-34AB-BAAF-5F5543BB3E57}.Release|Win32.Build.0 = Release|Win32
		{F1DA7596-4960-34AB-BAAF-5F5543BB3E57}.RelWithDebInfo|Win32.ActiveCfg = RelWithDebInfo|Win32
		{F1DA7596-4960-34AB-BAAF-5F5543BB3E57}.RelWithDebInfo|Win32.Build.0 = RelWithDebInfo|Win32
		{F1DA7596-4960-34AB-BAAF-5F5543BB3E57}.Debug|Win32.ActiveCfg = Debug|Win32
		{F1DA7596-4960-34AB-BAAF-5F5543BB3E57}.Debug|Win32.Build.0 = Debug|Win32
		{C6E10DF3-CC1B-332D-A0EB-653FF6A3ABDE}.Release|Win32.ActiveCfg = Release|Win32
		{C6E10DF3-CC1B-332D-A0EB-653FF6A3ABDE}.Release|Win32.Build.0 = Release|Win32
		{C6E10DF3-CC1B-332D-A0EB-653FF6A3ABDE}.RelWithDebInfo|Win32.ActiveCfg = RelWithDebInfo|Win32
		{C6E10DF3-CC1B-332D-A0EB-653FF6A3ABDE}.RelWithDebInfo|Win32.Build.0 = RelWithDebInfo|Win32
		{C6E10DF3-CC1B-332D-A0EB-653FF6A3ABDE}.Debug|Win32.ActiveCfg = Debug|Win32
		{C6E10DF3-CC1B-332D-A0EB-653FF6A3ABDE}.Debug|Win32.Build.0 = Debug|Win32
		{9FB21A63-C588-358F-ACB0-29C613B7A0C6}.Release|Win32.ActiveCfg = Release|Win32
		{9FB21A63-C588-358F-ACB0-29C613B7A0C6}.Release|Win32.Build.0 = Release|Win32
		{9FB21A63-C588-358F-ACB0-29C613B7A0C6}.RelWithDebInfo|Win32.ActiveCfg = RelWithDebInfo|Win32
		{9FB21A63-C588-358F-ACB0-29C613B7A0C6}.RelWithDebInfo|Win32.Build.0 = RelWithDebInfo|Win32
		{9FB21A63-C588-358F-ACB0-29C613B7A0C6}.Debug|Win32.ActiveCfg = Debug|Win32
		{9FB21A63-C588-358F-ACB0-29C613B7A0C6}.Debug|Win32.Build.0 = Debug|Win32
		{53FF7798-CB28-3BE2-B2B4-9765BD90C983}.Release|Win32.ActiveCfg = Release|Win32
		{53FF7798-CB28-3BE2-B2B4-9765BD90C983}.Release|Win32.Build.0 = Release|Win32
		{53FF7798-CB28-3BE2-B2B4-9765BD90C983}.RelWithDebInfo|Win32.ActiveCfg = RelWithDebInfo|Win32
		{53FF7798-CB28-3BE2-B2B4-9765BD90C983}.RelWithDebInfo|Win32.Build.0 = RelWithDebInfo|Win32
		{53FF7798-CB28-3BE2-B2B4-9765BD90C983}.Debug|Win32.ActiveCfg = Debug|Win32
		{53FF7798-CB28-3BE2-B2B4-9765BD90C983}.Debug|Win32.Build.0 = Debug|Win32
		{F404D8EC-E7BB-3AFB-B6FD-3A9EA1A9C1CE}.Release|Win32.ActiveCfg = Release|Win32
		{F404D8EC-E7BB-3AFB-B6FD-3A9EA1A9C1CE}.Release|Win32.Build.0 = Release|Win32
		{F404D8EC-E7BB-3AFB-B6FD-3A9EA1A9C1CE}.RelWithDebInfo|Win32.ActiveCfg = RelWithDebInfo|Win32
		{F404D8EC-E7BB-3AFB-B6FD-3A9EA1A9C1CE}.RelWithDebInfo|Win32.Build.0 = RelWithDebInfo|Win32
		{F404D8EC-E7BB-3AFB-B6FD-3A9EA1A9C1CE}.Debug|Win32.ActiveCfg = Debug|Win32
		{F404D8EC-E7BB-3AFB-B6FD-3A9EA1A9C1CE}.Debug|Win32.Build.0 = Debug|Win32
		{7A552254-8095-3F0A-A408-BC388BFD4E1A}.Release|Win32.ActiveCfg = Release|Win32
		{7A552254-8095-3F0A-A408-BC388BFD4E1A}.Release|Win32.Build.0 = Release|Win32
		{7A552254-8095-3F0A-A408-BC388BFD4E1A}.RelWithDebInfo|Win32.ActiveCfg = RelWithDebInfo|Win32
		{7A552254-8095-3F0A-A408-BC388BFD4E1A}.RelWithDebInfo|Win32.Build.0 = RelWithDebInfo|Win32
		{7A552254-8095-3F0A-A408-BC388BFD4E1A}.Debug|Win32.ActiveCfg = Debug|Win32
		{7A552254-8095-3F0A-A408-BC388BFD4E1A}.Debug|Win32.Build.0 = Debug|Win32
		{7AA7AF5E-CBAC-3F79-A313-810253D1FF0C}.Release|Win32.ActiveCfg = Release|Win32
		{7AA7AF5E-CBAC-3F79-A313-810253D1FF0C}.Release|Win32.Build.0 = Release|Win32
		{7AA7AF5E-CBAC-3F79-A313-810253D1FF0C}.RelWithDebInfo|Win32.ActiveCfg = RelWithDebInfo|Win32
		{7AA7AF5E-CBAC-3F79-A313-810253D1FF0C}.RelWithDebInfo|Win32.Build.0 = RelWithDebInfo|Win32
		{7AA7AF5E-CBAC-3F79-A313-810253D1FF0C}.Debug|Win32.ActiveCfg = Debug|Win32
		{7AA7AF5E-CBAC-3F79-A313-810253D1FF0C}.Debug|Win32.Build.0 = Debug|Win32
		{943B7520-F0D6-3E82-90A2-AA69B00C18E9}.Release|Win32.ActiveCfg = Release|Win32
		{943B7520-F0D6-3E82-90A2-AA69B00C18E9}.Release|Win32.Build.0 = Release|Win32
		{943B7520-F0D6-3E82-90A2-AA69B00C18E9}.RelWithDebInfo|Win32.ActiveCfg = RelWithDebInfo|Win32
		{943B7520-F0D6-3E82-90A2-AA69B00C18E9}.RelWithDebInfo|Win32.Build.0 = RelWithDebInfo|Win32
		{943B7520-F0D6-3E82-90A2-AA69B00C18E9}.Debug|Win32.ActiveCfg = Debug|Win32
		{943B7520-F0D6-3E82-90A2-AA69B00C18E9}.Debug|Win32.Build.0 = Debug|Win32
		{3423C9CF-C350-30F9-AA65-D545330721EA}.Release|Win32.ActiveCfg = Release|Win32
		{3423C9CF-C350-30F9-AA65-D545330721EA}.Release|Win32.Build.0 = Release|Win32
		{3423C9CF-C350-30F9-AA65-D545330721EA}.RelWithDebInfo|Win32.ActiveCfg = RelWithDebInfo|Win32
		{3423C9CF-C350-30F9-AA65-D545330721EA}.RelWithDebInfo|Win32.Build.0 = RelWithDebInfo|Win32
		{3423C9CF-C350-30F9-AA65-D545330721EA}.Debug|Win32.ActiveCfg = Debug|Win32
		{3423C9CF-C350-30F9-AA65-D545330721EA}.Debug|Win32.Build.0 = Debug|Win32
		{7DFC8328-0440-341F-A7E0-8D8BA4BE9BF9}.Release|Win32.ActiveCfg = Release|Win32
		{7DFC8328-0440-341F-A7E0-8D8BA4BE9BF9}.Release|Win32.Build.0 = Release|Win32
		{7DFC8328-0440-341F-A7E0-8D8BA4BE9BF9}.RelWithDebInfo|Win32.ActiveCfg = RelWithDebInfo|Win32
		{7DFC8328-0440-341F-A7E0-8D8BA4BE9BF9}.RelWithDebInfo|Win32.Build.0 = RelWithDebInfo|Win32
		{7DFC8328-0440-341F-A7E0-8D8BA4BE9BF9}.Debug|Win32.ActiveCfg = Debug|Win32
		{7DFC8328-0440-341F-A7E0-8D8BA4BE9BF9}.Debug|Win32.Build.0 = Debug|Win32
		{3D6639B0-81D1-3D75-BE64-E5183A74FD33}.Release|Win32.ActiveCfg = Release|Win32
		{3D6639B0-81D1-3D75-BE64-E5183A74FD33}.Release|Win32.Build.0 = Release|Win32
		{3D6639B0-81D1-3D75-BE64-E5183A74FD33}.RelWithDebInfo|Win32.ActiveCfg = RelWithDebInfo|Win32
		{3D6639B0-81D1-3D75-BE64-E5183A74FD33}.RelWithDebInfo|Win32.Build.0 = RelWithDebInfo|Win32
		{3D6639B0-81D1-3D75-BE64-E5183A74FD33}.Debug|Win32.ActiveCfg = Debug|Win32
		{3D6639B0-81D1-3D75-BE64-E5183A74FD33}.Debug|Win32.Build.0 = Debug|Win32
		{0E93DFAE-DBBB-341E-9B07-5A0F1CFBE19D}.Release|Win32.ActiveCfg = Release|Win32
		{0E93DFAE-DBBB-341E-9B07-5A0F1CFBE19D}.Release|Win32.Build.0 = Release|Win32
		{0E93DFAE-DBBB-341E-9B07-5A0F1CFBE19D}.RelWithDebInfo|Win32.ActiveCfg = RelWithDebInfo|Win32
		{0E93DFAE-DBBB-341E-9B07-5A0F1CFBE19D}.RelWithDebInfo|Win32.Build.0 = RelWithDebInfo|Win32
		{0E93DFAE-DBBB-341E-9B07-5A0F1CFBE19D}.Debug|Win32.ActiveCfg = Debug|Win32
		{0E93DFAE-DBBB-341E-9B07-5A0F1CFBE19D}.Debug|Win32.Build.0 = Debug|Win32
		{6F727F07-AFF8-35E6-9D54-13C985395DD2}.Release|Win32.ActiveCfg = Release|Win32
		{6F727F07-AFF8-35E6-9D54-13C985395DD2}.Release|Win32.Build.0 = Release|Win32
		{6F727F07-AFF8-35E6-9D54-13C985395DD2}.RelWithDebInfo|Win32.ActiveCfg = RelWithDebInfo|Win32
		{6F727F07-AFF8-35E6-9D54-13C985395DD2}.RelWithDebInfo|Win32.Build.0 = RelWithDebInfo|Win32
		{6F727F07-AFF8-35E6-9D54-13C985395DD2}.Debug|Win32.ActiveCfg = Debug|Win32
		{6F727F07-AFF8-35E6-9D54-13C985395DD2}.Debug|Win32.Build.0 = Debug|Win32
		{038C884E-6C8C-3A7E-87EA-BD252B17ED29}.Release|Win32.ActiveCfg = Release|Win32
		{038C884E-6C8C-3A7E-87EA-BD252B17ED29}.Release|Win32.Build.0 = Release|Win32
		{038C884E-6C8C-3A7E-87EA-BD252B17ED29}.RelWithDebInfo|Win32.ActiveCfg = RelWithDebInfo|Win32
		{038C884E-6C8C-3A7E-87EA-BD252B17ED29}.RelWithDebInfo|Win32.Build.0 = RelWithDebInfo|Win32
		{038C884E-6C8C-3A7E-87EA-BD252B17ED29}.Debug|Win32.ActiveCfg = Debug|Win32
		{038C884E-6C8C-3A7E-87EA-BD252B17ED29}.Debug|Win32.Build.0 = Debug|Win32
		{B2AF777F-87BB-3681-B96B-A449FA34E5E2}.Release|Win32.ActiveCfg = Release|Win32
		{B2AF777F-87BB-3681-B96B-A449FA34E5E2}.Release|Win32.Build.0 = Release|Win32
		{B2AF777F-87BB-3681-B96B-A449FA34E5E2}.RelWithDebInfo|Win32.ActiveCfg = RelWithDebInfo|Win32
		{B2AF777F-87BB-3681-B96B-A449FA34E5E2}.RelWithDebInfo|Win32.Build.0 = RelWithDebInfo|Win32
		{B2AF777F-87BB-3681-B96B-A449FA34E5E2}.Debug|Win32.ActiveCfg = Debug|Win32
		{B2AF777F-87BB-3681-B96B-A449FA34E5E2}.Debug|Win32.Build.0 = Debug|Win32
		{9EA641D9-113E-3F19-9C8F-AC49114B96B2}.Release|Win32.ActiveCfg = Release|Win32
		{9EA641D9-113E-3F19-9C8F-AC49114B96B2}.Release|Win32.Build.0 = Release|Win32
		{9EA641D9-113E-3F19-9C8F-AC49114B96B2}.RelWithDebInfo|Win32.ActiveCfg = RelWithDebInfo|Win32
		{9EA641D9-113E-3F19-9C8F-AC49114B96B2}.RelWithDebInfo|Win32.Build.0 = RelWithDebInfo|Win32
		{9EA641D9-113E-3F19-9C8F-AC49114B96B2}.Debug|Win32.ActiveCfg = Debug|Win32
		{9EA641D9-113E-3F19-9C8F-AC49114B96B2}.Debug|Win32.Build.0 = Debug|Win32
		{B335A301-7BBD-39D7-8280-0F14AE905618}.Release|Win32.ActiveCfg = Release|Win32
		{B335A301-7BBD-39D7-8280-0F14AE905618}.Release|Win32.Build.0 = Release|Win32
		{B335A301-7BBD-39D7-8280-0F14AE905618}.RelWithDebInfo|Win32.ActiveCfg = RelWithDebInfo|Win32
		{B335A301-7BBD-39D7-8280-0F14AE905618}.RelWithDebInfo|Win32.Build.0 = RelWithDebInfo|Win32
		{B335A301-7BBD-39D7-8280-0F14AE905618}.Debug|Win32.ActiveCfg = Debug|Win32
		{B335A301-7BBD-39D7-8280-0F14AE905618}.Debug|Win32.Build.0 = Debug|Win32
		{60ABDAC8-6FAA-3A72-BDF8-043C0324DBB5}.Release|Win32.ActiveCfg = Release|Win32
		{60ABDAC8-6FAA-3A72-BDF8-043C0324DBB5}.Release|Win32.Build.0 = Release|Win32
		{60ABDAC8-6FAA-3A72-BDF8-043C0324DBB5}.RelWithDebInfo|Win32.ActiveCfg = RelWithDebInfo|Win32
		{60ABDAC8-6FAA-3A72-BDF8-043C0324DBB5}.RelWithDebInfo|Win32.Build.0 = RelWithDebInfo|Win32
		{60ABDAC8-6FAA-3A72-BDF8-043C0324DBB5}.Debug|Win32.ActiveCfg = Debug|Win32
		{60ABDAC8-6FAA-3A72-BDF8-043C0324DBB5}.Debug|Win32.Build.0 = Debug|Win32
		{6CF451A8-2F46-3B9C-A550-79E206447079}.Release|Win32.ActiveCfg = Release|Win32
		{6CF451A8-2F46-3B9C-A550-79E206447079}.Release|Win32.Build.0 = Release|Win32
		{6CF451A8-2F46-3B9C-A550-79E206447079}.RelWithDebInfo|Win32.ActiveCfg = RelWithDebInfo|Win32
		{6CF451A8-2F46-3B9C-A550-79E206447079}.RelWithDebInfo|Win32.Build.0 = RelWithDebInfo|Win32
		{6CF451A8-2F46-3B9C-A550-79E206447079}.Debug|Win32.ActiveCfg = Debug|Win32
		{6CF451A8-2F46-3B9C-A550-79E206447079}.Debug|Win32.Build.0 = Debug|Win32
		{48CDB1EB-5413-3BB4-B776-6C8C8013D203}.Release|Win32.ActiveCfg = Release|Win32
		{48CDB1EB-5413-3BB4-B776-6C8C8013D203}.Release|Win32.Build.0 = Release|Win32
		{48CDB1EB-5413-3BB4-B776-6C8C8013D203}.RelWithDebInfo|Win32.ActiveCfg = RelWithDebInfo|Win32
		{48CDB1EB-5413-3BB4-B776-6C8C8013D203}.RelWithDebInfo|Win32.Build.0 = RelWithDebInfo|Win32
		{48CDB1EB-5413-3BB4-B776-6C8C8013D203}.Debug|Win32.ActiveCfg = Debug|Win32
		{48CDB1EB-5413-3BB4-B776-6C8C8013D203}.Debug|Win32.Build.0 = Debug|Win32
		{E22D2459-318F-360C-A7DD-B5CCD5FCBD07}.Release|Win32.ActiveCfg = Release|Win32
		{E22D2459-318F-360C-A7DD-B5CCD5FCBD07}.Release|Win32.Build.0 = Release|Win32
		{E22D2459-318F-360C-A7DD-B5CCD5FCBD07}.RelWithDebInfo|Win32.ActiveCfg = RelWithDebInfo|Win32
		{E22D2459-318F-360C-A7DD-B5CCD5FCBD07}.RelWithDebInfo|Win32.Build.0 = RelWithDebInfo|Win32
		{E22D2459-318F-360C-A7DD-B5CCD5FCBD07}.Debug|Win32.ActiveCfg = Debug|Win32
		{E22D2459-318F-360C-A7DD-B5CCD5FCBD07}.Debug|Win32.Build.0 = Debug|Win32
		{135E2436-8CC4-34B1-BA1D-CD4AEE3DA2C5}.Release|Win32.ActiveCfg = Release|Win32
		{135E2436-8CC4-34B1-BA1D-CD4AEE3DA2C5}.Release|Win32.Build.0 = Release|Win32
		{135E2436-8CC4-34B1-BA1D-CD4AEE3DA2C5}.RelWithDebInfo|Win32.ActiveCfg = RelWithDebInfo|Win32
		{135E2436-8CC4-34B1-BA1D-CD4AEE3DA2C5}.RelWithDebInfo|Win32.Build.0 = RelWithDebInfo|Win32
		{135E2436-8CC4-34B1-BA1D-CD4AEE3DA2C5}.Debug|Win32.ActiveCfg = Debug|Win32
		{135E2436-8CC4-34B1-BA1D-CD4AEE3DA2C5}.Debug|Win32.Build.0 = Debug|Win32
		{70F83344-2320-398F-926F-90F35403CFB5}.Release|Win32.ActiveCfg = Release|Win32
		{70F83344-2320-398F-926F-90F35403CFB5}.Release|Win32.Build.0 = Release|Win32
		{70F83344-2320-398F-926F-90F35403CFB5}.RelWithDebInfo|Win32.ActiveCfg = RelWithDebInfo|Win32
		{70F83344-2320-398F-926F-90F35403CFB5}.RelWithDebInfo|Win32.Build.0 = RelWithDebInfo|Win32
		{70F83344-2320-398F-926F-90F35403CFB5}.Debug|Win32.ActiveCfg = Debug|Win32
		{70F83344-2320-398F-926F-90F35403CFB5}.Debug|Win32.Build.0 = Debug|Win32
		{947D4FF6-12DE-379A-9639-E99443D1224D}.Release|Win32.ActiveCfg = Release|Win32
		{947D4FF6-12DE-379A-9639-E99443D1224D}.Release|Win32.Build.0 = Release|Win32
		{947D4FF6-12DE-379A-9639-E99443D1224D}.RelWithDebInfo|Win32.ActiveCfg = RelWithDebInfo|Win32
		{947D4FF6-12DE-379A-9639-E99443D1224D}.RelWithDebInfo|Win32.Build.0 = RelWithDebInfo|Win32
		{947D4FF6-12DE-379A-9639-E99443D1224D}.Debug|Win32.ActiveCfg = Debug|Win32
		{947D4FF6-12DE-379A-9639-E99443D1224D}.Debug|Win32.Build.0 = Debug|Win32
		{C709A4E3-9B40-3E74-88E0-87B5ADE73987}.Release|Win32.ActiveCfg = Release|Win32
		{C709A4E3-9B40-3E74-88E0-87B5ADE73987}.Release|Win32.Build.0 = Release|Win32
		{C709A4E3-9B40-3E74-88E0-87B5ADE73987}.RelWithDebInfo|Win32.ActiveCfg = RelWithDebInfo|Win32
		{C709A4E3-9B40-3E74-88E0-87B5ADE73987}.RelWithDebInfo|Win32.Build.0 = RelWithDebInfo|Win32
		{C709A4E3-9B40-3E74-88E0-87B5ADE73987}.Debug|Win32.ActiveCfg = Debug|Win32
		{C709A4E3-9B40-3E74-88E0-87B5ADE73987}.Debug|Win32.Build.0 = Debug|Win32
		{0E1CC07B-3396-35D6-BD9E-4EADE2D449AA}.Release|Win32.ActiveCfg = Release|Win32
		{0E1CC07B-3396-35D6-BD9E-4EADE2D449AA}.Release|Win32.Build.0 = Release|Win32
		{0E1CC07B-3396-35D6-BD9E-4EADE2D449AA}.RelWithDebInfo|Win32.ActiveCfg = RelWithDebInfo|Win32
		{0E1CC07B-3396-35D6-BD9E-4EADE2D449AA}.RelWithDebInfo|Win32.Build.0 = RelWithDebInfo|Win32
		{0E1CC07B-3396-35D6-BD9E-4EADE2D449AA}.Debug|Win32.ActiveCfg = Debug|Win32
		{0E1CC07B-3396-35D6-BD9E-4EADE2D449AA}.Debug|Win32.Build.0 = Debug|Win32
		{98E5200D-AEC0-383C-BD90-C0C088E73CCB}.Release|Win32.ActiveCfg = Release|Win32
		{98E5200D-AEC0-383C-BD90-C0C088E73CCB}.Release|Win32.Build.0 = Release|Win32
		{98E5200D-AEC0-383C-BD90-C0C088E73CCB}.RelWithDebInfo|Win32.ActiveCfg = RelWithDebInfo|Win32
		{98E5200D-AEC0-383C-BD90-C0C088E73CCB}.RelWithDebInfo|Win32.Build.0 = RelWithDebInfo|Win32
		{98E5200D-AEC0-383C-BD90-C0C088E73CCB}.Debug|Win32.ActiveCfg = Debug|Win32
		{98E5200D-AEC0-383C-BD90-C0C088E73CCB}.Debug|Win32.Build.0 = Debug|Win32
		{4D95F5D7-7F3D-35EA-92FB-B7B179314781}.Release|Win32.ActiveCfg = Release|Win32
		{4D95F5D7-7F3D-35EA-92FB-B7B179314781}.Release|Win32.Build.0 = Release|Win32
		{4D95F5D7-7F3D-35EA-92FB-B7B179314781}.RelWithDebInfo|Win32.ActiveCfg = RelWithDebInfo|Win32
		{4D95F5D7-7F3D-35EA-92FB-B7B179314781}.RelWithDebInfo|Win32.Build.0 = RelWithDebInfo|Win32
		{4D95F5D7-7F3D-35EA-92FB-B7B179314781}.Debug|Win32.ActiveCfg = Debug|Win32
		{4D95F5D7-7F3D-35EA-92FB-B7B179314781}.Debug|Win32.Build.0 = Debug|Win32
		{7031A933-DC34-3644-B21B-64CDA626C57F}.Release|Win32.ActiveCfg = Release|Win32
		{7031A933-DC34-3644-B21B-64CDA626C57F}.Release|Win32.Build.0 = Release|Win32
		{7031A933-DC34-3644-B21B-64CDA626C57F}.RelWithDebInfo|Win32.ActiveCfg = RelWithDebInfo|Win32
		{7031A933-DC34-3644-B21B-64CDA626C57F}.RelWithDebInfo|Win32.Build.0 = RelWithDebInfo|Win32
		{7031A933-DC34-3644-B21B-64CDA626C57F}.Debug|Win32.ActiveCfg = Debug|Win32
		{7031A933-DC34-3644-B21B-64CDA626C57F}.Debug|Win32.Build.0 = Debug|Win32
		{42F934AE-7CDD-368E-A816-8A09865B6529}.Release|Win32.ActiveCfg = Release|Win32
		{42F934AE-7CDD-368E-A816-8A09865B6529}.Release|Win32.Build.0 = Release|Win32
		{42F934AE-7CDD-368E-A816-8A09865B6529}.RelWithDebInfo|Win32.ActiveCfg = RelWithDebInfo|Win32
		{42F934AE-7CDD-368E-A816-8A09865B6529}.RelWithDebInfo|Win32.Build.0 = RelWithDebInfo|Win32
		{42F934AE-7CDD-368E-A816-8A09865B6529}.Debug|Win32.ActiveCfg = Debug|Win32
		{42F934AE-7CDD-368E-A816-8A09865B6529}.Debug|Win32.Build.0 = Debug|Win32
		{C26FA39E-7460-3AD3-8081-1C5A86E376FC}.Release|Win32.ActiveCfg = Release|Win32
		{C26FA39E-7460-3AD3-8081-1C5A86E376FC}.Release|Win32.Build.0 = Release|Win32
		{C26FA39E-7460-3AD3-8081-1C5A86E376FC}.RelWithDebInfo|Win32.ActiveCfg = RelWithDebInfo|Win32
		{C26FA39E-7460-3AD3-8081-1C5A86E376FC}.RelWithDebInfo|Win32.Build.0 = RelWithDebInfo|Win32
		{C26FA39E-7460-3AD3-8081-1C5A86E376FC}.Debug|Win32.ActiveCfg = Debug|Win32
		{C26FA39E-7460-3AD3-8081-1C5A86E376FC}.Debug|Win32.Build.0 = Debug|Win32
		{F043B4D9-66D5-3B65-BE39-1098C29A78B3}.Release|Win32.ActiveCfg = Release|Win32
		{F043B4D9-66D5-3B65-BE39-1098C29A78B3}.Release|Win32.Build.0 = Release|Win32
		{F043B4D9-66D5-3B65-BE39-1098C29A78B3}.RelWithDebInfo|Win32.ActiveCfg = RelWithDebInfo|Win32
		{F043B4D9-66D5-3B65-BE39-1098C29A78B3}.RelWithDebInfo|Win32.Build.0 = RelWithDebInfo|Win32
		{F043B4D9-66D5-3B65-BE39-1098C29A78B3}.Debug|Win32.ActiveCfg = Debug|Win32
		{F043B4D9-66D5-3B65-BE39-1098C29A78B3}.Debug|Win32.Build.0 = Debug|Win32
		{8D498D46-8168-37CE-A513-416B0D72C722}.Release|Win32.ActiveCfg = Release|Win32
		{8D498D46-8168-37CE-A513-416B0D72C722}.Release|Win32.Build.0 = Release|Win32
		{8D498D46-8168-37CE-A513-416B0D72C722}.RelWithDebInfo|Win32.ActiveCfg = RelWithDebInfo|Win32
		{8D498D46-8168-37CE-A513-416B0D72C722}.RelWithDebInfo|Win32.Build.0 = RelWithDebInfo|Win32
		{8D498D46-8168-37CE-A513-416B0D72C722}.Debug|Win32.ActiveCfg = Debug|Win32
		{8D498D46-8168-37CE-A513-416B0D72C722}.Debug|Win32.Build.0 = Debug|Win32
		{52165260-17C8-3EEA-B607-CCE78E1CE45A}.Release|Win32.ActiveCfg = Release|Win32
		{52165260-17C8-3EEA-B607-CCE78E1CE45A}.Release|Win32.Build.0 = Release|Win32
		{52165260-17C8-3EEA-B607-CCE78E1CE45A}.RelWithDebInfo|Win32.ActiveCfg = RelWithDebInfo|Win32
		{52165260-17C8-3EEA-B607-CCE78E1CE45A}.RelWithDebInfo|Win32.Build.0 = RelWithDebInfo|Win32
		{52165260-17C8-3EEA-B607-CCE78E1CE45A}.Debug|Win32.ActiveCfg = Debug|Win32
		{52165260-17C8-3EEA-B607-CCE78E1CE45A}.Debug|Win32.Build.0 = Debug|Win32
		{C3884AAC-FCEA-3AE0-9DA2-E3BAE3DBE559}.Release|Win32.ActiveCfg = Release|Win32
		{C3884AAC-FCEA-3AE0-9DA2-E3BAE3DBE559}.Release|Win32.Build.0 = Release|Win32
		{C3884AAC-FCEA-3AE0-9DA2-E3BAE3DBE559}.RelWithDebInfo|Win32.ActiveCfg = RelWithDebInfo|Win32
		{C3884AAC-FCEA-3AE0-9DA2-E3BAE3DBE559}.RelWithDebInfo|Win32.Build.0 = RelWithDebInfo|Win32
		{C3884AAC-FCEA-3AE0-9DA2-E3BAE3DBE559}.Debug|Win32.ActiveCfg = Debug|Win32
		{C3884AAC-FCEA-3AE0-9DA2-E3BAE3DBE559}.Debug|Win32.Build.0 = Debug|Win32
		{5CA1277F-9E09-3833-A8B3-81A775EA1A64}.Release|Win32.ActiveCfg = Release|Win32
		{5CA1277F-9E09-3833-A8B3-81A775EA1A64}.Release|Win32.Build.0 = Release|Win32
		{5CA1277F-9E09-3833-A8B3-81A775EA1A64}.RelWithDebInfo|Win32.ActiveCfg = RelWithDebInfo|Win32
		{5CA1277F-9E09-3833-A8B3-81A775EA1A64}.RelWithDebInfo|Win32.Build.0 = RelWithDebInfo|Win32
		{5CA1277F-9E09-3833-A8B3-81A775EA1A64}.Debug|Win32.ActiveCfg = Debug|Win32
		{5CA1277F-9E09-3833-A8B3-81A775EA1A64}.Debug|Win32.Build.0 = Debug|Win32
		{A2555370-68C1-394A-BB21-2DFAA77DE0BE}.Release|Win32.ActiveCfg = Release|Win32
		{A2555370-68C1-394A-BB21-2DFAA77DE0BE}.Release|Win32.Build.0 = Release|Win32
		{A2555370-68C1-394A-BB21-2DFAA77DE0BE}.RelWithDebInfo|Win32.ActiveCfg = RelWithDebInfo|Win32
		{A2555370-68C1-394A-BB21-2DFAA77DE0BE}.RelWithDebInfo|Win32.Build.0 = RelWithDebInfo|Win32
		{A2555370-68C1-394A-BB21-2DFAA77DE0BE}.Debug|Win32.ActiveCfg = Debug|Win32
		{A2555370-68C1-394A-BB21-2DFAA77DE0BE}.Debug|Win32.Build.0 = Debug|Win32
		{389FF541-4CBC-38AD-9225-8EB89954D63A}.Release|Win32.ActiveCfg = Release|Win32
		{389FF541-4CBC-38AD-9225-8EB89954D63A}.Release|Win32.Build.0 = Release|Win32
		{389FF541-4CBC-38AD-9225-8EB89954D63A}.RelWithDebInfo|Win32.ActiveCfg = RelWithDebInfo|Win32
		{389FF541-4CBC-38AD-9225-8EB89954D63A}.RelWithDebInfo|Win32.Build.0 = RelWithDebInfo|Win32
		{389FF541-4CBC-38AD-9225-8EB89954D63A}.Debug|Win32.ActiveCfg = Debug|Win32
		{389FF541-4CBC-38AD-9225-8EB89954D63A}.Debug|Win32.Build.0 = Debug|Win32
		{BE50196D-8FEF-360E-908D-47CC0A238A8F}.Release|Win32.ActiveCfg = Release|Win32
		{BE50196D-8FEF-360E-908D-47CC0A238A8F}.Release|Win32.Build.0 = Release|Win32
		{BE50196D-8FEF-360E-908D-47CC0A238A8F}.RelWithDebInfo|Win32.ActiveCfg = RelWithDebInfo|Win32
		{BE50196D-8FEF-360E-908D-47CC0A238A8F}.RelWithDebInfo|Win32.Build.0 = RelWithDebInfo|Win32
		{BE50196D-8FEF-360E-908D-47CC0A238A8F}.Debug|Win32.ActiveCfg = Debug|Win32
		{BE50196D-8FEF-360E-908D-47CC0A238A8F}.Debug|Win32.Build.0 = Debug|Win32
		{718774F1-62C9-32A8-9F53-85531B9956F8}.Release|Win32.ActiveCfg = Release|Win32
		{718774F1-62C9-32A8-9F53-85531B9956F8}.Release|Win32.Build.0 = Release|Win32
		{718774F1-62C9-32A8-9F53-85531B9956F8}.RelWithDebInfo|Win32.ActiveCfg = RelWithDebInfo|Win32
		{718774F1-62C9-32A8-9F53-85531B9956F8}.RelWithDebInfo|Win32.Build.0 = RelWithDebInfo|Win32
		{718774F1-62C9-32A8-9F53-85531B9956F8}.Debug|Win32.ActiveCfg = Debug|Win32
		{718774F1-62C9-32A8-9F53-85531B9956F8}.Debug|Win32.Build.0 = Debug|Win32
		{777E6186-9A31-3096-AF87-24E1342B7487}.Release|Win32.ActiveCfg = Release|Win32
		{777E6186-9A31-3096-AF87-24E1342B7487}.Release|Win32.Build.0 = Release|Win32
		{777E6186-9A31-3096-AF87-24E1342B7487}.RelWithDebInfo|Win32.ActiveCfg = RelWithDebInfo|Win32
		{777E6186-9A31-3096-AF87-24E1342B7487}.RelWithDebInfo|Win32.Build.0 = RelWithDebInfo|Win32
		{777E6186-9A31-3096-AF87-24E1342B7487}.Debug|Win32.ActiveCfg = Debug|Win32
		{777E6186-9A31-3096-AF87-24E1342B7487}.Debug|Win32.Build.0 = Debug|Win32
		{D01E6F36-E497-3459-8886-0D8C656B745F}.Release|Win32.ActiveCfg = Release|Win32
		{D01E6F36-E497-3459-8886-0D8C656B745F}.Release|Win32.Build.0 = Release|Win32
		{D01E6F36-E497-3459-8886-0D8C656B745F}.RelWithDebInfo|Win32.ActiveCfg = RelWithDebInfo|Win32
		{D01E6F36-E497-3459-8886-0D8C656B745F}.RelWithDebInfo|Win32.Build.0 = RelWithDebInfo|Win32
		{D01E6F36-E497-3459-8886-0D8C656B745F}.Debug|Win32.ActiveCfg = Debug|Win32
		{D01E6F36-E497-3459-8886-0D8C656B745F}.Debug|Win32.Build.0 = Debug|Win32
		{D9F03CA3-1D63-345F-90CE-09E89259B0E8}.Release|Win32.ActiveCfg = Release|Win32
		{D9F03CA3-1D63-345F-90CE-09E89259B0E8}.Release|Win32.Build.0 = Release|Win32
		{D9F03CA3-1D63-345F-90CE-09E89259B0E8}.RelWithDebInfo|Win32.ActiveCfg = RelWithDebInfo|Win32
		{D9F03CA3-1D63-345F-90CE-09E89259B0E8}.RelWithDebInfo|Win32.Build.0 = RelWithDebInfo|Win32
		{D9F03CA3-1D63-345F-90CE-09E89259B0E8}.Debug|Win32.ActiveCfg = Debug|Win32
		{D9F03CA3-1D63-345F-90CE-09E89259B0E8}.Debug|Win32.Build.0 = Debug|Win32
		{F3908948-18EF-3338-B904-DF1695EFD577}.Release|Win32.ActiveCfg = Release|Win32
		{F3908948-18EF-3338-B904-DF1695EFD577}.Release|Win32.Build.0 = Release|Win32
		{F3908948-18EF-3338-B904-DF1695EFD577}.RelWithDebInfo|Win32.ActiveCfg = RelWithDebInfo|Win32
		{F3908948-18EF-3338-B904-DF1695EFD577}.RelWithDebInfo|Win32.Build.0 = RelWithDebInfo|Win32
		{F3908948-18EF-3338-B904-DF1695EFD577}.Debug|Win32.ActiveCfg = Debug|Win32
		{F3908948-18EF-3338-B904-DF1695EFD577}.Debug|Win32.Build.0 = Debug|Win32
		{F33E3E60-2B1D-32E6-B0DA-AE6C85E70D5D}.Release|Win32.ActiveCfg = Release|Win32
		{F33E3E60-2B1D-32E6-B0DA-AE6C85E70D5D}.Release|Win32.Build.0 = Release|Win32
		{F33E3E60-2B1D-32E6-B0DA-AE6C85E70D5D}.RelWithDebInfo|Win32.ActiveCfg = RelWithDebInfo|Win32
		{F33E3E60-2B1D-32E6-B0DA-AE6C85E70D5D}.RelWithDebInfo|Win32.Build.0 = RelWithDebInfo|Win32
		{F33E3E60-2B1D-32E6-B0DA-AE6C85E70D5D}.Debug|Win32.ActiveCfg = Debug|Win32
		{F33E3E60-2B1D-32E6-B0DA-AE6C85E70D5D}.Debug|Win32.Build.0 = Debug|Win32
		{814E284D-7FF3-338D-A146-B2B65AF0133E}.Release|Win32.ActiveCfg = Release|Win32
		{814E284D-7FF3-338D-A146-B2B65AF0133E}.Release|Win32.Build.0 = Release|Win32
		{814E284D-7FF3-338D-A146-B2B65AF0133E}.RelWithDebInfo|Win32.ActiveCfg = RelWithDebInfo|Win32
		{814E284D-7FF3-338D-A146-B2B65AF0133E}.RelWithDebInfo|Win32.Build.0 = RelWithDebInfo|Win32
		{814E284D-7FF3-338D-A146-B2B65AF0133E}.Debug|Win32.ActiveCfg = Debug|Win32
		{814E284D-7FF3-338D-A146-B2B65AF0133E}.Debug|Win32.Build.0 = Debug|Win32
		{72503E0E-ABA6-3812-A9ED-E97D298646BD}.Release|Win32.ActiveCfg = Release|Win32
		{72503E0E-ABA6-3812-A9ED-E97D298646BD}.Release|Win32.Build.0 = Release|Win32
		{72503E0E-ABA6-3812-A9ED-E97D298646BD}.RelWithDebInfo|Win32.ActiveCfg = RelWithDebInfo|Win32
		{72503E0E-ABA6-3812-A9ED-E97D298646BD}.RelWithDebInfo|Win32.Build.0 = RelWithDebInfo|Win32
		{72503E0E-ABA6-3812-A9ED-E97D298646BD}.Debug|Win32.ActiveCfg = Debug|Win32
		{72503E0E-ABA6-3812-A9ED-E97D298646BD}.Debug|Win32.Build.0 = Debug|Win32
		{FE14D1E5-54D0-309F-8CEF-D3C211ED3F07}.Release|Win32.ActiveCfg = Release|Win32
		{FE14D1E5-54D0-309F-8CEF-D3C211ED3F07}.Release|Win32.Build.0 = Release|Win32
		{FE14D1E5-54D0-309F-8CEF-D3C211ED3F07}.RelWithDebInfo|Win32.ActiveCfg = RelWithDebInfo|Win32
		{FE14D1E5-54D0-309F-8CEF-D3C211ED3F07}.RelWithDebInfo|Win32.Build.0 = RelWithDebInfo|Win32
		{FE14D1E5-54D0-309F-8CEF-D3C211ED3F07}.Debug|Win32.ActiveCfg = Debug|Win32
		{FE14D1E5-54D0-309F-8CEF-D3C211ED3F07}.Debug|Win32.Build.0 = Debug|Win32
		{A729D02B-1CFE-3679-ADA8-E600A90A7D53}.Release|Win32.ActiveCfg = Release|Win32
		{A729D02B-1CFE-3679-ADA8-E600A90A7D53}.Release|Win32.Build.0 = Release|Win32
		{A729D02B-1CFE-3679-ADA8-E600A90A7D53}.RelWithDebInfo|Win32.ActiveCfg = RelWithDebInfo|Win32
		{A729D02B-1CFE-3679-ADA8-E600A90A7D53}.RelWithDebInfo|Win32.Build.0 = RelWithDebInfo|Win32
		{A729D02B-1CFE-3679-ADA8-E600A90A7D53}.Debug|Win32.ActiveCfg = Debug|Win32
		{A729D02B-1CFE-3679-ADA8-E600A90A7D53}.Debug|Win32.Build.0 = Debug|Win32
		{CECE82C1-5737-3906-9A19-3BD5C342A484}.Release|Win32.ActiveCfg = Release|Win32
		{CECE82C1-5737-3906-9A19-3BD5C342A484}.Release|Win32.Build.0 = Release|Win32
		{CECE82C1-5737-3906-9A19-3BD5C342A484}.RelWithDebInfo|Win32.ActiveCfg = RelWithDebInfo|Win32
		{CECE82C1-5737-3906-9A19-3BD5C342A484}.RelWithDebInfo|Win32.Build.0 = RelWithDebInfo|Win32
		{CECE82C1-5737-3906-9A19-3BD5C342A484}.Debug|Win32.ActiveCfg = Debug|Win32
		{CECE82C1-5737-3906-9A19-3BD5C342A484}.Debug|Win32.Build.0 = Debug|Win32
		{09B63909-91B8-3163-83F7-9BF4A6D78F03}.Release|Win32.ActiveCfg = Release|Win32
		{09B63909-91B8-3163-83F7-9BF4A6D78F03}.Release|Win32.Build.0 = Release|Win32
		{09B63909-91B8-3163-83F7-9BF4A6D78F03}.RelWithDebInfo|Win32.ActiveCfg = RelWithDebInfo|Win32
		{09B63909-91B8-3163-83F7-9BF4A6D78F03}.RelWithDebInfo|Win32.Build.0 = RelWithDebInfo|Win32
		{09B63909-91B8-3163-83F7-9BF4A6D78F03}.Debug|Win32.ActiveCfg = Debug|Win32
		{09B63909-91B8-3163-83F7-9BF4A6D78F03}.Debug|Win32.Build.0 = Debug|Win32
		{04E0994A-5004-3572-8529-5EB0ED643BFC}.Release|Win32.ActiveCfg = Release|Win32
		{04E0994A-5004-3572-8529-5EB0ED643BFC}.Release|Win32.Build.0 = Release|Win32
		{04E0994A-5004-3572-8529-5EB0ED643BFC}.RelWithDebInfo|Win32.ActiveCfg = RelWithDebInfo|Win32
		{04E0994A-5004-3572-8529-5EB0ED643BFC}.RelWithDebInfo|Win32.Build.0 = RelWithDebInfo|Win32
		{04E0994A-5004-3572-8529-5EB0ED643BFC}.Debug|Win32.ActiveCfg = Debug|Win32
		{04E0994A-5004-3572-8529-5EB0ED643BFC}.Debug|Win32.Build.0 = Debug|Win32
		{5141C561-3E10-389A-AE62-97DAB168EE1F}.Release|Win32.ActiveCfg = Release|Win32
		{5141C561-3E10-389A-AE62-97DAB168EE1F}.Release|Win32.Build.0 = Release|Win32
		{5141C561-3E10-389A-AE62-97DAB168EE1F}.RelWithDebInfo|Win32.ActiveCfg = RelWithDebInfo|Win32
		{5141C561-3E10-389A-AE62-97DAB168EE1F}.RelWithDebInfo|Win32.Build.0 = RelWithDebInfo|Win32
		{5141C561-3E10-389A-AE62-97DAB168EE1F}.Debug|Win32.ActiveCfg = Debug|Win32
		{5141C561-3E10-389A-AE62-97DAB168EE1F}.Debug|Win32.Build.0 = Debug|Win32
		{D2017B89-1C09-3FF7-B58E-5BF641182364}.Release|Win32.ActiveCfg = Release|Win32
		{D2017B89-1C09-3FF7-B58E-5BF641182364}.Release|Win32.Build.0 = Release|Win32
		{D2017B89-1C09-3FF7-B58E-5BF641182364}.RelWithDebInfo|Win32.ActiveCfg = RelWithDebInfo|Win32
		{D2017B89-1C09-3FF7-B58E-5BF641182364}.RelWithDebInfo|Win32.Build.0 = RelWithDebInfo|Win32
		{D2017B89-1C09-3FF7-B58E-5BF641182364}.Debug|Win32.ActiveCfg = Debug|Win32
		{D2017B89-1C09-3FF7-B58E-5BF641182364}.Debug|Win32.Build.0 = Debug|Win32
		{CFD33E1D-CE9B-3194-A425-34CA3D390890}.Release|Win32.ActiveCfg = Release|Win32
		{CFD33E1D-CE9B-3194-A425-34CA3D390890}.RelWithDebInfo|Win32.ActiveCfg = RelWithDebInfo|Win32
		{CFD33E1D-CE9B-3194-A425-34CA3D390890}.Debug|Win32.ActiveCfg = Debug|Win32
		{ADD7D331-C270-367F-AC3E-843E828BEB09}.Release|Win32.ActiveCfg = Release|Win32
		{ADD7D331-C270-367F-AC3E-843E828BEB09}.Release|Win32.Build.0 = Release|Win32
		{ADD7D331-C270-367F-AC3E-843E828BEB09}.RelWithDebInfo|Win32.ActiveCfg = RelWithDebInfo|Win32
		{ADD7D331-C270-367F-AC3E-843E828BEB09}.RelWithDebInfo|Win32.Build.0 = RelWithDebInfo|Win32
		{ADD7D331-C270-367F-AC3E-843E828BEB09}.Debug|Win32.ActiveCfg = Debug|Win32
		{ADD7D331-C270-367F-AC3E-843E828BEB09}.Debug|Win32.Build.0 = Debug|Win32
		{739481AD-00BE-3DA3-B97A-6D73106C29D3}.Release|Win32.ActiveCfg = Release|Win32
		{739481AD-00BE-3DA3-B97A-6D73106C29D3}.Release|Win32.Build.0 = Release|Win32
		{739481AD-00BE-3DA3-B97A-6D73106C29D3}.RelWithDebInfo|Win32.ActiveCfg = RelWithDebInfo|Win32
		{739481AD-00BE-3DA3-B97A-6D73106C29D3}.RelWithDebInfo|Win32.Build.0 = RelWithDebInfo|Win32
		{739481AD-00BE-3DA3-B97A-6D73106C29D3}.Debug|Win32.ActiveCfg = Debug|Win32
		{739481AD-00BE-3DA3-B97A-6D73106C29D3}.Debug|Win32.Build.0 = Debug|Win32
		{E8B01527-EC42-3CE3-A2AD-DAAB9AFA9B50}.Release|Win32.ActiveCfg = Release|Win32
		{E8B01527-EC42-3CE3-A2AD-DAAB9AFA9B50}.Release|Win32.Build.0 = Release|Win32
		{E8B01527-EC42-3CE3-A2AD-DAAB9AFA9B50}.RelWithDebInfo|Win32.ActiveCfg = RelWithDebInfo|Win32
		{E8B01527-EC42-3CE3-A2AD-DAAB9AFA9B50}.RelWithDebInfo|Win32.Build.0 = RelWithDebInfo|Win32
		{E8B01527-EC42-3CE3-A2AD-DAAB9AFA9B50}.Debug|Win32.ActiveCfg = Debug|Win32
		{E8B01527-EC42-3CE3-A2AD-DAAB9AFA9B50}.Debug|Win32.Build.0 = Debug|Win32
		{02C47A80-1F31-39F3-BF5A-0129E7D1EC52}.Release|Win32.ActiveCfg = Release|Win32
		{02C47A80-1F31-39F3-BF5A-0129E7D1EC52}.Release|Win32.Build.0 = Release|Win32
		{02C47A80-1F31-39F3-BF5A-0129E7D1EC52}.RelWithDebInfo|Win32.ActiveCfg = RelWithDebInfo|Win32
		{02C47A80-1F31-39F3-BF5A-0129E7D1EC52}.RelWithDebInfo|Win32.Build.0 = RelWithDebInfo|Win32
		{02C47A80-1F31-39F3-BF5A-0129E7D1EC52}.Debug|Win32.ActiveCfg = Debug|Win32
		{02C47A80-1F31-39F3-BF5A-0129E7D1EC52}.Debug|Win32.Build.0 = Debug|Win32
		{C5F78B08-A4C4-38ED-AB11-94467B76224E}.Release|Win32.ActiveCfg = Release|Win32
		{C5F78B08-A4C4-38ED-AB11-94467B76224E}.RelWithDebInfo|Win32.ActiveCfg = RelWithDebInfo|Win32
		{C5F78B08-A4C4-38ED-AB11-94467B76224E}.Debug|Win32.ActiveCfg = Debug|Win32
		{80C2C1BD-5860-31DC-B4CA-65C7FABEA4FA}.Release|Win32.ActiveCfg = Release|Win32
		{80C2C1BD-5860-31DC-B4CA-65C7FABEA4FA}.Release|Win32.Build.0 = Release|Win32
		{80C2C1BD-5860-31DC-B4CA-65C7FABEA4FA}.RelWithDebInfo|Win32.ActiveCfg = RelWithDebInfo|Win32
		{80C2C1BD-5860-31DC-B4CA-65C7FABEA4FA}.RelWithDebInfo|Win32.Build.0 = RelWithDebInfo|Win32
		{80C2C1BD-5860-31DC-B4CA-65C7FABEA4FA}.Debug|Win32.ActiveCfg = Debug|Win32
		{80C2C1BD-5860-31DC-B4CA-65C7FABEA4FA}.Debug|Win32.Build.0 = Debug|Win32
		{A2D8C64D-C838-3B8F-A6B6-36FD21D11964}.Release|Win32.ActiveCfg = Release|Win32
		{A2D8C64D-C838-3B8F-A6B6-36FD21D11964}.Release|Win32.Build.0 = Release|Win32
		{A2D8C64D-C838-3B8F-A6B6-36FD21D11964}.RelWithDebInfo|Win32.ActiveCfg = RelWithDebInfo|Win32
		{A2D8C64D-C838-3B8F-A6B6-36FD21D11964}.RelWithDebInfo|Win32.Build.0 = RelWithDebInfo|Win32
		{A2D8C64D-C838-3B8F-A6B6-36FD21D11964}.Debug|Win32.ActiveCfg = Debug|Win32
		{A2D8C64D-C838-3B8F-A6B6-36FD21D11964}.Debug|Win32.Build.0 = Debug|Win32
		{A3A3F02C-BDB1-323E-A5CF-F4C8B54B41F9}.Release|Win32.ActiveCfg = Release|Win32
		{A3A3F02C-BDB1-323E-A5CF-F4C8B54B41F9}.Release|Win32.Build.0 = Release|Win32
		{A3A3F02C-BDB1-323E-A5CF-F4C8B54B41F9}.RelWithDebInfo|Win32.ActiveCfg = RelWithDebInfo|Win32
		{A3A3F02C-BDB1-323E-A5CF-F4C8B54B41F9}.RelWithDebInfo|Win32.Build.0 = RelWithDebInfo|Win32
		{A3A3F02C-BDB1-323E-A5CF-F4C8B54B41F9}.Debug|Win32.ActiveCfg = Debug|Win32
		{A3A3F02C-BDB1-323E-A5CF-F4C8B54B41F9}.Debug|Win32.Build.0 = Debug|Win32
		{D61CCD8A-1FB5-348C-A6AD-6C7F17040E09}.Release|Win32.ActiveCfg = Release|Win32
		{D61CCD8A-1FB5-348C-A6AD-6C7F17040E09}.Release|Win32.Build.0 = Release|Win32
		{D61CCD8A-1FB5-348C-A6AD-6C7F17040E09}.RelWithDebInfo|Win32.ActiveCfg = RelWithDebInfo|Win32
		{D61CCD8A-1FB5-348C-A6AD-6C7F17040E09}.RelWithDebInfo|Win32.Build.0 = RelWithDebInfo|Win32
		{D61CCD8A-1FB5-348C-A6AD-6C7F17040E09}.Debug|Win32.ActiveCfg = Debug|Win32
		{D61CCD8A-1FB5-348C-A6AD-6C7F17040E09}.Debug|Win32.Build.0 = Debug|Win32
		{86853C1C-9D6B-31FE-8730-C7EC955885A4}.Release|Win32.ActiveCfg = Release|Win32
		{86853C1C-9D6B-31FE-8730-C7EC955885A4}.Release|Win32.Build.0 = Release|Win32
		{86853C1C-9D6B-31FE-8730-C7EC955885A4}.RelWithDebInfo|Win32.ActiveCfg = RelWithDebInfo|Win32
		{86853C1C-9D6B-31FE-8730-C7EC955885A4}.RelWithDebInfo|Win32.Build.0 = RelWithDebInfo|Win32
		{86853C1C-9D6B-31FE-8730-C7EC955885A4}.Debug|Win32.ActiveCfg = Debug|Win32
		{86853C1C-9D6B-31FE-8730-C7EC955885A4}.Debug|Win32.Build.0 = Debug|Win32
		{FB1B74B5-A2DC-307A-B5FD-1629AB16DE7B}.Release|Win32.ActiveCfg = Release|Win32
		{FB1B74B5-A2DC-307A-B5FD-1629AB16DE7B}.Release|Win32.Build.0 = Release|Win32
		{FB1B74B5-A2DC-307A-B5FD-1629AB16DE7B}.RelWithDebInfo|Win32.ActiveCfg = RelWithDebInfo|Win32
		{FB1B74B5-A2DC-307A-B5FD-1629AB16DE7B}.RelWithDebInfo|Win32.Build.0 = RelWithDebInfo|Win32
		{FB1B74B5-A2DC-307A-B5FD-1629AB16DE7B}.Debug|Win32.ActiveCfg = Debug|Win32
		{FB1B74B5-A2DC-307A-B5FD-1629AB16DE7B}.Debug|Win32.Build.0 = Debug|Win32
		{49E65AB0-BF50-39E2-BFB6-14ECC2CDF7E1}.Release|Win32.ActiveCfg = Release|Win32
		{49E65AB0-BF50-39E2-BFB6-14ECC2CDF7E1}.Release|Win32.Build.0 = Release|Win32
		{49E65AB0-BF50-39E2-BFB6-14ECC2CDF7E1}.RelWithDebInfo|Win32.ActiveCfg = RelWithDebInfo|Win32
		{49E65AB0-BF50-39E2-BFB6-14ECC2CDF7E1}.RelWithDebInfo|Win32.Build.0 = RelWithDebInfo|Win32
		{49E65AB0-BF50-39E2-BFB6-14ECC2CDF7E1}.Debug|Win32.ActiveCfg = Debug|Win32
		{49E65AB0-BF50-39E2-BFB6-14ECC2CDF7E1}.Debug|Win32.Build.0 = Debug|Win32
		{B8A0DBB4-0624-3604-9B9F-9F3EE94AB421}.Release|Win32.ActiveCfg = Release|Win32
		{B8A0DBB4-0624-3604-9B9F-9F3EE94AB421}.Release|Win32.Build.0 = Release|Win32
		{B8A0DBB4-0624-3604-9B9F-9F3EE94AB421}.RelWithDebInfo|Win32.ActiveCfg = RelWithDebInfo|Win32
		{B8A0DBB4-0624-3604-9B9F-9F3EE94AB421}.RelWithDebInfo|Win32.Build.0 = RelWithDebInfo|Win32
		{B8A0DBB4-0624-3604-9B9F-9F3EE94AB421}.Debug|Win32.ActiveCfg = Debug|Win32
		{B8A0DBB4-0624-3604-9B9F-9F3EE94AB421}.Debug|Win32.Build.0 = Debug|Win32
		{146B7D35-ECD3-3625-8055-444D2713291E}.Release|Win32.ActiveCfg = Release|Win32
		{146B7D35-ECD3-3625-8055-444D2713291E}.Release|Win32.Build.0 = Release|Win32
		{146B7D35-ECD3-3625-8055-444D2713291E}.RelWithDebInfo|Win32.ActiveCfg = RelWithDebInfo|Win32
		{146B7D35-ECD3-3625-8055-444D2713291E}.RelWithDebInfo|Win32.Build.0 = RelWithDebInfo|Win32
		{146B7D35-ECD3-3625-8055-444D2713291E}.Debug|Win32.ActiveCfg = Debug|Win32
		{146B7D35-ECD3-3625-8055-444D2713291E}.Debug|Win32.Build.0 = Debug|Win32
		{C9321395-058B-3F79-A949-D873D2229764}.Release|Win32.ActiveCfg = Release|Win32
		{C9321395-058B-3F79-A949-D873D2229764}.Release|Win32.Build.0 = Release|Win32
		{C9321395-058B-3F79-A949-D873D2229764}.RelWithDebInfo|Win32.ActiveCfg = RelWithDebInfo|Win32
		{C9321395-058B-3F79-A949-D873D2229764}.RelWithDebInfo|Win32.Build.0 = RelWithDebInfo|Win32
		{C9321395-058B-3F79-A949-D873D2229764}.Debug|Win32.ActiveCfg = Debug|Win32
		{C9321395-058B-3F79-A949-D873D2229764}.Debug|Win32.Build.0 = Debug|Win32
		{73EF0353-24DE-33D9-A2C3-5AF131B288B3}.Release|Win32.ActiveCfg = Release|Win32
		{73EF0353-24DE-33D9-A2C3-5AF131B288B3}.Release|Win32.Build.0 = Release|Win32
		{73EF0353-24DE-33D9-A2C3-5AF131B288B3}.RelWithDebInfo|Win32.ActiveCfg = RelWithDebInfo|Win32
		{73EF0353-24DE-33D9-A2C3-5AF131B288B3}.RelWithDebInfo|Win32.Build.0 = RelWithDebInfo|Win32
		{73EF0353-24DE-33D9-A2C3-5AF131B288B3}.Debug|Win32.ActiveCfg = Debug|Win32
		{73EF0353-24DE-33D9-A2C3-5AF131B288B3}.Debug|Win32.Build.0 = Debug|Win32
		{5A66E45D-B767-3752-8778-23C590FEDE78}.Release|Win32.ActiveCfg = Release|Win32
		{5A66E45D-B767-3752-8778-23C590FEDE78}.Release|Win32.Build.0 = Release|Win32
		{5A66E45D-B767-3752-8778-23C590FEDE78}.RelWithDebInfo|Win32.ActiveCfg = RelWithDebInfo|Win32
		{5A66E45D-B767-3752-8778-23C590FEDE78}.RelWithDebInfo|Win32.Build.0 = RelWithDebInfo|Win32
		{5A66E45D-B767-3752-8778-23C590FEDE78}.Debug|Win32.ActiveCfg = Debug|Win32
		{5A66E45D-B767-3752-8778-23C590FEDE78}.Debug|Win32.Build.0 = Debug|Win32
		{A66AE02D-E82B-3DF4-81F9-71A6C99B8D58}.Release|Win32.ActiveCfg = Release|Win32
		{A66AE02D-E82B-3DF4-81F9-71A6C99B8D58}.Release|Win32.Build.0 = Release|Win32
		{A66AE02D-E82B-3DF4-81F9-71A6C99B8D58}.RelWithDebInfo|Win32.ActiveCfg = RelWithDebInfo|Win32
		{A66AE02D-E82B-3DF4-81F9-71A6C99B8D58}.RelWithDebInfo|Win32.Build.0 = RelWithDebInfo|Win32
		{A66AE02D-E82B-3DF4-81F9-71A6C99B8D58}.Debug|Win32.ActiveCfg = Debug|Win32
		{A66AE02D-E82B-3DF4-81F9-71A6C99B8D58}.Debug|Win32.Build.0 = Debug|Win32
	EndGlobalSection
	GlobalSection(ExtensibilityGlobals) = postSolution
		SolutionGuid = {4C57F389-5E66-3620-AA8C-B9F6B1DEA64C}
	EndGlobalSection
	GlobalSection(ExtensibilityAddIns) = postSolution
	EndGlobalSection
EndGlobal
