Microsoft Visual Studio Solution File, Format Version 12.00
# Visual Studio 15
Project("{8BC9CEB8-8B4A-11D0-8D11-00A0C91BC942}") = "ALL_BUILD", "ALL_BUILD.vcxproj", "{F36B3DC8-DF75-35D4-869C-30682C830292}"
	ProjectSection(ProjectDependencies) = postProject
		{18305C6E-FDB4-3D73-9B32-DD0358D7C67E} = {18305C6E-FDB4-3D73-9B32-DD0358D7C67E}
	EndProjectSection
EndProject
Project("{8BC9CEB8-8B4A-11D0-8D11-00A0C91BC942}") = "INSTALL", "INSTALL.vcxproj", "{8D768D00-E2B9-371C-9CEA-4A0E3E4D4089}"
	ProjectSection(ProjectDependencies) = postProject
		{F36B3DC8-DF75-35D4-869C-30682C830292} = {F36B3DC8-DF75-35D4-869C-30682C830292}
		{18305C6E-FDB4-3D73-9B32-DD0358D7C67E} = {18305C6E-FDB4-3D73-9B32-DD0358D7C67E}
	EndProjectSection
EndProject
Project("{8BC9CEB8-8B4A-11D0-8D11-00A0C91BC942}") = "PACKAGE", "PACKAGE.vcxproj", "{EF36370B-6919-3FB9-B4C9-6E710D2C8C93}"
	ProjectSection(ProjectDependencies) = postProject
		{F36B3DC8-DF75-35D4-869C-30682C830292} = {F36B3DC8-DF75-35D4-869C-30682C830292}
		{18305C6E-FDB4-3D73-9B32-DD0358D7C67E} = {18305C6E-FDB4-3D73-9B32-DD0358D7C67E}
	EndProjectSection
EndProject
Project("{8BC9CEB8-8B4A-11D0-8D11-00A0C91BC942}") = "ZERO_CHECK", "..\\ZERO_CHECK.vcxproj", "{18305C6E-FDB4-3D73-9B32-DD0358D7C67E}"
	ProjectSection(ProjectDependencies) = postProject
	EndProjectSection
EndProject
Global
	GlobalSection(SolutionConfigurationPlatforms) = preSolution
		Release|Win32 = Release|Win32
		RelWithDebInfo|Win32 = RelWithDebInfo|Win32
		Debug|Win32 = Debug|Win32
	EndGlobalSection
	GlobalSection(ProjectConfigurationPlatforms) = postSolution
		{F36B3DC8-DF75-35D4-869C-30682C830292}.Release|Win32.ActiveCfg = Release|Win32
		{F36B3DC8-DF75-35D4-869C-30682C830292}.Release|Win32.Build.0 = Release|Win32
		{F36B3DC8-DF75-35D4-869C-30682C830292}.RelWithDebInfo|Win32.ActiveCfg = RelWithDebInfo|Win32
		{F36B3DC8-DF75-35D4-869C-30682C830292}.RelWithDebInfo|Win32.Build.0 = RelWithDebInfo|Win32
		{F36B3DC8-DF75-35D4-869C-30682C830292}.Debug|Win32.ActiveCfg = Debug|Win32
		{F36B3DC8-DF75-35D4-869C-30682C830292}.Debug|Win32.Build.0 = Debug|Win32
		{8D768D00-E2B9-371C-9CEA-4A0E3E4D4089}.Release|Win32.ActiveCfg = Release|Win32
		{8D768D00-E2B9-371C-9CEA-4A0E3E4D4089}.RelWithDebInfo|Win32.ActiveCfg = RelWithDebInfo|Win32
		{8D768D00-E2B9-371C-9CEA-4A0E3E4D4089}.Debug|Win32.ActiveCfg = Debug|Win32
		{EF36370B-6919-3FB9-B4C9-6E710D2C8C93}.Release|Win32.ActiveCfg = Release|Win32
		{EF36370B-6919-3FB9-B4C9-6E710D2C8C93}.RelWithDebInfo|Win32.ActiveCfg = RelWithDebInfo|Win32
		{EF36370B-6919-3FB9-B4C9-6E710D2C8C93}.Debug|Win32.ActiveCfg = Debug|Win32
		{18305C6E-FDB4-3D73-9B32-DD0358D7C67E}.Release|Win32.ActiveCfg = Release|Win32
		{18305C6E-FDB4-3D73-9B32-DD0358D7C67E}.Release|Win32.Build.0 = Release|Win32
		{18305C6E-FDB4-3D73-9B32-DD0358D7C67E}.RelWithDebInfo|Win32.ActiveCfg = RelWithDebInfo|Win32
		{18305C6E-FDB4-3D73-9B32-DD0358D7C67E}.RelWithDebInfo|Win32.Build.0 = RelWithDebInfo|Win32
		{18305C6E-FDB4-3D73-9B32-DD0358D7C67E}.Debug|Win32.ActiveCfg = Debug|Win32
		{18305C6E-FDB4-3D73-9B32-DD0358D7C67E}.Debug|Win32.Build.0 = Debug|Win32
	EndGlobalSection
	GlobalSection(ExtensibilityGlobals) = postSolution
	EndGlobalSection
	GlobalSection(ExtensibilityAddIns) = postSolution
	EndGlobalSection
EndGlobal
