Microsoft Visual Studio Solution File, Format Version 12.00
# Visual Studio 15
Project("{8BC9CEB8-8B4A-11D0-8D11-00A0C91BC942}") = "ALL_BUILD", "ALL_BUILD.vcxproj", "{F36B3DC8-DF75-35D4-869C-30682C830292}"
	ProjectSection(ProjectDependencies) = postProject
		{C04FDC35-BAA0-33A5-A88C-AC3C5A2B26F4} = {C04FDC35-BAA0-33A5-A88C-AC3C5A2B26F4}
		{F619291B-27C5-3302-B755-1B3A4AA59EAE} = {F619291B-27C5-3302-B755-1B3A4AA59EAE}
		{F37BEF26-8EA6-3676-AFDA-21FE50ED19AD} = {F37BEF26-8EA6-3676-AFDA-21FE50ED19AD}
		{423AC2FE-B6BF-30C9-8E4C-7B83C4123E6F} = {423AC2FE-B6BF-30C9-8E4C-7B83C4123E6F}
		{6A36C715-50C3-32C3-B6C9-B3906CCAA24D} = {6A36C715-50C3-32C3-B6C9-B3906CCAA24D}
		{3AB80A57-8DA1-3782-B416-81A09FBCED9F} = {3AB80A57-8DA1-3782-B416-81A09FBCED9F}
		{C6C804DA-BFFA-3CA1-BC7A-8682B3E55E06} = {C6C804DA-BFFA-3CA1-BC7A-8682B3E55E06}
		{628BC794-3CD8-3303-8BEA-AF17CC2583CF} = {628BC794-3CD8-3303-8BEA-AF17CC2583CF}
		{18305C6E-FDB4-3D73-9B32-DD0358D7C67E} = {18305C6E-FDB4-3D73-9B32-DD0358D7C67E}
	EndProjectSection
EndProject
Project("{8BC9CEB8-8B4A-11D0-8D11-00A0C91BC942}") = "AngelScript", "..\ThirdParty\AngelScript\AngelScript.vcxproj", "{F89F95F0-1EAC-3D34-AB64-6D219E04BCBA}"
	ProjectSection(ProjectDependencies) = postProject
		{18305C6E-FDB4-3D73-9B32-DD0358D7C67E} = {18305C6E-FDB4-3D73-9B32-DD0358D7C67E}
	EndProjectSection
EndProject
Project("{8BC9CEB8-8B4A-11D0-8D11-00A0C91BC942}") = "AssetImporter", "AssetImporter\AssetImporter.vcxproj", "{C04FDC35-BAA0-33A5-A88C-AC3C5A2B26F4}"
	ProjectSection(ProjectDependencies) = postProject
		{F619291B-27C5-3302-B755-1B3A4AA59EAE} = {F619291B-27C5-3302-B755-1B3A4AA59EAE}
		{19AFB6C0-A59F-3D25-AFF0-43C3B1529D45} = {19AFB6C0-A59F-3D25-AFF0-43C3B1529D45}
		{18305C6E-FDB4-3D73-9B32-DD0358D7C67E} = {18305C6E-FDB4-3D73-9B32-DD0358D7C67E}
	EndProjectSection
EndProject
Project("{8BC9CEB8-8B4A-11D0-8D11-00A0C91BC942}") = "Assimp", "..\ThirdParty\Assimp\Assimp.vcxproj", "{F619291B-27C5-3302-B755-1B3A4AA59EAE}"
	ProjectSection(ProjectDependencies) = postProject
		{19AFB6C0-A59F-3D25-AFF0-43C3B1529D45} = {19AFB6C0-A59F-3D25-AFF0-43C3B1529D45}
		{18305C6E-FDB4-3D73-9B32-DD0358D7C67E} = {18305C6E-FDB4-3D73-9B32-DD0358D7C67E}
	EndProjectSection
EndProject
Project("{8BC9CEB8-8B4A-11D0-8D11-00A0C91BC942}") = "Box2D", "..\ThirdParty\Box2D\Box2D.vcxproj", "{069F3E63-F955-3739-9A6E-A259AC64928B}"
	ProjectSection(ProjectDependencies) = postProject
		{18305C6E-FDB4-3D73-9B32-DD0358D7C67E} = {18305C6E-FDB4-3D73-9B32-DD0358D7C67E}
	EndProjectSection
EndProject
Project("{8BC9CEB8-8B4A-11D0-8D11-00A0C91BC942}") = "Bullet", "..\ThirdParty\Bullet\Bullet.vcxproj", "{826FC557-EB91-3BB9-AF0B-6783909A26E7}"
	ProjectSection(ProjectDependencies) = postProject
		{18305C6E-FDB4-3D73-9B32-DD0358D7C67E} = {18305C6E-FDB4-3D73-9B32-DD0358D7C67E}
	EndProjectSection
EndProject
Project("{8BC9CEB8-8B4A-11D0-8D11-00A0C91BC942}") = "Civetweb", "..\ThirdParty\Civetweb\Civetweb.vcxproj", "{FD81FF33-BD56-38A8-9CA9-79385D1A1996}"
	ProjectSection(ProjectDependencies) = postProject
		{18305C6E-FDB4-3D73-9B32-DD0358D7C67E} = {18305C6E-FDB4-3D73-9B32-DD0358D7C67E}
	EndProjectSection
EndProject
Project("{8BC9CEB8-8B4A-11D0-8D11-00A0C91BC942}") = "Detour", "..\ThirdParty\Detour\Detour.vcxproj", "{8F1D827B-6800-3528-8E2E-B35D00E63C05}"
	ProjectSection(ProjectDependencies) = postProject
		{18305C6E-FDB4-3D73-9B32-DD0358D7C67E} = {18305C6E-FDB4-3D73-9B32-DD0358D7C67E}
	EndProjectSection
EndProject
Project("{8BC9CEB8-8B4A-11D0-8D11-00A0C91BC942}") = "DetourCrowd", "..\ThirdParty\DetourCrowd\DetourCrowd.vcxproj", "{92668CFA-04AE-33DD-BBF4-1A9E930DCD7F}"
	ProjectSection(ProjectDependencies) = postProject
		{18305C6E-FDB4-3D73-9B32-DD0358D7C67E} = {18305C6E-FDB4-3D73-9B32-DD0358D7C67E}
	EndProjectSection
EndProject
Project("{8BC9CEB8-8B4A-11D0-8D11-00A0C91BC942}") = "DetourTileCache", "..\ThirdParty\DetourTileCache\DetourTileCache.vcxproj", "{B481C9EE-6179-388F-81CC-C3202BC83833}"
	ProjectSection(ProjectDependencies) = postProject
		{18305C6E-FDB4-3D73-9B32-DD0358D7C67E} = {18305C6E-FDB4-3D73-9B32-DD0358D7C67E}
	EndProjectSection
EndProject
Project("{8BC9CEB8-8B4A-11D0-8D11-00A0C91BC942}") = "FreeType", "..\ThirdParty\FreeType\FreeType.vcxproj", "{DE72330B-B08E-37F9-91F5-EC99C6AFEC18}"
	ProjectSection(ProjectDependencies) = postProject
		{18305C6E-FDB4-3D73-9B32-DD0358D7C67E} = {18305C6E-FDB4-3D73-9B32-DD0358D7C67E}
	EndProjectSection
EndProject
Project("{8BC9CEB8-8B4A-11D0-8D11-00A0C91BC942}") = "INSTALL", "INSTALL.vcxproj", "{8D768D00-E2B9-371C-9CEA-4A0E3E4D4089}"
	ProjectSection(ProjectDependencies) = postProject
		{F36B3DC8-DF75-35D4-869C-30682C830292} = {F36B3DC8-DF75-35D4-869C-30682C830292}
		{18305C6E-FDB4-3D73-9B32-DD0358D7C67E} = {18305C6E-FDB4-3D73-9B32-DD0358D7C67E}
	EndProjectSection
EndProject
Project("{8BC9CEB8-8B4A-11D0-8D11-00A0C91BC942}") = "JO", "..\ThirdParty\JO\JO.vcxproj", "{B0CE0172-4353-30DE-B6E1-311C8BDE6FD3}"
	ProjectSection(ProjectDependencies) = postProject
		{18305C6E-FDB4-3D73-9B32-DD0358D7C67E} = {18305C6E-FDB4-3D73-9B32-DD0358D7C67E}
	EndProjectSection
EndProject
Project("{8BC9CEB8-8B4A-11D0-8D11-00A0C91BC942}") = "LZ4", "..\ThirdParty\LZ4\LZ4.vcxproj", "{86359789-E0F8-3D1E-AC10-1A2AA5C7BF09}"
	ProjectSection(ProjectDependencies) = postProject
		{18305C6E-FDB4-3D73-9B32-DD0358D7C67E} = {18305C6E-FDB4-3D73-9B32-DD0358D7C67E}
	EndProjectSection
EndProject
Project("{8BC9CEB8-8B4A-11D0-8D11-00A0C91BC942}") = "LibCpuId", "..\ThirdParty\LibCpuId\LibCpuId.vcxproj", "{D9E409C5-756C-3463-B951-7689BB4FC454}"
	ProjectSection(ProjectDependencies) = postProject
		{18305C6E-FDB4-3D73-9B32-DD0358D7C67E} = {18305C6E-FDB4-3D73-9B32-DD0358D7C67E}
	EndProjectSection
EndProject
Project("{8BC9CEB8-8B4A-11D0-8D11-00A0C91BC942}") = "Lua", "..\ThirdParty\Lua\Lua.vcxproj", "{9C59EED7-2B90-368B-A43F-7E4894253992}"
	ProjectSection(ProjectDependencies) = postProject
		{18305C6E-FDB4-3D73-9B32-DD0358D7C67E} = {18305C6E-FDB4-3D73-9B32-DD0358D7C67E}
	EndProjectSection
EndProject
Project("{8BC9CEB8-8B4A-11D0-8D11-00A0C91BC942}") = "OgreImporter", "OgreImporter\OgreImporter.vcxproj", "{F37BEF26-8EA6-3676-AFDA-21FE50ED19AD}"
	ProjectSection(ProjectDependencies) = postProject
		{19AFB6C0-A59F-3D25-AFF0-43C3B1529D45} = {19AFB6C0-A59F-3D25-AFF0-43C3B1529D45}
		{18305C6E-FDB4-3D73-9B32-DD0358D7C67E} = {18305C6E-FDB4-3D73-9B32-DD0358D7C67E}
	EndProjectSection
EndProject
Project("{8BC9CEB8-8B4A-11D0-8D11-00A0C91BC942}") = "PACKAGE", "PACKAGE.vcxproj", "{EF36370B-6919-3FB9-B4C9-6E710D2C8C93}"
	ProjectSection(ProjectDependencies) = postProject
		{F36B3DC8-DF75-35D4-869C-30682C830292} = {F36B3DC8-DF75-35D4-869C-30682C830292}
		{18305C6E-FDB4-3D73-9B32-DD0358D7C67E} = {18305C6E-FDB4-3D73-9B32-DD0358D7C67E}
	EndProjectSection
EndProject
Project("{8BC9CEB8-8B4A-11D0-8D11-00A0C91BC942}") = "PackageTool", "PackageTool\PackageTool.vcxproj", "{423AC2FE-B6BF-30C9-8E4C-7B83C4123E6F}"
	ProjectSection(ProjectDependencies) = postProject
		{86359789-E0F8-3D1E-AC10-1A2AA5C7BF09} = {86359789-E0F8-3D1E-AC10-1A2AA5C7BF09}
		{19AFB6C0-A59F-3D25-AFF0-43C3B1529D45} = {19AFB6C0-A59F-3D25-AFF0-43C3B1529D45}
		{18305C6E-FDB4-3D73-9B32-DD0358D7C67E} = {18305C6E-FDB4-3D73-9B32-DD0358D7C67E}
	EndProjectSection
EndProject
Project("{8BC9CEB8-8B4A-11D0-8D11-00A0C91BC942}") = "PugiXml", "..\ThirdParty\PugiXml\PugiXml.vcxproj", "{CF973EB2-1A3B-35AC-877B-C04350694348}"
	ProjectSection(ProjectDependencies) = postProject
		{18305C6E-FDB4-3D73-9B32-DD0358D7C67E} = {18305C6E-FDB4-3D73-9B32-DD0358D7C67E}
	EndProjectSection
EndProject
Project("{8BC9CEB8-8B4A-11D0-8D11-00A0C91BC942}") = "RampGenerator", "RampGenerator\RampGenerator.vcxproj", "{6A36C715-50C3-32C3-B6C9-B3906CCAA24D}"
	ProjectSection(ProjectDependencies) = postProject
		{19AFB6C0-A59F-3D25-AFF0-43C3B1529D45} = {19AFB6C0-A59F-3D25-AFF0-43C3B1529D45}
		{18305C6E-FDB4-3D73-9B32-DD0358D7C67E} = {18305C6E-FDB4-3D73-9B32-DD0358D7C67E}
	EndProjectSection
EndProject
Project("{8BC9CEB8-8B4A-11D0-8D11-00A0C91BC942}") = "Recast", "..\ThirdParty\Recast\Recast.vcxproj", "{F3E68AD2-5F44-3D86-88F7-34D0B8C217AB}"
	ProjectSection(ProjectDependencies) = postProject
		{18305C6E-FDB4-3D73-9B32-DD0358D7C67E} = {18305C6E-FDB4-3D73-9B32-DD0358D7C67E}
	EndProjectSection
EndProject
Project("{8BC9CEB8-8B4A-11D0-8D11-00A0C91BC942}") = "SDL", "..\ThirdParty\SDL\SDL.vcxproj", "{DBA481A6-E79B-3E0E-8B54-AE2210CDD5B6}"
	ProjectSection(ProjectDependencies) = postProject
		{18305C6E-FDB4-3D73-9B32-DD0358D7C67E} = {18305C6E-FDB4-3D73-9B32-DD0358D7C67E}
	EndProjectSection
EndProject
Project("{8BC9CEB8-8B4A-11D0-8D11-00A0C91BC942}") = "STB", "..\ThirdParty\STB\STB.vcxproj", "{D2315B9E-FB02-3108-9606-4F6DDB661549}"
	ProjectSection(ProjectDependencies) = postProject
		{18305C6E-FDB4-3D73-9B32-DD0358D7C67E} = {18305C6E-FDB4-3D73-9B32-DD0358D7C67E}
	EndProjectSection
EndProject
Project("{8BC9CEB8-8B4A-11D0-8D11-00A0C91BC942}") = "ScriptCompiler", "ScriptCompiler\ScriptCompiler.vcxproj", "{3AB80A57-8DA1-3782-B416-81A09FBCED9F}"
	ProjectSection(ProjectDependencies) = postProject
		{19AFB6C0-A59F-3D25-AFF0-43C3B1529D45} = {19AFB6C0-A59F-3D25-AFF0-43C3B1529D45}
		{18305C6E-FDB4-3D73-9B32-DD0358D7C67E} = {18305C6E-FDB4-3D73-9B32-DD0358D7C67E}
	EndProjectSection
EndProject
Project("{8BC9CEB8-8B4A-11D0-8D11-00A0C91BC942}") = "SpritePacker", "SpritePacker\SpritePacker.vcxproj", "{C6C804DA-BFFA-3CA1-BC7A-8682B3E55E06}"
	ProjectSection(ProjectDependencies) = postProject
		{19AFB6C0-A59F-3D25-AFF0-43C3B1529D45} = {19AFB6C0-A59F-3D25-AFF0-43C3B1529D45}
		{18305C6E-FDB4-3D73-9B32-DD0358D7C67E} = {18305C6E-FDB4-3D73-9B32-DD0358D7C67E}
	EndProjectSection
EndProject
Project("{8BC9CEB8-8B4A-11D0-8D11-00A0C91BC942}") = "StanHull", "..\ThirdParty\StanHull\StanHull.vcxproj", "{E7013BB8-875C-3A4F-B504-D67E55EACBA8}"
	ProjectSection(ProjectDependencies) = postProject
		{18305C6E-FDB4-3D73-9B32-DD0358D7C67E} = {18305C6E-FDB4-3D73-9B32-DD0358D7C67E}
	EndProjectSection
EndProject
Project("{8BC9CEB8-8B4A-11D0-8D11-00A0C91BC942}") = "Urho3D", "..\Urho3D\Urho3D.vcxproj", "{19AFB6C0-A59F-3D25-AFF0-43C3B1529D45}"
	ProjectSection(ProjectDependencies) = postProject
		{F89F95F0-1EAC-3D34-AB64-6D219E04BCBA} = {F89F95F0-1EAC-3D34-AB64-6D219E04BCBA}
		{069F3E63-F955-3739-9A6E-A259AC64928B} = {069F3E63-F955-3739-9A6E-A259AC64928B}
		{826FC557-EB91-3BB9-AF0B-6783909A26E7} = {826FC557-EB91-3BB9-AF0B-6783909A26E7}
		{FD81FF33-BD56-38A8-9CA9-79385D1A1996} = {FD81FF33-BD56-38A8-9CA9-79385D1A1996}
		{8F1D827B-6800-3528-8E2E-B35D00E63C05} = {8F1D827B-6800-3528-8E2E-B35D00E63C05}
		{92668CFA-04AE-33DD-BBF4-1A9E930DCD7F} = {92668CFA-04AE-33DD-BBF4-1A9E930DCD7F}
		{B481C9EE-6179-388F-81CC-C3202BC83833} = {B481C9EE-6179-388F-81CC-C3202BC83833}
		{DE72330B-B08E-37F9-91F5-EC99C6AFEC18} = {DE72330B-B08E-37F9-91F5-EC99C6AFEC18}
		{B0CE0172-4353-30DE-B6E1-311C8BDE6FD3} = {B0CE0172-4353-30DE-B6E1-311C8BDE6FD3}
		{86359789-E0F8-3D1E-AC10-1A2AA5C7BF09} = {86359789-E0F8-3D1E-AC10-1A2AA5C7BF09}
		{D9E409C5-756C-3463-B951-7689BB4FC454} = {D9E409C5-756C-3463-B951-7689BB4FC454}
		{9C59EED7-2B90-368B-A43F-7E4894253992} = {9C59EED7-2B90-368B-A43F-7E4894253992}
		{CF973EB2-1A3B-35AC-877B-C04350694348} = {CF973EB2-1A3B-35AC-877B-C04350694348}
		{F3E68AD2-5F44-3D86-88F7-34D0B8C217AB} = {F3E68AD2-5F44-3D86-88F7-34D0B8C217AB}
		{DBA481A6-E79B-3E0E-8B54-AE2210CDD5B6} = {DBA481A6-E79B-3E0E-8B54-AE2210CDD5B6}
		{D2315B9E-FB02-3108-9606-4F6DDB661549} = {D2315B9E-FB02-3108-9606-4F6DDB661549}
		{E7013BB8-875C-3A4F-B504-D67E55EACBA8} = {E7013BB8-875C-3A4F-B504-D67E55EACBA8}
		{EC5C9C2C-B475-3D35-9D4E-EECAB9EE1B20} = {EC5C9C2C-B475-3D35-9D4E-EECAB9EE1B20}
		{18305C6E-FDB4-3D73-9B32-DD0358D7C67E} = {18305C6E-FDB4-3D73-9B32-DD0358D7C67E}
		{6EBBC7E3-0D07-3B4E-A492-FE1B8ED292B4} = {6EBBC7E3-0D07-3B4E-A492-FE1B8ED292B4}
		{9872C217-A7CA-337E-A8A2-17A306E33944} = {9872C217-A7CA-337E-A8A2-17A306E33944}
		{8B45722A-978F-3F4C-B9D8-3D176B569E51} = {8B45722A-978F-3F4C-B9D8-3D176B569E51}
		{B51E3D9D-70FE-32C9-844F-36E2F94898AC} = {B51E3D9D-70FE-32C9-844F-36E2F94898AC}
		{49DE84C5-130E-3E77-8C49-49279678B016} = {49DE84C5-130E-3E77-8C49-49279678B016}
	EndProjectSection
EndProject
Project("{8BC9CEB8-8B4A-11D0-8D11-00A0C91BC942}") = "Urho3DPlayer", "Urho3DPlayer\Urho3DPlayer.vcxproj", "{628BC794-3CD8-3303-8BEA-AF17CC2583CF}"
	ProjectSection(ProjectDependencies) = postProject
		{19AFB6C0-A59F-3D25-AFF0-43C3B1529D45} = {19AFB6C0-A59F-3D25-AFF0-43C3B1529D45}
		{18305C6E-FDB4-3D73-9B32-DD0358D7C67E} = {18305C6E-FDB4-3D73-9B32-DD0358D7C67E}
	EndProjectSection
EndProject
Project("{8BC9CEB8-8B4A-11D0-8D11-00A0C91BC942}") = "WebP", "..\ThirdParty\WebP\WebP.vcxproj", "{EC5C9C2C-B475-3D35-9D4E-EECAB9EE1B20}"
	ProjectSection(ProjectDependencies) = postProject
		{18305C6E-FDB4-3D73-9B32-DD0358D7C67E} = {18305C6E-FDB4-3D73-9B32-DD0358D7C67E}
	EndProjectSection
EndProject
Project("{8BC9CEB8-8B4A-11D0-8D11-00A0C91BC942}") = "ZERO_CHECK", "..\..\\ZERO_CHECK.vcxproj", "{18305C6E-FDB4-3D73-9B32-DD0358D7C67E}"
	ProjectSection(ProjectDependencies) = postProject
	EndProjectSection
EndProject
Project("{8BC9CEB8-8B4A-11D0-8D11-00A0C91BC942}") = "ik", "..\ThirdParty\ik\ik.vcxproj", "{6EBBC7E3-0D07-3B4E-A492-FE1B8ED292B4}"
	ProjectSection(ProjectDependencies) = postProject
		{18305C6E-FDB4-3D73-9B32-DD0358D7C67E} = {18305C6E-FDB4-3D73-9B32-DD0358D7C67E}
	EndProjectSection
EndProject
Project("{8BC9CEB8-8B4A-11D0-8D11-00A0C91BC942}") = "kNet", "..\ThirdParty\kNet\kNet.vcxproj", "{9872C217-A7CA-337E-A8A2-17A306E33944}"
	ProjectSection(ProjectDependencies) = postProject
		{18305C6E-FDB4-3D73-9B32-DD0358D7C67E} = {18305C6E-FDB4-3D73-9B32-DD0358D7C67E}
	EndProjectSection
EndProject
Project("{8BC9CEB8-8B4A-11D0-8D11-00A0C91BC942}") = "rapidjson", "..\ThirdParty\rapidjson\rapidjson.vcxproj", "{8B45722A-978F-3F4C-B9D8-3D176B569E51}"
	ProjectSection(ProjectDependencies) = postProject
		{18305C6E-FDB4-3D73-9B32-DD0358D7C67E} = {18305C6E-FDB4-3D73-9B32-DD0358D7C67E}
	EndProjectSection
EndProject
Project("{8BC9CEB8-8B4A-11D0-8D11-00A0C91BC942}") = "tolua++", "..\ThirdParty\toluapp\src\bin\tolua++.vcxproj", "{B51E3D9D-70FE-32C9-844F-36E2F94898AC}"
	ProjectSection(ProjectDependencies) = postProject
		{9C59EED7-2B90-368B-A43F-7E4894253992} = {9C59EED7-2B90-368B-A43F-7E4894253992}
		{18305C6E-FDB4-3D73-9B32-DD0358D7C67E} = {18305C6E-FDB4-3D73-9B32-DD0358D7C67E}
		{49DE84C5-130E-3E77-8C49-49279678B016} = {49DE84C5-130E-3E77-8C49-49279678B016}
	EndProjectSection
EndProject
Project("{8BC9CEB8-8B4A-11D0-8D11-00A0C91BC942}") = "toluapp", "..\ThirdParty\toluapp\src\lib\toluapp.vcxproj", "{49DE84C5-130E-3E77-8C49-49279678B016}"
	ProjectSection(ProjectDependencies) = postProject
		{18305C6E-FDB4-3D73-9B32-DD0358D7C67E} = {18305C6E-FDB4-3D73-9B32-DD0358D7C67E}
	EndProjectSection
EndProject
Global
	GlobalSection(SolutionConfigurationPlatforms) = preSolution
		Release|Win32 = Release|Win32
		RelWithDebInfo|Win32 = RelWithDebInfo|Win32
		Debug|Win32 = Debug|Win32
	EndGlobalSection
	GlobalSection(ProjectConfigurationPlatforms) = postSolution
		{F36B3DC8-DF75-35D4-869C-30682C830292}.Release|Win32.ActiveCfg = Release|Win32
		{F36B3DC8-DF75-35D4-869C-30682C830292}.Release|Win32.Build.0 = Release|Win32
		{F36B3DC8-DF75-35D4-869C-30682C830292}.RelWithDebInfo|Win32.ActiveCfg = RelWithDebInfo|Win32
		{F36B3DC8-DF75-35D4-869C-30682C830292}.RelWithDebInfo|Win32.Build.0 = RelWithDebInfo|Win32
		{F36B3DC8-DF75-35D4-869C-30682C830292}.Debug|Win32.ActiveCfg = Debug|Win32
		{F36B3DC8-DF75-35D4-869C-30682C830292}.Debug|Win32.Build.0 = Debug|Win32
		{F89F95F0-1EAC-3D34-AB64-6D219E04BCBA}.Release|Win32.ActiveCfg = Release|Win32
		{F89F95F0-1EAC-3D34-AB64-6D219E04BCBA}.Release|Win32.Build.0 = Release|Win32
		{F89F95F0-1EAC-3D34-AB64-6D219E04BCBA}.RelWithDebInfo|Win32.ActiveCfg = RelWithDebInfo|Win32
		{F89F95F0-1EAC-3D34-AB64-6D219E04BCBA}.RelWithDebInfo|Win32.Build.0 = RelWithDebInfo|Win32
		{F89F95F0-1EAC-3D34-AB64-6D219E04BCBA}.Debug|Win32.ActiveCfg = Debug|Win32
		{F89F95F0-1EAC-3D34-AB64-6D219E04BCBA}.Debug|Win32.Build.0 = Debug|Win32
		{C04FDC35-BAA0-33A5-A88C-AC3C5A2B26F4}.Release|Win32.ActiveCfg = Release|Win32
		{C04FDC35-BAA0-33A5-A88C-AC3C5A2B26F4}.Release|Win32.Build.0 = Release|Win32
		{C04FDC35-BAA0-33A5-A88C-AC3C5A2B26F4}.RelWithDebInfo|Win32.ActiveCfg = RelWithDebInfo|Win32
		{C04FDC35-BAA0-33A5-A88C-AC3C5A2B26F4}.RelWithDebInfo|Win32.Build.0 = RelWithDebInfo|Win32
		{C04FDC35-BAA0-33A5-A88C-AC3C5A2B26F4}.Debug|Win32.ActiveCfg = Debug|Win32
		{C04FDC35-BAA0-33A5-A88C-AC3C5A2B26F4}.Debug|Win32.Build.0 = Debug|Win32
		{F619291B-27C5-3302-B755-1B3A4AA59EAE}.Release|Win32.ActiveCfg = Release|Win32
		{F619291B-27C5-3302-B755-1B3A4AA59EAE}.Release|Win32.Build.0 = Release|Win32
		{F619291B-27C5-3302-B755-1B3A4AA59EAE}.RelWithDebInfo|Win32.ActiveCfg = RelWithDebInfo|Win32
		{F619291B-27C5-3302-B755-1B3A4AA59EAE}.RelWithDebInfo|Win32.Build.0 = RelWithDebInfo|Win32
		{F619291B-27C5-3302-B755-1B3A4AA59EAE}.Debug|Win32.ActiveCfg = Debug|Win32
		{F619291B-27C5-3302-B755-1B3A4AA59EAE}.Debug|Win32.Build.0 = Debug|Win32
		{069F3E63-F955-3739-9A6E-A259AC64928B}.Release|Win32.ActiveCfg = Release|Win32
		{069F3E63-F955-3739-9A6E-A259AC64928B}.Release|Win32.Build.0 = Release|Win32
		{069F3E63-F955-3739-9A6E-A259AC64928B}.RelWithDebInfo|Win32.ActiveCfg = RelWithDebInfo|Win32
		{069F3E63-F955-3739-9A6E-A259AC64928B}.RelWithDebInfo|Win32.Build.0 = RelWithDebInfo|Win32
		{069F3E63-F955-3739-9A6E-A259AC64928B}.Debug|Win32.ActiveCfg = Debug|Win32
		{069F3E63-F955-3739-9A6E-A259AC64928B}.Debug|Win32.Build.0 = Debug|Win32
		{826FC557-EB91-3BB9-AF0B-6783909A26E7}.Release|Win32.ActiveCfg = Release|Win32
		{826FC557-EB91-3BB9-AF0B-6783909A26E7}.Release|Win32.Build.0 = Release|Win32
		{826FC557-EB91-3BB9-AF0B-6783909A26E7}.RelWithDebInfo|Win32.ActiveCfg = RelWithDebInfo|Win32
		{826FC557-EB91-3BB9-AF0B-6783909A26E7}.RelWithDebInfo|Win32.Build.0 = RelWithDebInfo|Win32
		{826FC557-EB91-3BB9-AF0B-6783909A26E7}.Debug|Win32.ActiveCfg = Debug|Win32
		{826FC557-EB91-3BB9-AF0B-6783909A26E7}.Debug|Win32.Build.0 = Debug|Win32
		{FD81FF33-BD56-38A8-9CA9-79385D1A1996}.Release|Win32.ActiveCfg = Release|Win32
		{FD81FF33-BD56-38A8-9CA9-79385D1A1996}.Release|Win32.Build.0 = Release|Win32
		{FD81FF33-BD56-38A8-9CA9-79385D1A1996}.RelWithDebInfo|Win32.ActiveCfg = RelWithDebInfo|Win32
		{FD81FF33-BD56-38A8-9CA9-79385D1A1996}.RelWithDebInfo|Win32.Build.0 = RelWithDebInfo|Win32
		{FD81FF33-BD56-38A8-9CA9-79385D1A1996}.Debug|Win32.ActiveCfg = Debug|Win32
		{FD81FF33-BD56-38A8-9CA9-79385D1A1996}.Debug|Win32.Build.0 = Debug|Win32
		{8F1D827B-6800-3528-8E2E-B35D00E63C05}.Release|Win32.ActiveCfg = Release|Win32
		{8F1D827B-6800-3528-8E2E-B35D00E63C05}.Release|Win32.Build.0 = Release|Win32
		{8F1D827B-6800-3528-8E2E-B35D00E63C05}.RelWithDebInfo|Win32.ActiveCfg = RelWithDebInfo|Win32
		{8F1D827B-6800-3528-8E2E-B35D00E63C05}.RelWithDebInfo|Win32.Build.0 = RelWithDebInfo|Win32
		{8F1D827B-6800-3528-8E2E-B35D00E63C05}.Debug|Win32.ActiveCfg = Debug|Win32
		{8F1D827B-6800-3528-8E2E-B35D00E63C05}.Debug|Win32.Build.0 = Debug|Win32
		{92668CFA-04AE-33DD-BBF4-1A9E930DCD7F}.Release|Win32.ActiveCfg = Release|Win32
		{92668CFA-04AE-33DD-BBF4-1A9E930DCD7F}.Release|Win32.Build.0 = Release|Win32
		{92668CFA-04AE-33DD-BBF4-1A9E930DCD7F}.RelWithDebInfo|Win32.ActiveCfg = RelWithDebInfo|Win32
		{92668CFA-04AE-33DD-BBF4-1A9E930DCD7F}.RelWithDebInfo|Win32.Build.0 = RelWithDebInfo|Win32
		{92668CFA-04AE-33DD-BBF4-1A9E930DCD7F}.Debug|Win32.ActiveCfg = Debug|Win32
		{92668CFA-04AE-33DD-BBF4-1A9E930DCD7F}.Debug|Win32.Build.0 = Debug|Win32
		{B481C9EE-6179-388F-81CC-C3202BC83833}.Release|Win32.ActiveCfg = Release|Win32
		{B481C9EE-6179-388F-81CC-C3202BC83833}.Release|Win32.Build.0 = Release|Win32
		{B481C9EE-6179-388F-81CC-C3202BC83833}.RelWithDebInfo|Win32.ActiveCfg = RelWithDebInfo|Win32
		{B481C9EE-6179-388F-81CC-C3202BC83833}.RelWithDebInfo|Win32.Build.0 = RelWithDebInfo|Win32
		{B481C9EE-6179-388F-81CC-C3202BC83833}.Debug|Win32.ActiveCfg = Debug|Win32
		{B481C9EE-6179-388F-81CC-C3202BC83833}.Debug|Win32.Build.0 = Debug|Win32
		{DE72330B-B08E-37F9-91F5-EC99C6AFEC18}.Release|Win32.ActiveCfg = Release|Win32
		{DE72330B-B08E-37F9-91F5-EC99C6AFEC18}.Release|Win32.Build.0 = Release|Win32
		{DE72330B-B08E-37F9-91F5-EC99C6AFEC18}.RelWithDebInfo|Win32.ActiveCfg = RelWithDebInfo|Win32
		{DE72330B-B08E-37F9-91F5-EC99C6AFEC18}.RelWithDebInfo|Win32.Build.0 = RelWithDebInfo|Win32
		{DE72330B-B08E-37F9-91F5-EC99C6AFEC18}.Debug|Win32.ActiveCfg = Debug|Win32
		{DE72330B-B08E-37F9-91F5-EC99C6AFEC18}.Debug|Win32.Build.0 = Debug|Win32
		{8D768D00-E2B9-371C-9CEA-4A0E3E4D4089}.Release|Win32.ActiveCfg = Release|Win32
		{8D768D00-E2B9-371C-9CEA-4A0E3E4D4089}.RelWithDebInfo|Win32.ActiveCfg = RelWithDebInfo|Win32
		{8D768D00-E2B9-371C-9CEA-4A0E3E4D4089}.Debug|Win32.ActiveCfg = Debug|Win32
		{B0CE0172-4353-30DE-B6E1-311C8BDE6FD3}.Release|Win32.ActiveCfg = Release|Win32
		{B0CE0172-4353-30DE-B6E1-311C8BDE6FD3}.Release|Win32.Build.0 = Release|Win32
		{B0CE0172-4353-30DE-B6E1-311C8BDE6FD3}.RelWithDebInfo|Win32.ActiveCfg = RelWithDebInfo|Win32
		{B0CE0172-4353-30DE-B6E1-311C8BDE6FD3}.RelWithDebInfo|Win32.Build.0 = RelWithDebInfo|Win32
		{B0CE0172-4353-30DE-B6E1-311C8BDE6FD3}.Debug|Win32.ActiveCfg = Debug|Win32
		{B0CE0172-4353-30DE-B6E1-311C8BDE6FD3}.Debug|Win32.Build.0 = Debug|Win32
		{86359789-E0F8-3D1E-AC10-1A2AA5C7BF09}.Release|Win32.ActiveCfg = Release|Win32
		{86359789-E0F8-3D1E-AC10-1A2AA5C7BF09}.Release|Win32.Build.0 = Release|Win32
		{86359789-E0F8-3D1E-AC10-1A2AA5C7BF09}.RelWithDebInfo|Win32.ActiveCfg = RelWithDebInfo|Win32
		{86359789-E0F8-3D1E-AC10-1A2AA5C7BF09}.RelWithDebInfo|Win32.Build.0 = RelWithDebInfo|Win32
		{86359789-E0F8-3D1E-AC10-1A2AA5C7BF09}.Debug|Win32.ActiveCfg = Debug|Win32
		{86359789-E0F8-3D1E-AC10-1A2AA5C7BF09}.Debug|Win32.Build.0 = Debug|Win32
		{D9E409C5-756C-3463-B951-7689BB4FC454}.Release|Win32.ActiveCfg = Release|Win32
		{D9E409C5-756C-3463-B951-7689BB4FC454}.Release|Win32.Build.0 = Release|Win32
		{D9E409C5-756C-3463-B951-7689BB4FC454}.RelWithDebInfo|Win32.ActiveCfg = RelWithDebInfo|Win32
		{D9E409C5-756C-3463-B951-7689BB4FC454}.RelWithDebInfo|Win32.Build.0 = RelWithDebInfo|Win32
		{D9E409C5-756C-3463-B951-7689BB4FC454}.Debug|Win32.ActiveCfg = Debug|Win32
		{D9E409C5-756C-3463-B951-7689BB4FC454}.Debug|Win32.Build.0 = Debug|Win32
		{9C59EED7-2B90-368B-A43F-7E4894253992}.Release|Win32.ActiveCfg = Release|Win32
		{9C59EED7-2B90-368B-A43F-7E4894253992}.Release|Win32.Build.0 = Release|Win32
		{9C59EED7-2B90-368B-A43F-7E4894253992}.RelWithDebInfo|Win32.ActiveCfg = RelWithDebInfo|Win32
		{9C59EED7-2B90-368B-A43F-7E4894253992}.RelWithDebInfo|Win32.Build.0 = RelWithDebInfo|Win32
		{9C59EED7-2B90-368B-A43F-7E4894253992}.Debug|Win32.ActiveCfg = Debug|Win32
		{9C59EED7-2B90-368B-A43F-7E4894253992}.Debug|Win32.Build.0 = Debug|Win32
		{F37BEF26-8EA6-3676-AFDA-21FE50ED19AD}.Release|Win32.ActiveCfg = Release|Win32
		{F37BEF26-8EA6-3676-AFDA-21FE50ED19AD}.Release|Win32.Build.0 = Release|Win32
		{F37BEF26-8EA6-3676-AFDA-21FE50ED19AD}.RelWithDebInfo|Win32.ActiveCfg = RelWithDebInfo|Win32
		{F37BEF26-8EA6-3676-AFDA-21FE50ED19AD}.RelWithDebInfo|Win32.Build.0 = RelWithDebInfo|Win32
		{F37BEF26-8EA6-3676-AFDA-21FE50ED19AD}.Debug|Win32.ActiveCfg = Debug|Win32
		{F37BEF26-8EA6-3676-AFDA-21FE50ED19AD}.Debug|Win32.Build.0 = Debug|Win32
		{EF36370B-6919-3FB9-B4C9-6E710D2C8C93}.Release|Win32.ActiveCfg = Release|Win32
		{EF36370B-6919-3FB9-B4C9-6E710D2C8C93}.RelWithDebInfo|Win32.ActiveCfg = RelWithDebInfo|Win32
		{EF36370B-6919-3FB9-B4C9-6E710D2C8C93}.Debug|Win32.ActiveCfg = Debug|Win32
		{423AC2FE-B6BF-30C9-8E4C-7B83C4123E6F}.Release|Win32.ActiveCfg = Release|Win32
		{423AC2FE-B6BF-30C9-8E4C-7B83C4123E6F}.Release|Win32.Build.0 = Release|Win32
		{423AC2FE-B6BF-30C9-8E4C-7B83C4123E6F}.RelWithDebInfo|Win32.ActiveCfg = RelWithDebInfo|Win32
		{423AC2FE-B6BF-30C9-8E4C-7B83C4123E6F}.RelWithDebInfo|Win32.Build.0 = RelWithDebInfo|Win32
		{423AC2FE-B6BF-30C9-8E4C-7B83C4123E6F}.Debug|Win32.ActiveCfg = Debug|Win32
		{423AC2FE-B6BF-30C9-8E4C-7B83C4123E6F}.Debug|Win32.Build.0 = Debug|Win32
		{CF973EB2-1A3B-35AC-877B-C04350694348}.Release|Win32.ActiveCfg = Release|Win32
		{CF973EB2-1A3B-35AC-877B-C04350694348}.Release|Win32.Build.0 = Release|Win32
		{CF973EB2-1A3B-35AC-877B-C04350694348}.RelWithDebInfo|Win32.ActiveCfg = RelWithDebInfo|Win32
		{CF973EB2-1A3B-35AC-877B-C04350694348}.RelWithDebInfo|Win32.Build.0 = RelWithDebInfo|Win32
		{CF973EB2-1A3B-35AC-877B-C04350694348}.Debug|Win32.ActiveCfg = Debug|Win32
		{CF973EB2-1A3B-35AC-877B-C04350694348}.Debug|Win32.Build.0 = Debug|Win32
		{6A36C715-50C3-32C3-B6C9-B3906CCAA24D}.Release|Win32.ActiveCfg = Release|Win32
		{6A36C715-50C3-32C3-B6C9-B3906CCAA24D}.Release|Win32.Build.0 = Release|Win32
		{6A36C715-50C3-32C3-B6C9-B3906CCAA24D}.RelWithDebInfo|Win32.ActiveCfg = RelWithDebInfo|Win32
		{6A36C715-50C3-32C3-B6C9-B3906CCAA24D}.RelWithDebInfo|Win32.Build.0 = RelWithDebInfo|Win32
		{6A36C715-50C3-32C3-B6C9-B3906CCAA24D}.Debug|Win32.ActiveCfg = Debug|Win32
		{6A36C715-50C3-32C3-B6C9-B3906CCAA24D}.Debug|Win32.Build.0 = Debug|Win32
		{F3E68AD2-5F44-3D86-88F7-34D0B8C217AB}.Release|Win32.ActiveCfg = Release|Win32
		{F3E68AD2-5F44-3D86-88F7-34D0B8C217AB}.Release|Win32.Build.0 = Release|Win32
		{F3E68AD2-5F44-3D86-88F7-34D0B8C217AB}.RelWithDebInfo|Win32.ActiveCfg = RelWithDebInfo|Win32
		{F3E68AD2-5F44-3D86-88F7-34D0B8C217AB}.RelWithDebInfo|Win32.Build.0 = RelWithDebInfo|Win32
		{F3E68AD2-5F44-3D86-88F7-34D0B8C217AB}.Debug|Win32.ActiveCfg = Debug|Win32
		{F3E68AD2-5F44-3D86-88F7-34D0B8C217AB}.Debug|Win32.Build.0 = Debug|Win32
		{DBA481A6-E79B-3E0E-8B54-AE2210CDD5B6}.Release|Win32.ActiveCfg = Release|Win32
		{DBA481A6-E79B-3E0E-8B54-AE2210CDD5B6}.Release|Win32.Build.0 = Release|Win32
		{DBA481A6-E79B-3E0E-8B54-AE2210CDD5B6}.RelWithDebInfo|Win32.ActiveCfg = RelWithDebInfo|Win32
		{DBA481A6-E79B-3E0E-8B54-AE2210CDD5B6}.RelWithDebInfo|Win32.Build.0 = RelWithDebInfo|Win32
		{DBA481A6-E79B-3E0E-8B54-AE2210CDD5B6}.Debug|Win32.ActiveCfg = Debug|Win32
		{DBA481A6-E79B-3E0E-8B54-AE2210CDD5B6}.Debug|Win32.Build.0 = Debug|Win32
		{D2315B9E-FB02-3108-9606-4F6DDB661549}.Release|Win32.ActiveCfg = Release|Win32
		{D2315B9E-FB02-3108-9606-4F6DDB661549}.Release|Win32.Build.0 = Release|Win32
		{D2315B9E-FB02-3108-9606-4F6DDB661549}.RelWithDebInfo|Win32.ActiveCfg = RelWithDebInfo|Win32
		{D2315B9E-FB02-3108-9606-4F6DDB661549}.RelWithDebInfo|Win32.Build.0 = RelWithDebInfo|Win32
		{D2315B9E-FB02-3108-9606-4F6DDB661549}.Debug|Win32.ActiveCfg = Debug|Win32
		{D2315B9E-FB02-3108-9606-4F6DDB661549}.Debug|Win32.Build.0 = Debug|Win32
		{3AB80A57-8DA1-3782-B416-81A09FBCED9F}.Release|Win32.ActiveCfg = Release|Win32
		{3AB80A57-8DA1-3782-B416-81A09FBCED9F}.Release|Win32.Build.0 = Release|Win32
		{3AB80A57-8DA1-3782-B416-81A09FBCED9F}.RelWithDebInfo|Win32.ActiveCfg = RelWithDebInfo|Win32
		{3AB80A57-8DA1-3782-B416-81A09FBCED9F}.RelWithDebInfo|Win32.Build.0 = RelWithDebInfo|Win32
		{3AB80A57-8DA1-3782-B416-81A09FBCED9F}.Debug|Win32.ActiveCfg = Debug|Win32
		{3AB80A57-8DA1-3782-B416-81A09FBCED9F}.Debug|Win32.Build.0 = Debug|Win32
		{C6C804DA-BFFA-3CA1-BC7A-8682B3E55E06}.Release|Win32.ActiveCfg = Release|Win32
		{C6C804DA-BFFA-3CA1-BC7A-8682B3E55E06}.Release|Win32.Build.0 = Release|Win32
		{C6C804DA-BFFA-3CA1-BC7A-8682B3E55E06}.RelWithDebInfo|Win32.ActiveCfg = RelWithDebInfo|Win32
		{C6C804DA-BFFA-3CA1-BC7A-8682B3E55E06}.RelWithDebInfo|Win32.Build.0 = RelWithDebInfo|Win32
		{C6C804DA-BFFA-3CA1-BC7A-8682B3E55E06}.Debug|Win32.ActiveCfg = Debug|Win32
		{C6C804DA-BFFA-3CA1-BC7A-8682B3E55E06}.Debug|Win32.Build.0 = Debug|Win32
		{E7013BB8-875C-3A4F-B504-D67E55EACBA8}.Release|Win32.ActiveCfg = Release|Win32
		{E7013BB8-875C-3A4F-B504-D67E55EACBA8}.Release|Win32.Build.0 = Release|Win32
		{E7013BB8-875C-3A4F-B504-D67E55EACBA8}.RelWithDebInfo|Win32.ActiveCfg = RelWithDebInfo|Win32
		{E7013BB8-875C-3A4F-B504-D67E55EACBA8}.RelWithDebInfo|Win32.Build.0 = RelWithDebInfo|Win32
		{E7013BB8-875C-3A4F-B504-D67E55EACBA8}.Debug|Win32.ActiveCfg = Debug|Win32
		{E7013BB8-875C-3A4F-B504-D67E55EACBA8}.Debug|Win32.Build.0 = Debug|Win32
		{19AFB6C0-A59F-3D25-AFF0-43C3B1529D45}.Release|Win32.ActiveCfg = Release|Win32
		{19AFB6C0-A59F-3D25-AFF0-43C3B1529D45}.Release|Win32.Build.0 = Release|Win32
		{19AFB6C0-A59F-3D25-AFF0-43C3B1529D45}.RelWithDebInfo|Win32.ActiveCfg = RelWithDebInfo|Win32
		{19AFB6C0-A59F-3D25-AFF0-43C3B1529D45}.RelWithDebInfo|Win32.Build.0 = RelWithDebInfo|Win32
		{19AFB6C0-A59F-3D25-AFF0-43C3B1529D45}.Debug|Win32.ActiveCfg = Debug|Win32
		{19AFB6C0-A59F-3D25-AFF0-43C3B1529D45}.Debug|Win32.Build.0 = Debug|Win32
		{628BC794-3CD8-3303-8BEA-AF17CC2583CF}.Release|Win32.ActiveCfg = Release|Win32
		{628BC794-3CD8-3303-8BEA-AF17CC2583CF}.Release|Win32.Build.0 = Release|Win32
		{628BC794-3CD8-3303-8BEA-AF17CC2583CF}.RelWithDebInfo|Win32.ActiveCfg = RelWithDebInfo|Win32
		{628BC794-3CD8-3303-8BEA-AF17CC2583CF}.RelWithDebInfo|Win32.Build.0 = RelWithDebInfo|Win32
		{628BC794-3CD8-3303-8BEA-AF17CC2583CF}.Debug|Win32.ActiveCfg = Debug|Win32
		{628BC794-3CD8-3303-8BEA-AF17CC2583CF}.Debug|Win32.Build.0 = Debug|Win32
		{EC5C9C2C-B475-3D35-9D4E-EECAB9EE1B20}.Release|Win32.ActiveCfg = Release|Win32
		{EC5C9C2C-B475-3D35-9D4E-EECAB9EE1B20}.Release|Win32.Build.0 = Release|Win32
		{EC5C9C2C-B475-3D35-9D4E-EECAB9EE1B20}.RelWithDebInfo|Win32.ActiveCfg = RelWithDebInfo|Win32
		{EC5C9C2C-B475-3D35-9D4E-EECAB9EE1B20}.RelWithDebInfo|Win32.Build.0 = RelWithDebInfo|Win32
		{EC5C9C2C-B475-3D35-9D4E-EECAB9EE1B20}.Debug|Win32.ActiveCfg = Debug|Win32
		{EC5C9C2C-B475-3D35-9D4E-EECAB9EE1B20}.Debug|Win32.Build.0 = Debug|Win32
		{18305C6E-FDB4-3D73-9B32-DD0358D7C67E}.Release|Win32.ActiveCfg = Release|Win32
		{18305C6E-FDB4-3D73-9B32-DD0358D7C67E}.Release|Win32.Build.0 = Release|Win32
		{18305C6E-FDB4-3D73-9B32-DD0358D7C67E}.RelWithDebInfo|Win32.ActiveCfg = RelWithDebInfo|Win32
		{18305C6E-FDB4-3D73-9B32-DD0358D7C67E}.RelWithDebInfo|Win32.Build.0 = RelWithDebInfo|Win32
		{18305C6E-FDB4-3D73-9B32-DD0358D7C67E}.Debug|Win32.ActiveCfg = Debug|Win32
		{18305C6E-FDB4-3D73-9B32-DD0358D7C67E}.Debug|Win32.Build.0 = Debug|Win32
		{6EBBC7E3-0D07-3B4E-A492-FE1B8ED292B4}.Release|Win32.ActiveCfg = Release|Win32
		{6EBBC7E3-0D07-3B4E-A492-FE1B8ED292B4}.Release|Win32.Build.0 = Release|Win32
		{6EBBC7E3-0D07-3B4E-A492-FE1B8ED292B4}.RelWithDebInfo|Win32.ActiveCfg = RelWithDebInfo|Win32
		{6EBBC7E3-0D07-3B4E-A492-FE1B8ED292B4}.RelWithDebInfo|Win32.Build.0 = RelWithDebInfo|Win32
		{6EBBC7E3-0D07-3B4E-A492-FE1B8ED292B4}.Debug|Win32.ActiveCfg = Debug|Win32
		{6EBBC7E3-0D07-3B4E-A492-FE1B8ED292B4}.Debug|Win32.Build.0 = Debug|Win32
		{9872C217-A7CA-337E-A8A2-17A306E33944}.Release|Win32.ActiveCfg = Release|Win32
		{9872C217-A7CA-337E-A8A2-17A306E33944}.Release|Win32.Build.0 = Release|Win32
		{9872C217-A7CA-337E-A8A2-17A306E33944}.RelWithDebInfo|Win32.ActiveCfg = RelWithDebInfo|Win32
		{9872C217-A7CA-337E-A8A2-17A306E33944}.RelWithDebInfo|Win32.Build.0 = RelWithDebInfo|Win32
		{9872C217-A7CA-337E-A8A2-17A306E33944}.Debug|Win32.ActiveCfg = Debug|Win32
		{9872C217-A7CA-337E-A8A2-17A306E33944}.Debug|Win32.Build.0 = Debug|Win32
		{8B45722A-978F-3F4C-B9D8-3D176B569E51}.Release|Win32.ActiveCfg = Release|Win32
		{8B45722A-978F-3F4C-B9D8-3D176B569E51}.Release|Win32.Build.0 = Release|Win32
		{8B45722A-978F-3F4C-B9D8-3D176B569E51}.RelWithDebInfo|Win32.ActiveCfg = RelWithDebInfo|Win32
		{8B45722A-978F-3F4C-B9D8-3D176B569E51}.RelWithDebInfo|Win32.Build.0 = RelWithDebInfo|Win32
		{8B45722A-978F-3F4C-B9D8-3D176B569E51}.Debug|Win32.ActiveCfg = Debug|Win32
		{8B45722A-978F-3F4C-B9D8-3D176B569E51}.Debug|Win32.Build.0 = Debug|Win32
		{B51E3D9D-70FE-32C9-844F-36E2F94898AC}.Release|Win32.ActiveCfg = Release|Win32
		{B51E3D9D-70FE-32C9-844F-36E2F94898AC}.Release|Win32.Build.0 = Release|Win32
		{B51E3D9D-70FE-32C9-844F-36E2F94898AC}.RelWithDebInfo|Win32.ActiveCfg = RelWithDebInfo|Win32
		{B51E3D9D-70FE-32C9-844F-36E2F94898AC}.RelWithDebInfo|Win32.Build.0 = RelWithDebInfo|Win32
		{B51E3D9D-70FE-32C9-844F-36E2F94898AC}.Debug|Win32.ActiveCfg = Debug|Win32
		{B51E3D9D-70FE-32C9-844F-36E2F94898AC}.Debug|Win32.Build.0 = Debug|Win32
		{49DE84C5-130E-3E77-8C49-49279678B016}.Release|Win32.ActiveCfg = Release|Win32
		{49DE84C5-130E-3E77-8C49-49279678B016}.Release|Win32.Build.0 = Release|Win32
		{49DE84C5-130E-3E77-8C49-49279678B016}.RelWithDebInfo|Win32.ActiveCfg = RelWithDebInfo|Win32
		{49DE84C5-130E-3E77-8C49-49279678B016}.RelWithDebInfo|Win32.Build.0 = RelWithDebInfo|Win32
		{49DE84C5-130E-3E77-8C49-49279678B016}.Debug|Win32.ActiveCfg = Debug|Win32
		{49DE84C5-130E-3E77-8C49-49279678B016}.Debug|Win32.Build.0 = Debug|Win32
	EndGlobalSection
	GlobalSection(ExtensibilityGlobals) = postSolution
	EndGlobalSection
	GlobalSection(ExtensibilityAddIns) = postSolution
	EndGlobalSection
EndGlobal
