Microsoft Visual Studio Solution File, Format Version 12.00
# Visual Studio 15
Project("{8BC9CEB8-8B4A-11D0-8D11-00A0C91BC942}") = "ALL_BUILD", "ALL_BUILD.vcxproj", "{35901850-ADF1-34C1-BC21-67806AF90CDC}"
	ProjectSection(ProjectDependencies) = postProject
		{68FE3372-29B2-31FB-838F-E79B9B354E71} = {68FE3372-29B2-31FB-838F-E79B9B354E71}
		{C9D76477-6D3C-3DA9-A186-68D4D78300E5} = {C9D76477-6D3C-3DA9-A186-68D4D78300E5}
		{C73AFBFD-8F03-31C8-91CE-0B66ED8427C0} = {C73AFBFD-8F03-31C8-91CE-0B66ED8427C0}
		{12F438B7-EB78-3DA4-8ABF-5538DDEC4F40} = {12F438B7-EB78-3DA4-8ABF-5538DDEC4F40}
		{1696D29D-76C7-328B-B084-01612CC6B39E} = {1696D29D-76C7-328B-B084-01612CC6B39E}
		{6923D205-D2D3-3EE5-847C-F117E015C45C} = {6923D205-D2D3-3EE5-847C-F117E015C45C}
		{DB70DDE3-B13E-35C9-9BDF-13B1DBDA6B6F} = {DB70DDE3-B13E-35C9-9BDF-13B1DBDA6B6F}
		{001437D0-EEE9-305C-8433-C50995F57225} = {001437D0-EEE9-305C-8433-C50995F57225}
		{B8A0DBB4-0624-3604-9B9F-9F3EE94AB421} = {B8A0DBB4-0624-3604-9B9F-9F3EE94AB421}
	EndProjectSection
EndProject
Project("{8BC9CEB8-8B4A-11D0-8D11-00A0C91BC942}") = "AngelScript", "..\ThirdParty\AngelScript\AngelScript.vcxproj", "{72503E0E-ABA6-3812-A9ED-E97D298646BD}"
	ProjectSection(ProjectDependencies) = postProject
		{B8A0DBB4-0624-3604-9B9F-9F3EE94AB421} = {B8A0DBB4-0624-3604-9B9F-9F3EE94AB421}
	EndProjectSection
EndProject
Project("{8BC9CEB8-8B4A-11D0-8D11-00A0C91BC942}") = "AssetImporter", "AssetImporter\AssetImporter.vcxproj", "{68FE3372-29B2-31FB-838F-E79B9B354E71}"
	ProjectSection(ProjectDependencies) = postProject
		{C9D76477-6D3C-3DA9-A186-68D4D78300E5} = {C9D76477-6D3C-3DA9-A186-68D4D78300E5}
		{FB1B74B5-A2DC-307A-B5FD-1629AB16DE7B} = {FB1B74B5-A2DC-307A-B5FD-1629AB16DE7B}
		{B8A0DBB4-0624-3604-9B9F-9F3EE94AB421} = {B8A0DBB4-0624-3604-9B9F-9F3EE94AB421}
	EndProjectSection
EndProject
Project("{8BC9CEB8-8B4A-11D0-8D11-00A0C91BC942}") = "Assimp", "..\ThirdParty\Assimp\Assimp.vcxproj", "{C9D76477-6D3C-3DA9-A186-68D4D78300E5}"
	ProjectSection(ProjectDependencies) = postProject
		{FB1B74B5-A2DC-307A-B5FD-1629AB16DE7B} = {FB1B74B5-A2DC-307A-B5FD-1629AB16DE7B}
		{B8A0DBB4-0624-3604-9B9F-9F3EE94AB421} = {B8A0DBB4-0624-3604-9B9F-9F3EE94AB421}
	EndProjectSection
EndProject
Project("{8BC9CEB8-8B4A-11D0-8D11-00A0C91BC942}") = "Box2D", "..\ThirdParty\Box2D\Box2D.vcxproj", "{FE14D1E5-54D0-309F-8CEF-D3C211ED3F07}"
	ProjectSection(ProjectDependencies) = postProject
		{B8A0DBB4-0624-3604-9B9F-9F3EE94AB421} = {B8A0DBB4-0624-3604-9B9F-9F3EE94AB421}
	EndProjectSection
EndProject
Project("{8BC9CEB8-8B4A-11D0-8D11-00A0C91BC942}") = "Bullet", "..\ThirdParty\Bullet\Bullet.vcxproj", "{A729D02B-1CFE-3679-ADA8-E600A90A7D53}"
	ProjectSection(ProjectDependencies) = postProject
		{B8A0DBB4-0624-3604-9B9F-9F3EE94AB421} = {B8A0DBB4-0624-3604-9B9F-9F3EE94AB421}
	EndProjectSection
EndProject
Project("{8BC9CEB8-8B4A-11D0-8D11-00A0C91BC942}") = "Civetweb", "..\ThirdParty\Civetweb\Civetweb.vcxproj", "{CECE82C1-5737-3906-9A19-3BD5C342A484}"
	ProjectSection(ProjectDependencies) = postProject
		{B8A0DBB4-0624-3604-9B9F-9F3EE94AB421} = {B8A0DBB4-0624-3604-9B9F-9F3EE94AB421}
	EndProjectSection
EndProject
Project("{8BC9CEB8-8B4A-11D0-8D11-00A0C91BC942}") = "Detour", "..\ThirdParty\Detour\Detour.vcxproj", "{09B63909-91B8-3163-83F7-9BF4A6D78F03}"
	ProjectSection(ProjectDependencies) = postProject
		{B8A0DBB4-0624-3604-9B9F-9F3EE94AB421} = {B8A0DBB4-0624-3604-9B9F-9F3EE94AB421}
	EndProjectSection
EndProject
Project("{8BC9CEB8-8B4A-11D0-8D11-00A0C91BC942}") = "DetourCrowd", "..\ThirdParty\DetourCrowd\DetourCrowd.vcxproj", "{04E0994A-5004-3572-8529-5EB0ED643BFC}"
	ProjectSection(ProjectDependencies) = postProject
		{B8A0DBB4-0624-3604-9B9F-9F3EE94AB421} = {B8A0DBB4-0624-3604-9B9F-9F3EE94AB421}
	EndProjectSection
EndProject
Project("{8BC9CEB8-8B4A-11D0-8D11-00A0C91BC942}") = "DetourTileCache", "..\ThirdParty\DetourTileCache\DetourTileCache.vcxproj", "{5141C561-3E10-389A-AE62-97DAB168EE1F}"
	ProjectSection(ProjectDependencies) = postProject
		{B8A0DBB4-0624-3604-9B9F-9F3EE94AB421} = {B8A0DBB4-0624-3604-9B9F-9F3EE94AB421}
	EndProjectSection
EndProject
Project("{8BC9CEB8-8B4A-11D0-8D11-00A0C91BC942}") = "FreeType", "..\ThirdParty\FreeType\FreeType.vcxproj", "{D2017B89-1C09-3FF7-B58E-5BF641182364}"
	ProjectSection(ProjectDependencies) = postProject
		{B8A0DBB4-0624-3604-9B9F-9F3EE94AB421} = {B8A0DBB4-0624-3604-9B9F-9F3EE94AB421}
	EndProjectSection
EndProject
Project("{8BC9CEB8-8B4A-11D0-8D11-00A0C91BC942}") = "INSTALL", "INSTALL.vcxproj", "{CFD33E1D-CE9B-3194-A425-34CA3D390890}"
	ProjectSection(ProjectDependencies) = postProject
		{35901850-ADF1-34C1-BC21-67806AF90CDC} = {35901850-ADF1-34C1-BC21-67806AF90CDC}
		{B8A0DBB4-0624-3604-9B9F-9F3EE94AB421} = {B8A0DBB4-0624-3604-9B9F-9F3EE94AB421}
	EndProjectSection
EndProject
Project("{8BC9CEB8-8B4A-11D0-8D11-00A0C91BC942}") = "JO", "..\ThirdParty\JO\JO.vcxproj", "{ADD7D331-C270-367F-AC3E-843E828BEB09}"
	ProjectSection(ProjectDependencies) = postProject
		{B8A0DBB4-0624-3604-9B9F-9F3EE94AB421} = {B8A0DBB4-0624-3604-9B9F-9F3EE94AB421}
	EndProjectSection
EndProject
Project("{8BC9CEB8-8B4A-11D0-8D11-00A0C91BC942}") = "LZ4", "..\ThirdParty\LZ4\LZ4.vcxproj", "{739481AD-00BE-3DA3-B97A-6D73106C29D3}"
	ProjectSection(ProjectDependencies) = postProject
		{B8A0DBB4-0624-3604-9B9F-9F3EE94AB421} = {B8A0DBB4-0624-3604-9B9F-9F3EE94AB421}
	EndProjectSection
EndProject
Project("{8BC9CEB8-8B4A-11D0-8D11-00A0C91BC942}") = "LibCpuId", "..\ThirdParty\LibCpuId\LibCpuId.vcxproj", "{E8B01527-EC42-3CE3-A2AD-DAAB9AFA9B50}"
	ProjectSection(ProjectDependencies) = postProject
		{B8A0DBB4-0624-3604-9B9F-9F3EE94AB421} = {B8A0DBB4-0624-3604-9B9F-9F3EE94AB421}
	EndProjectSection
EndProject
Project("{8BC9CEB8-8B4A-11D0-8D11-00A0C91BC942}") = "Lua", "..\ThirdParty\Lua\Lua.vcxproj", "{02C47A80-1F31-39F3-BF5A-0129E7D1EC52}"
	ProjectSection(ProjectDependencies) = postProject
		{B8A0DBB4-0624-3604-9B9F-9F3EE94AB421} = {B8A0DBB4-0624-3604-9B9F-9F3EE94AB421}
	EndProjectSection
EndProject
Project("{8BC9CEB8-8B4A-11D0-8D11-00A0C91BC942}") = "OgreImporter", "OgreImporter\OgreImporter.vcxproj", "{C73AFBFD-8F03-31C8-91CE-0B66ED8427C0}"
	ProjectSection(ProjectDependencies) = postProject
		{FB1B74B5-A2DC-307A-B5FD-1629AB16DE7B} = {FB1B74B5-A2DC-307A-B5FD-1629AB16DE7B}
		{B8A0DBB4-0624-3604-9B9F-9F3EE94AB421} = {B8A0DBB4-0624-3604-9B9F-9F3EE94AB421}
	EndProjectSection
EndProject
Project("{8BC9CEB8-8B4A-11D0-8D11-00A0C91BC942}") = "PACKAGE", "PACKAGE.vcxproj", "{C5F78B08-A4C4-38ED-AB11-94467B76224E}"
	ProjectSection(ProjectDependencies) = postProject
		{35901850-ADF1-34C1-BC21-67806AF90CDC} = {35901850-ADF1-34C1-BC21-67806AF90CDC}
		{B8A0DBB4-0624-3604-9B9F-9F3EE94AB421} = {B8A0DBB4-0624-3604-9B9F-9F3EE94AB421}
	EndProjectSection
EndProject
Project("{8BC9CEB8-8B4A-11D0-8D11-00A0C91BC942}") = "PackageTool", "PackageTool\PackageTool.vcxproj", "{12F438B7-EB78-3DA4-8ABF-5538DDEC4F40}"
	ProjectSection(ProjectDependencies) = postProject
		{739481AD-00BE-3DA3-B97A-6D73106C29D3} = {739481AD-00BE-3DA3-B97A-6D73106C29D3}
		{FB1B74B5-A2DC-307A-B5FD-1629AB16DE7B} = {FB1B74B5-A2DC-307A-B5FD-1629AB16DE7B}
		{B8A0DBB4-0624-3604-9B9F-9F3EE94AB421} = {B8A0DBB4-0624-3604-9B9F-9F3EE94AB421}
	EndProjectSection
EndProject
Project("{8BC9CEB8-8B4A-11D0-8D11-00A0C91BC942}") = "PugiXml", "..\ThirdParty\PugiXml\PugiXml.vcxproj", "{80C2C1BD-5860-31DC-B4CA-65C7FABEA4FA}"
	ProjectSection(ProjectDependencies) = postProject
		{B8A0DBB4-0624-3604-9B9F-9F3EE94AB421} = {B8A0DBB4-0624-3604-9B9F-9F3EE94AB421}
	EndProjectSection
EndProject
Project("{8BC9CEB8-8B4A-11D0-8D11-00A0C91BC942}") = "RampGenerator", "RampGenerator\RampGenerator.vcxproj", "{1696D29D-76C7-328B-B084-01612CC6B39E}"
	ProjectSection(ProjectDependencies) = postProject
		{FB1B74B5-A2DC-307A-B5FD-1629AB16DE7B} = {FB1B74B5-A2DC-307A-B5FD-1629AB16DE7B}
		{B8A0DBB4-0624-3604-9B9F-9F3EE94AB421} = {B8A0DBB4-0624-3604-9B9F-9F3EE94AB421}
	EndProjectSection
EndProject
Project("{8BC9CEB8-8B4A-11D0-8D11-00A0C91BC942}") = "Recast", "..\ThirdParty\Recast\Recast.vcxproj", "{A2D8C64D-C838-3B8F-A6B6-36FD21D11964}"
	ProjectSection(ProjectDependencies) = postProject
		{B8A0DBB4-0624-3604-9B9F-9F3EE94AB421} = {B8A0DBB4-0624-3604-9B9F-9F3EE94AB421}
	EndProjectSection
EndProject
Project("{8BC9CEB8-8B4A-11D0-8D11-00A0C91BC942}") = "SDL", "..\ThirdParty\SDL\SDL.vcxproj", "{A3A3F02C-BDB1-323E-A5CF-F4C8B54B41F9}"
	ProjectSection(ProjectDependencies) = postProject
		{B8A0DBB4-0624-3604-9B9F-9F3EE94AB421} = {B8A0DBB4-0624-3604-9B9F-9F3EE94AB421}
	EndProjectSection
EndProject
Project("{8BC9CEB8-8B4A-11D0-8D11-00A0C91BC942}") = "STB", "..\ThirdParty\STB\STB.vcxproj", "{D61CCD8A-1FB5-348C-A6AD-6C7F17040E09}"
	ProjectSection(ProjectDependencies) = postProject
		{B8A0DBB4-0624-3604-9B9F-9F3EE94AB421} = {B8A0DBB4-0624-3604-9B9F-9F3EE94AB421}
	EndProjectSection
EndProject
Project("{8BC9CEB8-8B4A-11D0-8D11-00A0C91BC942}") = "ScriptCompiler", "ScriptCompiler\ScriptCompiler.vcxproj", "{6923D205-D2D3-3EE5-847C-F117E015C45C}"
	ProjectSection(ProjectDependencies) = postProject
		{FB1B74B5-A2DC-307A-B5FD-1629AB16DE7B} = {FB1B74B5-A2DC-307A-B5FD-1629AB16DE7B}
		{B8A0DBB4-0624-3604-9B9F-9F3EE94AB421} = {B8A0DBB4-0624-3604-9B9F-9F3EE94AB421}
	EndProjectSection
EndProject
Project("{8BC9CEB8-8B4A-11D0-8D11-00A0C91BC942}") = "SpritePacker", "SpritePacker\SpritePacker.vcxproj", "{DB70DDE3-B13E-35C9-9BDF-13B1DBDA6B6F}"
	ProjectSection(ProjectDependencies) = postProject
		{FB1B74B5-A2DC-307A-B5FD-1629AB16DE7B} = {FB1B74B5-A2DC-307A-B5FD-1629AB16DE7B}
		{B8A0DBB4-0624-3604-9B9F-9F3EE94AB421} = {B8A0DBB4-0624-3604-9B9F-9F3EE94AB421}
	EndProjectSection
EndProject
Project("{8BC9CEB8-8B4A-11D0-8D11-00A0C91BC942}") = "StanHull", "..\ThirdParty\StanHull\StanHull.vcxproj", "{86853C1C-9D6B-31FE-8730-C7EC955885A4}"
	ProjectSection(ProjectDependencies) = postProject
		{B8A0DBB4-0624-3604-9B9F-9F3EE94AB421} = {B8A0DBB4-0624-3604-9B9F-9F3EE94AB421}
	EndProjectSection
EndProject
Project("{8BC9CEB8-8B4A-11D0-8D11-00A0C91BC942}") = "Urho3D", "..\Urho3D\Urho3D.vcxproj", "{FB1B74B5-A2DC-307A-B5FD-1629AB16DE7B}"
	ProjectSection(ProjectDependencies) = postProject
		{72503E0E-ABA6-3812-A9ED-E97D298646BD} = {72503E0E-ABA6-3812-A9ED-E97D298646BD}
		{FE14D1E5-54D0-309F-8CEF-D3C211ED3F07} = {FE14D1E5-54D0-309F-8CEF-D3C211ED3F07}
		{A729D02B-1CFE-3679-ADA8-E600A90A7D53} = {A729D02B-1CFE-3679-ADA8-E600A90A7D53}
		{CECE82C1-5737-3906-9A19-3BD5C342A484} = {CECE82C1-5737-3906-9A19-3BD5C342A484}
		{09B63909-91B8-3163-83F7-9BF4A6D78F03} = {09B63909-91B8-3163-83F7-9BF4A6D78F03}
		{04E0994A-5004-3572-8529-5EB0ED643BFC} = {04E0994A-5004-3572-8529-5EB0ED643BFC}
		{5141C561-3E10-389A-AE62-97DAB168EE1F} = {5141C561-3E10-389A-AE62-97DAB168EE1F}
		{D2017B89-1C09-3FF7-B58E-5BF641182364} = {D2017B89-1C09-3FF7-B58E-5BF641182364}
		{ADD7D331-C270-367F-AC3E-843E828BEB09} = {ADD7D331-C270-367F-AC3E-843E828BEB09}
		{739481AD-00BE-3DA3-B97A-6D73106C29D3} = {739481AD-00BE-3DA3-B97A-6D73106C29D3}
		{E8B01527-EC42-3CE3-A2AD-DAAB9AFA9B50} = {E8B01527-EC42-3CE3-A2AD-DAAB9AFA9B50}
		{02C47A80-1F31-39F3-BF5A-0129E7D1EC52} = {02C47A80-1F31-39F3-BF5A-0129E7D1EC52}
		{80C2C1BD-5860-31DC-B4CA-65C7FABEA4FA} = {80C2C1BD-5860-31DC-B4CA-65C7FABEA4FA}
		{A2D8C64D-C838-3B8F-A6B6-36FD21D11964} = {A2D8C64D-C838-3B8F-A6B6-36FD21D11964}
		{A3A3F02C-BDB1-323E-A5CF-F4C8B54B41F9} = {A3A3F02C-BDB1-323E-A5CF-F4C8B54B41F9}
		{D61CCD8A-1FB5-348C-A6AD-6C7F17040E09} = {D61CCD8A-1FB5-348C-A6AD-6C7F17040E09}
		{86853C1C-9D6B-31FE-8730-C7EC955885A4} = {86853C1C-9D6B-31FE-8730-C7EC955885A4}
		{49E65AB0-BF50-39E2-BFB6-14ECC2CDF7E1} = {49E65AB0-BF50-39E2-BFB6-14ECC2CDF7E1}
		{B8A0DBB4-0624-3604-9B9F-9F3EE94AB421} = {B8A0DBB4-0624-3604-9B9F-9F3EE94AB421}
		{146B7D35-ECD3-3625-8055-444D2713291E} = {146B7D35-ECD3-3625-8055-444D2713291E}
		{C9321395-058B-3F79-A949-D873D2229764} = {C9321395-058B-3F79-A949-D873D2229764}
		{73EF0353-24DE-33D9-A2C3-5AF131B288B3} = {73EF0353-24DE-33D9-A2C3-5AF131B288B3}
		{5A66E45D-B767-3752-8778-23C590FEDE78} = {5A66E45D-B767-3752-8778-23C590FEDE78}
		{A66AE02D-E82B-3DF4-81F9-71A6C99B8D58} = {A66AE02D-E82B-3DF4-81F9-71A6C99B8D58}
	EndProjectSection
EndProject
Project("{8BC9CEB8-8B4A-11D0-8D11-00A0C91BC942}") = "Urho3DPlayer", "Urho3DPlayer\Urho3DPlayer.vcxproj", "{001437D0-EEE9-305C-8433-C50995F57225}"
	ProjectSection(ProjectDependencies) = postProject
		{FB1B74B5-A2DC-307A-B5FD-1629AB16DE7B} = {FB1B74B5-A2DC-307A-B5FD-1629AB16DE7B}
		{B8A0DBB4-0624-3604-9B9F-9F3EE94AB421} = {B8A0DBB4-0624-3604-9B9F-9F3EE94AB421}
	EndProjectSection
EndProject
Project("{8BC9CEB8-8B4A-11D0-8D11-00A0C91BC942}") = "WebP", "..\ThirdParty\WebP\WebP.vcxproj", "{49E65AB0-BF50-39E2-BFB6-14ECC2CDF7E1}"
	ProjectSection(ProjectDependencies) = postProject
		{B8A0DBB4-0624-3604-9B9F-9F3EE94AB421} = {B8A0DBB4-0624-3604-9B9F-9F3EE94AB421}
	EndProjectSection
EndProject
Project("{8BC9CEB8-8B4A-11D0-8D11-00A0C91BC942}") = "ZERO_CHECK", "..\..\\ZERO_CHECK.vcxproj", "{B8A0DBB4-0624-3604-9B9F-9F3EE94AB421}"
	ProjectSection(ProjectDependencies) = postProject
	EndProjectSection
EndProject
Project("{8BC9CEB8-8B4A-11D0-8D11-00A0C91BC942}") = "ik", "..\ThirdParty\ik\ik.vcxproj", "{146B7D35-ECD3-3625-8055-444D2713291E}"
	ProjectSection(ProjectDependencies) = postProject
		{B8A0DBB4-0624-3604-9B9F-9F3EE94AB421} = {B8A0DBB4-0624-3604-9B9F-9F3EE94AB421}
	EndProjectSection
EndProject
Project("{8BC9CEB8-8B4A-11D0-8D11-00A0C91BC942}") = "kNet", "..\ThirdParty\kNet\kNet.vcxproj", "{C9321395-058B-3F79-A949-D873D2229764}"
	ProjectSection(ProjectDependencies) = postProject
		{B8A0DBB4-0624-3604-9B9F-9F3EE94AB421} = {B8A0DBB4-0624-3604-9B9F-9F3EE94AB421}
	EndProjectSection
EndProject
Project("{8BC9CEB8-8B4A-11D0-8D11-00A0C91BC942}") = "rapidjson", "..\ThirdParty\rapidjson\rapidjson.vcxproj", "{73EF0353-24DE-33D9-A2C3-5AF131B288B3}"
	ProjectSection(ProjectDependencies) = postProject
		{B8A0DBB4-0624-3604-9B9F-9F3EE94AB421} = {B8A0DBB4-0624-3604-9B9F-9F3EE94AB421}
	EndProjectSection
EndProject
Project("{8BC9CEB8-8B4A-11D0-8D11-00A0C91BC942}") = "tolua++", "..\ThirdParty\toluapp\src\bin\tolua++.vcxproj", "{5A66E45D-B767-3752-8778-23C590FEDE78}"
	ProjectSection(ProjectDependencies) = postProject
		{02C47A80-1F31-39F3-BF5A-0129E7D1EC52} = {02C47A80-1F31-39F3-BF5A-0129E7D1EC52}
		{B8A0DBB4-0624-3604-9B9F-9F3EE94AB421} = {B8A0DBB4-0624-3604-9B9F-9F3EE94AB421}
		{A66AE02D-E82B-3DF4-81F9-71A6C99B8D58} = {A66AE02D-E82B-3DF4-81F9-71A6C99B8D58}
	EndProjectSection
EndProject
Project("{8BC9CEB8-8B4A-11D0-8D11-00A0C91BC942}") = "toluapp", "..\ThirdParty\toluapp\src\lib\toluapp.vcxproj", "{A66AE02D-E82B-3DF4-81F9-71A6C99B8D58}"
	ProjectSection(ProjectDependencies) = postProject
		{B8A0DBB4-0624-3604-9B9F-9F3EE94AB421} = {B8A0DBB4-0624-3604-9B9F-9F3EE94AB421}
	EndProjectSection
EndProject
Global
	GlobalSection(SolutionConfigurationPlatforms) = preSolution
		Release|Win32 = Release|Win32
		RelWithDebInfo|Win32 = RelWithDebInfo|Win32
		Debug|Win32 = Debug|Win32
	EndGlobalSection
	GlobalSection(ProjectConfigurationPlatforms) = postSolution
		{35901850-ADF1-34C1-BC21-67806AF90CDC}.Release|Win32.ActiveCfg = Release|Win32
		{35901850-ADF1-34C1-BC21-67806AF90CDC}.Release|Win32.Build.0 = Release|Win32
		{35901850-ADF1-34C1-BC21-67806AF90CDC}.RelWithDebInfo|Win32.ActiveCfg = RelWithDebInfo|Win32
		{35901850-ADF1-34C1-BC21-67806AF90CDC}.RelWithDebInfo|Win32.Build.0 = RelWithDebInfo|Win32
		{35901850-ADF1-34C1-BC21-67806AF90CDC}.Debug|Win32.ActiveCfg = Debug|Win32
		{35901850-ADF1-34C1-BC21-67806AF90CDC}.Debug|Win32.Build.0 = Debug|Win32
		{72503E0E-ABA6-3812-A9ED-E97D298646BD}.Release|Win32.ActiveCfg = Release|Win32
		{72503E0E-ABA6-3812-A9ED-E97D298646BD}.Release|Win32.Build.0 = Release|Win32
		{72503E0E-ABA6-3812-A9ED-E97D298646BD}.RelWithDebInfo|Win32.ActiveCfg = RelWithDebInfo|Win32
		{72503E0E-ABA6-3812-A9ED-E97D298646BD}.RelWithDebInfo|Win32.Build.0 = RelWithDebInfo|Win32
		{72503E0E-ABA6-3812-A9ED-E97D298646BD}.Debug|Win32.ActiveCfg = Debug|Win32
		{72503E0E-ABA6-3812-A9ED-E97D298646BD}.Debug|Win32.Build.0 = Debug|Win32
		{68FE3372-29B2-31FB-838F-E79B9B354E71}.Release|Win32.ActiveCfg = Release|Win32
		{68FE3372-29B2-31FB-838F-E79B9B354E71}.Release|Win32.Build.0 = Release|Win32
		{68FE3372-29B2-31FB-838F-E79B9B354E71}.RelWithDebInfo|Win32.ActiveCfg = RelWithDebInfo|Win32
		{68FE3372-29B2-31FB-838F-E79B9B354E71}.RelWithDebInfo|Win32.Build.0 = RelWithDebInfo|Win32
		{68FE3372-29B2-31FB-838F-E79B9B354E71}.Debug|Win32.ActiveCfg = Debug|Win32
		{68FE3372-29B2-31FB-838F-E79B9B354E71}.Debug|Win32.Build.0 = Debug|Win32
		{C9D76477-6D3C-3DA9-A186-68D4D78300E5}.Release|Win32.ActiveCfg = Release|Win32
		{C9D76477-6D3C-3DA9-A186-68D4D78300E5}.Release|Win32.Build.0 = Release|Win32
		{C9D76477-6D3C-3DA9-A186-68D4D78300E5}.RelWithDebInfo|Win32.ActiveCfg = RelWithDebInfo|Win32
		{C9D76477-6D3C-3DA9-A186-68D4D78300E5}.RelWithDebInfo|Win32.Build.0 = RelWithDebInfo|Win32
		{C9D76477-6D3C-3DA9-A186-68D4D78300E5}.Debug|Win32.ActiveCfg = Debug|Win32
		{C9D76477-6D3C-3DA9-A186-68D4D78300E5}.Debug|Win32.Build.0 = Debug|Win32
		{FE14D1E5-54D0-309F-8CEF-D3C211ED3F07}.Release|Win32.ActiveCfg = Release|Win32
		{FE14D1E5-54D0-309F-8CEF-D3C211ED3F07}.Release|Win32.Build.0 = Release|Win32
		{FE14D1E5-54D0-309F-8CEF-D3C211ED3F07}.RelWithDebInfo|Win32.ActiveCfg = RelWithDebInfo|Win32
		{FE14D1E5-54D0-309F-8CEF-D3C211ED3F07}.RelWithDebInfo|Win32.Build.0 = RelWithDebInfo|Win32
		{FE14D1E5-54D0-309F-8CEF-D3C211ED3F07}.Debug|Win32.ActiveCfg = Debug|Win32
		{FE14D1E5-54D0-309F-8CEF-D3C211ED3F07}.Debug|Win32.Build.0 = Debug|Win32
		{A729D02B-1CFE-3679-ADA8-E600A90A7D53}.Release|Win32.ActiveCfg = Release|Win32
		{A729D02B-1CFE-3679-ADA8-E600A90A7D53}.Release|Win32.Build.0 = Release|Win32
		{A729D02B-1CFE-3679-ADA8-E600A90A7D53}.RelWithDebInfo|Win32.ActiveCfg = RelWithDebInfo|Win32
		{A729D02B-1CFE-3679-ADA8-E600A90A7D53}.RelWithDebInfo|Win32.Build.0 = RelWithDebInfo|Win32
		{A729D02B-1CFE-3679-ADA8-E600A90A7D53}.Debug|Win32.ActiveCfg = Debug|Win32
		{A729D02B-1CFE-3679-ADA8-E600A90A7D53}.Debug|Win32.Build.0 = Debug|Win32
		{CECE82C1-5737-3906-9A19-3BD5C342A484}.Release|Win32.ActiveCfg = Release|Win32
		{CECE82C1-5737-3906-9A19-3BD5C342A484}.Release|Win32.Build.0 = Release|Win32
		{CECE82C1-5737-3906-9A19-3BD5C342A484}.RelWithDebInfo|Win32.ActiveCfg = RelWithDebInfo|Win32
		{CECE82C1-5737-3906-9A19-3BD5C342A484}.RelWithDebInfo|Win32.Build.0 = RelWithDebInfo|Win32
		{CECE82C1-5737-3906-9A19-3BD5C342A484}.Debug|Win32.ActiveCfg = Debug|Win32
		{CECE82C1-5737-3906-9A19-3BD5C342A484}.Debug|Win32.Build.0 = Debug|Win32
		{09B63909-91B8-3163-83F7-9BF4A6D78F03}.Release|Win32.ActiveCfg = Release|Win32
		{09B63909-91B8-3163-83F7-9BF4A6D78F03}.Release|Win32.Build.0 = Release|Win32
		{09B63909-91B8-3163-83F7-9BF4A6D78F03}.RelWithDebInfo|Win32.ActiveCfg = RelWithDebInfo|Win32
		{09B63909-91B8-3163-83F7-9BF4A6D78F03}.RelWithDebInfo|Win32.Build.0 = RelWithDebInfo|Win32
		{09B63909-91B8-3163-83F7-9BF4A6D78F03}.Debug|Win32.ActiveCfg = Debug|Win32
		{09B63909-91B8-3163-83F7-9BF4A6D78F03}.Debug|Win32.Build.0 = Debug|Win32
		{04E0994A-5004-3572-8529-5EB0ED643BFC}.Release|Win32.ActiveCfg = Release|Win32
		{04E0994A-5004-3572-8529-5EB0ED643BFC}.Release|Win32.Build.0 = Release|Win32
		{04E0994A-5004-3572-8529-5EB0ED643BFC}.RelWithDebInfo|Win32.ActiveCfg = RelWithDebInfo|Win32
		{04E0994A-5004-3572-8529-5EB0ED643BFC}.RelWithDebInfo|Win32.Build.0 = RelWithDebInfo|Win32
		{04E0994A-5004-3572-8529-5EB0ED643BFC}.Debug|Win32.ActiveCfg = Debug|Win32
		{04E0994A-5004-3572-8529-5EB0ED643BFC}.Debug|Win32.Build.0 = Debug|Win32
		{5141C561-3E10-389A-AE62-97DAB168EE1F}.Release|Win32.ActiveCfg = Release|Win32
		{5141C561-3E10-389A-AE62-97DAB168EE1F}.Release|Win32.Build.0 = Release|Win32
		{5141C561-3E10-389A-AE62-97DAB168EE1F}.RelWithDebInfo|Win32.ActiveCfg = RelWithDebInfo|Win32
		{5141C561-3E10-389A-AE62-97DAB168EE1F}.RelWithDebInfo|Win32.Build.0 = RelWithDebInfo|Win32
		{5141C561-3E10-389A-AE62-97DAB168EE1F}.Debug|Win32.ActiveCfg = Debug|Win32
		{5141C561-3E10-389A-AE62-97DAB168EE1F}.Debug|Win32.Build.0 = Debug|Win32
		{D2017B89-1C09-3FF7-B58E-5BF641182364}.Release|Win32.ActiveCfg = Release|Win32
		{D2017B89-1C09-3FF7-B58E-5BF641182364}.Release|Win32.Build.0 = Release|Win32
		{D2017B89-1C09-3FF7-B58E-5BF641182364}.RelWithDebInfo|Win32.ActiveCfg = RelWithDebInfo|Win32
		{D2017B89-1C09-3FF7-B58E-5BF641182364}.RelWithDebInfo|Win32.Build.0 = RelWithDebInfo|Win32
		{D2017B89-1C09-3FF7-B58E-5BF641182364}.Debug|Win32.ActiveCfg = Debug|Win32
		{D2017B89-1C09-3FF7-B58E-5BF641182364}.Debug|Win32.Build.0 = Debug|Win32
		{CFD33E1D-CE9B-3194-A425-34CA3D390890}.Release|Win32.ActiveCfg = Release|Win32
		{CFD33E1D-CE9B-3194-A425-34CA3D390890}.RelWithDebInfo|Win32.ActiveCfg = RelWithDebInfo|Win32
		{CFD33E1D-CE9B-3194-A425-34CA3D390890}.Debug|Win32.ActiveCfg = Debug|Win32
		{ADD7D331-C270-367F-AC3E-843E828BEB09}.Release|Win32.ActiveCfg = Release|Win32
		{ADD7D331-C270-367F-AC3E-843E828BEB09}.Release|Win32.Build.0 = Release|Win32
		{ADD7D331-C270-367F-AC3E-843E828BEB09}.RelWithDebInfo|Win32.ActiveCfg = RelWithDebInfo|Win32
		{ADD7D331-C270-367F-AC3E-843E828BEB09}.RelWithDebInfo|Win32.Build.0 = RelWithDebInfo|Win32
		{ADD7D331-C270-367F-AC3E-843E828BEB09}.Debug|Win32.ActiveCfg = Debug|Win32
		{ADD7D331-C270-367F-AC3E-843E828BEB09}.Debug|Win32.Build.0 = Debug|Win32
		{739481AD-00BE-3DA3-B97A-6D73106C29D3}.Release|Win32.ActiveCfg = Release|Win32
		{739481AD-00BE-3DA3-B97A-6D73106C29D3}.Release|Win32.Build.0 = Release|Win32
		{739481AD-00BE-3DA3-B97A-6D73106C29D3}.RelWithDebInfo|Win32.ActiveCfg = RelWithDebInfo|Win32
		{739481AD-00BE-3DA3-B97A-6D73106C29D3}.RelWithDebInfo|Win32.Build.0 = RelWithDebInfo|Win32
		{739481AD-00BE-3DA3-B97A-6D73106C29D3}.Debug|Win32.ActiveCfg = Debug|Win32
		{739481AD-00BE-3DA3-B97A-6D73106C29D3}.Debug|Win32.Build.0 = Debug|Win32
		{E8B01527-EC42-3CE3-A2AD-DAAB9AFA9B50}.Release|Win32.ActiveCfg = Release|Win32
		{E8B01527-EC42-3CE3-A2AD-DAAB9AFA9B50}.Release|Win32.Build.0 = Release|Win32
		{E8B01527-EC42-3CE3-A2AD-DAAB9AFA9B50}.RelWithDebInfo|Win32.ActiveCfg = RelWithDebInfo|Win32
		{E8B01527-EC42-3CE3-A2AD-DAAB9AFA9B50}.RelWithDebInfo|Win32.Build.0 = RelWithDebInfo|Win32
		{E8B01527-EC42-3CE3-A2AD-DAAB9AFA9B50}.Debug|Win32.ActiveCfg = Debug|Win32
		{E8B01527-EC42-3CE3-A2AD-DAAB9AFA9B50}.Debug|Win32.Build.0 = Debug|Win32
		{02C47A80-1F31-39F3-BF5A-0129E7D1EC52}.Release|Win32.ActiveCfg = Release|Win32
		{02C47A80-1F31-39F3-BF5A-0129E7D1EC52}.Release|Win32.Build.0 = Release|Win32
		{02C47A80-1F31-39F3-BF5A-0129E7D1EC52}.RelWithDebInfo|Win32.ActiveCfg = RelWithDebInfo|Win32
		{02C47A80-1F31-39F3-BF5A-0129E7D1EC52}.RelWithDebInfo|Win32.Build.0 = RelWithDebInfo|Win32
		{02C47A80-1F31-39F3-BF5A-0129E7D1EC52}.Debug|Win32.ActiveCfg = Debug|Win32
		{02C47A80-1F31-39F3-BF5A-0129E7D1EC52}.Debug|Win32.Build.0 = Debug|Win32
		{C73AFBFD-8F03-31C8-91CE-0B66ED8427C0}.Release|Win32.ActiveCfg = Release|Win32
		{C73AFBFD-8F03-31C8-91CE-0B66ED8427C0}.Release|Win32.Build.0 = Release|Win32
		{C73AFBFD-8F03-31C8-91CE-0B66ED8427C0}.RelWithDebInfo|Win32.ActiveCfg = RelWithDebInfo|Win32
		{C73AFBFD-8F03-31C8-91CE-0B66ED8427C0}.RelWithDebInfo|Win32.Build.0 = RelWithDebInfo|Win32
		{C73AFBFD-8F03-31C8-91CE-0B66ED8427C0}.Debug|Win32.ActiveCfg = Debug|Win32
		{C73AFBFD-8F03-31C8-91CE-0B66ED8427C0}.Debug|Win32.Build.0 = Debug|Win32
		{C5F78B08-A4C4-38ED-AB11-94467B76224E}.Release|Win32.ActiveCfg = Release|Win32
		{C5F78B08-A4C4-38ED-AB11-94467B76224E}.RelWithDebInfo|Win32.ActiveCfg = RelWithDebInfo|Win32
		{C5F78B08-A4C4-38ED-AB11-94467B76224E}.Debug|Win32.ActiveCfg = Debug|Win32
		{12F438B7-EB78-3DA4-8ABF-5538DDEC4F40}.Release|Win32.ActiveCfg = Release|Win32
		{12F438B7-EB78-3DA4-8ABF-5538DDEC4F40}.Release|Win32.Build.0 = Release|Win32
		{12F438B7-EB78-3DA4-8ABF-5538DDEC4F40}.RelWithDebInfo|Win32.ActiveCfg = RelWithDebInfo|Win32
		{12F438B7-EB78-3DA4-8ABF-5538DDEC4F40}.RelWithDebInfo|Win32.Build.0 = RelWithDebInfo|Win32
		{12F438B7-EB78-3DA4-8ABF-5538DDEC4F40}.Debug|Win32.ActiveCfg = Debug|Win32
		{12F438B7-EB78-3DA4-8ABF-5538DDEC4F40}.Debug|Win32.Build.0 = Debug|Win32
		{80C2C1BD-5860-31DC-B4CA-65C7FABEA4FA}.Release|Win32.ActiveCfg = Release|Win32
		{80C2C1BD-5860-31DC-B4CA-65C7FABEA4FA}.Release|Win32.Build.0 = Release|Win32
		{80C2C1BD-5860-31DC-B4CA-65C7FABEA4FA}.RelWithDebInfo|Win32.ActiveCfg = RelWithDebInfo|Win32
		{80C2C1BD-5860-31DC-B4CA-65C7FABEA4FA}.RelWithDebInfo|Win32.Build.0 = RelWithDebInfo|Win32
		{80C2C1BD-5860-31DC-B4CA-65C7FABEA4FA}.Debug|Win32.ActiveCfg = Debug|Win32
		{80C2C1BD-5860-31DC-B4CA-65C7FABEA4FA}.Debug|Win32.Build.0 = Debug|Win32
		{1696D29D-76C7-328B-B084-01612CC6B39E}.Release|Win32.ActiveCfg = Release|Win32
		{1696D29D-76C7-328B-B084-01612CC6B39E}.Release|Win32.Build.0 = Release|Win32
		{1696D29D-76C7-328B-B084-01612CC6B39E}.RelWithDebInfo|Win32.ActiveCfg = RelWithDebInfo|Win32
		{1696D29D-76C7-328B-B084-01612CC6B39E}.RelWithDebInfo|Win32.Build.0 = RelWithDebInfo|Win32
		{1696D29D-76C7-328B-B084-01612CC6B39E}.Debug|Win32.ActiveCfg = Debug|Win32
		{1696D29D-76C7-328B-B084-01612CC6B39E}.Debug|Win32.Build.0 = Debug|Win32
		{A2D8C64D-C838-3B8F-A6B6-36FD21D11964}.Release|Win32.ActiveCfg = Release|Win32
		{A2D8C64D-C838-3B8F-A6B6-36FD21D11964}.Release|Win32.Build.0 = Release|Win32
		{A2D8C64D-C838-3B8F-A6B6-36FD21D11964}.RelWithDebInfo|Win32.ActiveCfg = RelWithDebInfo|Win32
		{A2D8C64D-C838-3B8F-A6B6-36FD21D11964}.RelWithDebInfo|Win32.Build.0 = RelWithDebInfo|Win32
		{A2D8C64D-C838-3B8F-A6B6-36FD21D11964}.Debug|Win32.ActiveCfg = Debug|Win32
		{A2D8C64D-C838-3B8F-A6B6-36FD21D11964}.Debug|Win32.Build.0 = Debug|Win32
		{A3A3F02C-BDB1-323E-A5CF-F4C8B54B41F9}.Release|Win32.ActiveCfg = Release|Win32
		{A3A3F02C-BDB1-323E-A5CF-F4C8B54B41F9}.Release|Win32.Build.0 = Release|Win32
		{A3A3F02C-BDB1-323E-A5CF-F4C8B54B41F9}.RelWithDebInfo|Win32.ActiveCfg = RelWithDebInfo|Win32
		{A3A3F02C-BDB1-323E-A5CF-F4C8B54B41F9}.RelWithDebInfo|Win32.Build.0 = RelWithDebInfo|Win32
		{A3A3F02C-BDB1-323E-A5CF-F4C8B54B41F9}.Debug|Win32.ActiveCfg = Debug|Win32
		{A3A3F02C-BDB1-323E-A5CF-F4C8B54B41F9}.Debug|Win32.Build.0 = Debug|Win32
		{D61CCD8A-1FB5-348C-A6AD-6C7F17040E09}.Release|Win32.ActiveCfg = Release|Win32
		{D61CCD8A-1FB5-348C-A6AD-6C7F17040E09}.Release|Win32.Build.0 = Release|Win32
		{D61CCD8A-1FB5-348C-A6AD-6C7F17040E09}.RelWithDebInfo|Win32.ActiveCfg = RelWithDebInfo|Win32
		{D61CCD8A-1FB5-348C-A6AD-6C7F17040E09}.RelWithDebInfo|Win32.Build.0 = RelWithDebInfo|Win32
		{D61CCD8A-1FB5-348C-A6AD-6C7F17040E09}.Debug|Win32.ActiveCfg = Debug|Win32
		{D61CCD8A-1FB5-348C-A6AD-6C7F17040E09}.Debug|Win32.Build.0 = Debug|Win32
		{6923D205-D2D3-3EE5-847C-F117E015C45C}.Release|Win32.ActiveCfg = Release|Win32
		{6923D205-D2D3-3EE5-847C-F117E015C45C}.Release|Win32.Build.0 = Release|Win32
		{6923D205-D2D3-3EE5-847C-F117E015C45C}.RelWithDebInfo|Win32.ActiveCfg = RelWithDebInfo|Win32
		{6923D205-D2D3-3EE5-847C-F117E015C45C}.RelWithDebInfo|Win32.Build.0 = RelWithDebInfo|Win32
		{6923D205-D2D3-3EE5-847C-F117E015C45C}.Debug|Win32.ActiveCfg = Debug|Win32
		{6923D205-D2D3-3EE5-847C-F117E015C45C}.Debug|Win32.Build.0 = Debug|Win32
		{DB70DDE3-B13E-35C9-9BDF-13B1DBDA6B6F}.Release|Win32.ActiveCfg = Release|Win32
		{DB70DDE3-B13E-35C9-9BDF-13B1DBDA6B6F}.Release|Win32.Build.0 = Release|Win32
		{DB70DDE3-B13E-35C9-9BDF-13B1DBDA6B6F}.RelWithDebInfo|Win32.ActiveCfg = RelWithDebInfo|Win32
		{DB70DDE3-B13E-35C9-9BDF-13B1DBDA6B6F}.RelWithDebInfo|Win32.Build.0 = RelWithDebInfo|Win32
		{DB70DDE3-B13E-35C9-9BDF-13B1DBDA6B6F}.Debug|Win32.ActiveCfg = Debug|Win32
		{DB70DDE3-B13E-35C9-9BDF-13B1DBDA6B6F}.Debug|Win32.Build.0 = Debug|Win32
		{86853C1C-9D6B-31FE-8730-C7EC955885A4}.Release|Win32.ActiveCfg = Release|Win32
		{86853C1C-9D6B-31FE-8730-C7EC955885A4}.Release|Win32.Build.0 = Release|Win32
		{86853C1C-9D6B-31FE-8730-C7EC955885A4}.RelWithDebInfo|Win32.ActiveCfg = RelWithDebInfo|Win32
		{86853C1C-9D6B-31FE-8730-C7EC955885A4}.RelWithDebInfo|Win32.Build.0 = RelWithDebInfo|Win32
		{86853C1C-9D6B-31FE-8730-C7EC955885A4}.Debug|Win32.ActiveCfg = Debug|Win32
		{86853C1C-9D6B-31FE-8730-C7EC955885A4}.Debug|Win32.Build.0 = Debug|Win32
		{FB1B74B5-A2DC-307A-B5FD-1629AB16DE7B}.Release|Win32.ActiveCfg = Release|Win32
		{FB1B74B5-A2DC-307A-B5FD-1629AB16DE7B}.Release|Win32.Build.0 = Release|Win32
		{FB1B74B5-A2DC-307A-B5FD-1629AB16DE7B}.RelWithDebInfo|Win32.ActiveCfg = RelWithDebInfo|Win32
		{FB1B74B5-A2DC-307A-B5FD-1629AB16DE7B}.RelWithDebInfo|Win32.Build.0 = RelWithDebInfo|Win32
		{FB1B74B5-A2DC-307A-B5FD-1629AB16DE7B}.Debug|Win32.ActiveCfg = Debug|Win32
		{FB1B74B5-A2DC-307A-B5FD-1629AB16DE7B}.Debug|Win32.Build.0 = Debug|Win32
		{001437D0-EEE9-305C-8433-C50995F57225}.Release|Win32.ActiveCfg = Release|Win32
		{001437D0-EEE9-305C-8433-C50995F57225}.Release|Win32.Build.0 = Release|Win32
		{001437D0-EEE9-305C-8433-C50995F57225}.RelWithDebInfo|Win32.ActiveCfg = RelWithDebInfo|Win32
		{001437D0-EEE9-305C-8433-C50995F57225}.RelWithDebInfo|Win32.Build.0 = RelWithDebInfo|Win32
		{001437D0-EEE9-305C-8433-C50995F57225}.Debug|Win32.ActiveCfg = Debug|Win32
		{001437D0-EEE9-305C-8433-C50995F57225}.Debug|Win32.Build.0 = Debug|Win32
		{49E65AB0-BF50-39E2-BFB6-14ECC2CDF7E1}.Release|Win32.ActiveCfg = Release|Win32
		{49E65AB0-BF50-39E2-BFB6-14ECC2CDF7E1}.Release|Win32.Build.0 = Release|Win32
		{49E65AB0-BF50-39E2-BFB6-14ECC2CDF7E1}.RelWithDebInfo|Win32.ActiveCfg = RelWithDebInfo|Win32
		{49E65AB0-BF50-39E2-BFB6-14ECC2CDF7E1}.RelWithDebInfo|Win32.Build.0 = RelWithDebInfo|Win32
		{49E65AB0-BF50-39E2-BFB6-14ECC2CDF7E1}.Debug|Win32.ActiveCfg = Debug|Win32
		{49E65AB0-BF50-39E2-BFB6-14ECC2CDF7E1}.Debug|Win32.Build.0 = Debug|Win32
		{B8A0DBB4-0624-3604-9B9F-9F3EE94AB421}.Release|Win32.ActiveCfg = Release|Win32
		{B8A0DBB4-0624-3604-9B9F-9F3EE94AB421}.Release|Win32.Build.0 = Release|Win32
		{B8A0DBB4-0624-3604-9B9F-9F3EE94AB421}.RelWithDebInfo|Win32.ActiveCfg = RelWithDebInfo|Win32
		{B8A0DBB4-0624-3604-9B9F-9F3EE94AB421}.RelWithDebInfo|Win32.Build.0 = RelWithDebInfo|Win32
		{B8A0DBB4-0624-3604-9B9F-9F3EE94AB421}.Debug|Win32.ActiveCfg = Debug|Win32
		{B8A0DBB4-0624-3604-9B9F-9F3EE94AB421}.Debug|Win32.Build.0 = Debug|Win32
		{146B7D35-ECD3-3625-8055-444D2713291E}.Release|Win32.ActiveCfg = Release|Win32
		{146B7D35-ECD3-3625-8055-444D2713291E}.Release|Win32.Build.0 = Release|Win32
		{146B7D35-ECD3-3625-8055-444D2713291E}.RelWithDebInfo|Win32.ActiveCfg = RelWithDebInfo|Win32
		{146B7D35-ECD3-3625-8055-444D2713291E}.RelWithDebInfo|Win32.Build.0 = RelWithDebInfo|Win32
		{146B7D35-ECD3-3625-8055-444D2713291E}.Debug|Win32.ActiveCfg = Debug|Win32
		{146B7D35-ECD3-3625-8055-444D2713291E}.Debug|Win32.Build.0 = Debug|Win32
		{C9321395-058B-3F79-A949-D873D2229764}.Release|Win32.ActiveCfg = Release|Win32
		{C9321395-058B-3F79-A949-D873D2229764}.Release|Win32.Build.0 = Release|Win32
		{C9321395-058B-3F79-A949-D873D2229764}.RelWithDebInfo|Win32.ActiveCfg = RelWithDebInfo|Win32
		{C9321395-058B-3F79-A949-D873D2229764}.RelWithDebInfo|Win32.Build.0 = RelWithDebInfo|Win32
		{C9321395-058B-3F79-A949-D873D2229764}.Debug|Win32.ActiveCfg = Debug|Win32
		{C9321395-058B-3F79-A949-D873D2229764}.Debug|Win32.Build.0 = Debug|Win32
		{73EF0353-24DE-33D9-A2C3-5AF131B288B3}.Release|Win32.ActiveCfg = Release|Win32
		{73EF0353-24DE-33D9-A2C3-5AF131B288B3}.Release|Win32.Build.0 = Release|Win32
		{73EF0353-24DE-33D9-A2C3-5AF131B288B3}.RelWithDebInfo|Win32.ActiveCfg = RelWithDebInfo|Win32
		{73EF0353-24DE-33D9-A2C3-5AF131B288B3}.RelWithDebInfo|Win32.Build.0 = RelWithDebInfo|Win32
		{73EF0353-24DE-33D9-A2C3-5AF131B288B3}.Debug|Win32.ActiveCfg = Debug|Win32
		{73EF0353-24DE-33D9-A2C3-5AF131B288B3}.Debug|Win32.Build.0 = Debug|Win32
		{5A66E45D-B767-3752-8778-23C590FEDE78}.Release|Win32.ActiveCfg = Release|Win32
		{5A66E45D-B767-3752-8778-23C590FEDE78}.Release|Win32.Build.0 = Release|Win32
		{5A66E45D-B767-3752-8778-23C590FEDE78}.RelWithDebInfo|Win32.ActiveCfg = RelWithDebInfo|Win32
		{5A66E45D-B767-3752-8778-23C590FEDE78}.RelWithDebInfo|Win32.Build.0 = RelWithDebInfo|Win32
		{5A66E45D-B767-3752-8778-23C590FEDE78}.Debug|Win32.ActiveCfg = Debug|Win32
		{5A66E45D-B767-3752-8778-23C590FEDE78}.Debug|Win32.Build.0 = Debug|Win32
		{A66AE02D-E82B-3DF4-81F9-71A6C99B8D58}.Release|Win32.ActiveCfg = Release|Win32
		{A66AE02D-E82B-3DF4-81F9-71A6C99B8D58}.Release|Win32.Build.0 = Release|Win32
		{A66AE02D-E82B-3DF4-81F9-71A6C99B8D58}.RelWithDebInfo|Win32.ActiveCfg = RelWithDebInfo|Win32
		{A66AE02D-E82B-3DF4-81F9-71A6C99B8D58}.RelWithDebInfo|Win32.Build.0 = RelWithDebInfo|Win32
		{A66AE02D-E82B-3DF4-81F9-71A6C99B8D58}.Debug|Win32.ActiveCfg = Debug|Win32
		{A66AE02D-E82B-3DF4-81F9-71A6C99B8D58}.Debug|Win32.Build.0 = Debug|Win32
	EndGlobalSection
	GlobalSection(ExtensibilityGlobals) = postSolution
		SolutionGuid = {C41C42D6-1817-3C87-BAEA-EF5A2D7D5B25}
	EndGlobalSection
	GlobalSection(ExtensibilityAddIns) = postSolution
	EndGlobalSection
EndGlobal
